// !$*UTF8*$!
{
	archiveVersion = 1;
	classes = {
	};
	objectVersion = 46;
	objects = {

/* Begin PBXBuildFile section */
		4C369EA01CBE57BB00CC9D45 /* AppDelegate.swift in Sources */ = {isa = PBXBuildFile; fileRef = 4C369E9F1CBE57BB00CC9D45 /* AppDelegate.swift */; };
		4C369EA21CBE57BB00CC9D45 /* ViewController.swift in Sources */ = {isa = PBXBuildFile; fileRef = 4C369EA11CBE57BB00CC9D45 /* ViewController.swift */; };
		4C369EA51CBE57BB00CC9D45 /* Main.storyboard in Resources */ = {isa = PBXBuildFile; fileRef = 4C369EA31CBE57BB00CC9D45 /* Main.storyboard */; };
		4C369EA71CBE57BB00CC9D45 /* Assets.xcassets in Resources */ = {isa = PBXBuildFile; fileRef = 4C369EA61CBE57BB00CC9D45 /* Assets.xcassets */; };
		4C369EAA1CBE57BB00CC9D45 /* LaunchScreen.storyboard in Resources */ = {isa = PBXBuildFile; fileRef = 4C369EA81CBE57BB00CC9D45 /* LaunchScreen.storyboard */; };
		4C369EB51CBE57BB00CC9D45 /* Project8_Swipe_To_Dismiss_KeyboardTests.swift in Sources */ = {isa = PBXBuildFile; fileRef = 4C369EB41CBE57BB00CC9D45 /* Project8_Swipe_To_Dismiss_KeyboardTests.swift */; };
		4C369EC01CBE57BB00CC9D45 /* Project8_Swipe_To_Dismiss_KeyboardUITests.swift in Sources */ = {isa = PBXBuildFile; fileRef = 4C369EBF1CBE57BB00CC9D45 /* Project8_Swipe_To_Dismiss_KeyboardUITests.swift */; };
/* End PBXBuildFile section */

/* Begin PBXContainerItemProxy section */
		4C369EB11CBE57BB00CC9D45 /* PBXContainerItemProxy */ = {
			isa = PBXContainerItemProxy;
			containerPortal = 4C369E941CBE57BB00CC9D45 /* Project object */;
			proxyType = 1;
			remoteGlobalIDString = 4C369E9B1CBE57BB00CC9D45;
			remoteInfo = "Project8-Swipe To Dismiss Keyboard";
		};
		4C369EBC1CBE57BB00CC9D45 /* PBXContainerItemProxy */ = {
			isa = PBXContainerItemProxy;
			containerPortal = 4C369E941CBE57BB00CC9D45 /* Project object */;
			proxyType = 1;
			remoteGlobalIDString = 4C369E9B1CBE57BB00CC9D45;
			remoteInfo = "Project8-Swipe To Dismiss Keyboard";
		};
/* End PBXContainerItemProxy section */

/* Begin PBXFileReference section */
		4C369E9C1CBE57BB00CC9D45 /* Project8-Swipe To Dismiss Keyboard.app */ = {isa = PBXFileReference; explicitFileType = wrapper.application; includeInIndex = 0; path = "Project8-Swipe To Dismiss Keyboard.app"; sourceTree = BUILT_PRODUCTS_DIR; };
		4C369E9F1CBE57BB00CC9D45 /* AppDelegate.swift */ = {isa = PBXFileReference; lastKnownFileType = sourcecode.swift; path = AppDelegate.swift; sourceTree = "<group>"; };
		4C369EA11CBE57BB00CC9D45 /* ViewController.swift */ = {isa = PBXFileReference; lastKnownFileType = sourcecode.swift; path = ViewController.swift; sourceTree = "<group>"; };
		4C369EA41CBE57BB00CC9D45 /* Base */ = {isa = PBXFileReference; lastKnownFileType = file.storyboard; name = Base; path = Base.lproj/Main.storyboard; sourceTree = "<group>"; };
		4C369EA61CBE57BB00CC9D45 /* Assets.xcassets */ = {isa = PBXFileReference; lastKnownFileType = folder.assetcatalog; path = Assets.xcassets; sourceTree = "<group>"; };
		4C369EA91CBE57BB00CC9D45 /* Base */ = {isa = PBXFileReference; lastKnownFileType = file.storyboard; name = Base; path = Base.lproj/LaunchScreen.storyboard; sourceTree = "<group>"; };
		4C369EAB1CBE57BB00CC9D45 /* Info.plist */ = {isa = PBXFileReference; lastKnownFileType = text.plist.xml; path = Info.plist; sourceTree = "<group>"; };
		4C369EB01CBE57BB00CC9D45 /* Project8-Swipe To Dismiss KeyboardTests.xctest */ = {isa = PBXFileReference; explicitFileType = wrapper.cfbundle; includeInIndex = 0; path = "Project8-Swipe To Dismiss KeyboardTests.xctest"; sourceTree = BUILT_PRODUCTS_DIR; };
		4C369EB41CBE57BB00CC9D45 /* Project8_Swipe_To_Dismiss_KeyboardTests.swift */ = {isa = PBXFileReference; lastKnownFileType = sourcecode.swift; path = Project8_Swipe_To_Dismiss_KeyboardTests.swift; sourceTree = "<group>"; };
		4C369EB61CBE57BB00CC9D45 /* Info.plist */ = {isa = PBXFileReference; lastKnownFileType = text.plist.xml; path = Info.plist; sourceTree = "<group>"; };
		4C369EBB1CBE57BB00CC9D45 /* Project8-Swipe To Dismiss KeyboardUITests.xctest */ = {isa = PBXFileReference; explicitFileType = wrapper.cfbundle; includeInIndex = 0; path = "Project8-Swipe To Dismiss KeyboardUITests.xctest"; sourceTree = BUILT_PRODUCTS_DIR; };
		4C369EBF1CBE57BB00CC9D45 /* Project8_Swipe_To_Dismiss_KeyboardUITests.swift */ = {isa = PBXFileReference; lastKnownFileType = sourcecode.swift; path = Project8_Swipe_To_Dismiss_KeyboardUITests.swift; sourceTree = "<group>"; };
		4C369EC11CBE57BB00CC9D45 /* Info.plist */ = {isa = PBXFileReference; lastKnownFileType = text.plist.xml; path = Info.plist; sourceTree = "<group>"; };
/* End PBXFileReference section */

/* Begin PBXFrameworksBuildPhase section */
		4C369E991CBE57BB00CC9D45 /* Frameworks */ = {
			isa = PBXFrameworksBuildPhase;
			buildActionMask = 2147483647;
			files = (
			);
			runOnlyForDeploymentPostprocessing = 0;
		};
		4C369EAD1CBE57BB00CC9D45 /* Frameworks */ = {
			isa = PBXFrameworksBuildPhase;
			buildActionMask = 2147483647;
			files = (
			);
			runOnlyForDeploymentPostprocessing = 0;
		};
		4C369EB81CBE57BB00CC9D45 /* Frameworks */ = {
			isa = PBXFrameworksBuildPhase;
			buildActionMask = 2147483647;
			files = (
			);
			runOnlyForDeploymentPostprocessing = 0;
		};
/* End PBXFrameworksBuildPhase section */

/* Begin PBXGroup section */
		4C369E931CBE57BB00CC9D45 = {
			isa = PBXGroup;
			children = (
				4C369E9E1CBE57BB00CC9D45 /* Project8-Swipe To Dismiss Keyboard */,
				4C369EB31CBE57BB00CC9D45 /* Project8-Swipe To Dismiss KeyboardTests */,
				4C369EBE1CBE57BB00CC9D45 /* Project8-Swipe To Dismiss KeyboardUITests */,
				4C369E9D1CBE57BB00CC9D45 /* Products */,
			);
			sourceTree = "<group>";
		};
		4C369E9D1CBE57BB00CC9D45 /* Products */ = {
			isa = PBXGroup;
			children = (
				4C369E9C1CBE57BB00CC9D45 /* Project8-Swipe To Dismiss Keyboard.app */,
				4C369EB01CBE57BB00CC9D45 /* Project8-Swipe To Dismiss KeyboardTests.xctest */,
				4C369EBB1CBE57BB00CC9D45 /* Project8-Swipe To Dismiss KeyboardUITests.xctest */,
			);
			name = Products;
			sourceTree = "<group>";
		};
		4C369E9E1CBE57BB00CC9D45 /* Project8-Swipe To Dismiss Keyboard */ = {
			isa = PBXGroup;
			children = (
				4C369E9F1CBE57BB00CC9D45 /* AppDelegate.swift */,
				4C369EA11CBE57BB00CC9D45 /* ViewController.swift */,
				4C369EA31CBE57BB00CC9D45 /* Main.storyboard */,
				4C369EA61CBE57BB00CC9D45 /* Assets.xcassets */,
				4C369EA81CBE57BB00CC9D45 /* LaunchScreen.storyboard */,
				4C369EAB1CBE57BB00CC9D45 /* Info.plist */,
			);
			path = "Project8-Swipe To Dismiss Keyboard";
			sourceTree = "<group>";
		};
		4C369EB31CBE57BB00CC9D45 /* Project8-Swipe To Dismiss KeyboardTests */ = {
			isa = PBXGroup;
			children = (
				4C369EB41CBE57BB00CC9D45 /* Project8_Swipe_To_Dismiss_KeyboardTests.swift */,
				4C369EB61CBE57BB00CC9D45 /* Info.plist */,
			);
			path = "Project8-Swipe To Dismiss KeyboardTests";
			sourceTree = "<group>";
		};
		4C369EBE1CBE57BB00CC9D45 /* Project8-Swipe To Dismiss KeyboardUITests */ = {
			isa = PBXGroup;
			children = (
				4C369EBF1CBE57BB00CC9D45 /* Project8_Swipe_To_Dismiss_KeyboardUITests.swift */,
				4C369EC11CBE57BB00CC9D45 /* Info.plist */,
			);
			path = "Project8-Swipe To Dismiss KeyboardUITests";
			sourceTree = "<group>";
		};
/* End PBXGroup section */

/* Begin PBXNativeTarget section */
		4C369E9B1CBE57BB00CC9D45 /* Project8-Swipe To Dismiss Keyboard */ = {
			isa = PBXNativeTarget;
			buildConfigurationList = 4C369EC41CBE57BB00CC9D45 /* Build configuration list for PBXNativeTarget "Project8-Swipe To Dismiss Keyboard" */;
			buildPhases = (
				4C369E981CBE57BB00CC9D45 /* Sources */,
				4C369E991CBE57BB00CC9D45 /* Frameworks */,
				4C369E9A1CBE57BB00CC9D45 /* Resources */,
			);
			buildRules = (
			);
			dependencies = (
			);
			name = "Project8-Swipe To Dismiss Keyboard";
			productName = "Project8-Swipe To Dismiss Keyboard";
			productReference = 4C369E9C1CBE57BB00CC9D45 /* Project8-Swipe To Dismiss Keyboard.app */;
			productType = "com.apple.product-type.application";
		};
		4C369EAF1CBE57BB00CC9D45 /* Project8-Swipe To Dismiss KeyboardTests */ = {
			isa = PBXNativeTarget;
			buildConfigurationList = 4C369EC71CBE57BB00CC9D45 /* Build configuration list for PBXNativeTarget "Project8-Swipe To Dismiss KeyboardTests" */;
			buildPhases = (
				4C369EAC1CBE57BB00CC9D45 /* Sources */,
				4C369EAD1CBE57BB00CC9D45 /* Frameworks */,
				4C369EAE1CBE57BB00CC9D45 /* Resources */,
			);
			buildRules = (
			);
			dependencies = (
				4C369EB21CBE57BB00CC9D45 /* PBXTargetDependency */,
			);
			name = "Project8-Swipe To Dismiss KeyboardTests";
			productName = "Project8-Swipe To Dismiss KeyboardTests";
			productReference = 4C369EB01CBE57BB00CC9D45 /* Project8-Swipe To Dismiss KeyboardTests.xctest */;
			productType = "com.apple.product-type.bundle.unit-test";
		};
		4C369EBA1CBE57BB00CC9D45 /* Project8-Swipe To Dismiss KeyboardUITests */ = {
			isa = PBXNativeTarget;
			buildConfigurationList = 4C369ECA1CBE57BB00CC9D45 /* Build configuration list for PBXNativeTarget "Project8-Swipe To Dismiss KeyboardUITests" */;
			buildPhases = (
				4C369EB71CBE57BB00CC9D45 /* Sources */,
				4C369EB81CBE57BB00CC9D45 /* Frameworks */,
				4C369EB91CBE57BB00CC9D45 /* Resources */,
			);
			buildRules = (
			);
			dependencies = (
				4C369EBD1CBE57BB00CC9D45 /* PBXTargetDependency */,
			);
			name = "Project8-Swipe To Dismiss KeyboardUITests";
			productName = "Project8-Swipe To Dismiss KeyboardUITests";
			productReference = 4C369EBB1CBE57BB00CC9D45 /* Project8-Swipe To Dismiss KeyboardUITests.xctest */;
			productType = "com.apple.product-type.bundle.ui-testing";
		};
/* End PBXNativeTarget section */

/* Begin PBXProject section */
		4C369E941CBE57BB00CC9D45 /* Project object */ = {
			isa = PBXProject;
			attributes = {
				LastSwiftUpdateCheck = 0730;
				LastUpgradeCheck = 0730;
				ORGANIZATIONNAME = "朱立焜";
				TargetAttributes = {
					4C369E9B1CBE57BB00CC9D45 = {
						CreatedOnToolsVersion = 7.3;
					};
					4C369EAF1CBE57BB00CC9D45 = {
						CreatedOnToolsVersion = 7.3;
						TestTargetID = 4C369E9B1CBE57BB00CC9D45;
					};
					4C369EBA1CBE57BB00CC9D45 = {
						CreatedOnToolsVersion = 7.3;
						TestTargetID = 4C369E9B1CBE57BB00CC9D45;
					};
				};
			};
			buildConfigurationList = 4C369E971CBE57BB00CC9D45 /* Build configuration list for PBXProject "Project8-Swipe To Dismiss Keyboard" */;
			compatibilityVersion = "Xcode 3.2";
			developmentRegion = English;
			hasScannedForEncodings = 0;
			knownRegions = (
				en,
				Base,
			);
			mainGroup = 4C369E931CBE57BB00CC9D45;
			productRefGroup = 4C369E9D1CBE57BB00CC9D45 /* Products */;
			projectDirPath = "";
			projectRoot = "";
			targets = (
				4C369E9B1CBE57BB00CC9D45 /* Project8-Swipe To Dismiss Keyboard */,
				4C369EAF1CBE57BB00CC9D45 /* Project8-Swipe To Dismiss KeyboardTests */,
				4C369EBA1CBE57BB00CC9D45 /* Project8-Swipe To Dismiss KeyboardUITests */,
			);
		};
/* End PBXProject section */

/* Begin PBXResourcesBuildPhase section */
		4C369E9A1CBE57BB00CC9D45 /* Resources */ = {
			isa = PBXResourcesBuildPhase;
			buildActionMask = 2147483647;
			files = (
				4C369EAA1CBE57BB00CC9D45 /* LaunchScreen.storyboard in Resources */,
				4C369EA71CBE57BB00CC9D45 /* Assets.xcassets in Resources */,
				4C369EA51CBE57BB00CC9D45 /* Main.storyboard in Resources */,
			);
			runOnlyForDeploymentPostprocessing = 0;
		};
		4C369EAE1CBE57BB00CC9D45 /* Resources */ = {
			isa = PBXResourcesBuildPhase;
			buildActionMask = 2147483647;
			files = (
			);
			runOnlyForDeploymentPostprocessing = 0;
		};
		4C369EB91CBE57BB00CC9D45 /* Resources */ = {
			isa = PBXResourcesBuildPhase;
			buildActionMask = 2147483647;
			files = (
			);
			runOnlyForDeploymentPostprocessing = 0;
		};
/* End PBXResourcesBuildPhase section */

/* Begin PBXSourcesBuildPhase section */
		4C369E981CBE57BB00CC9D45 /* Sources */ = {
			isa = PBXSourcesBuildPhase;
			buildActionMask = 2147483647;
			files = (
				4C369EA21CBE57BB00CC9D45 /* ViewController.swift in Sources */,
				4C369EA01CBE57BB00CC9D45 /* AppDelegate.swift in Sources */,
			);
			runOnlyForDeploymentPostprocessing = 0;
		};
		4C369EAC1CBE57BB00CC9D45 /* Sources */ = {
			isa = PBXSourcesBuildPhase;
			buildActionMask = 2147483647;
			files = (
				4C369EB51CBE57BB00CC9D45 /* Project8_Swipe_To_Dismiss_KeyboardTests.swift in Sources */,
			);
			runOnlyForDeploymentPostprocessing = 0;
		};
		4C369EB71CBE57BB00CC9D45 /* Sources */ = {
			isa = PBXSourcesBuildPhase;
			buildActionMask = 2147483647;
			files = (
				4C369EC01CBE57BB00CC9D45 /* Project8_Swipe_To_Dismiss_KeyboardUITests.swift in Sources */,
			);
			runOnlyForDeploymentPostprocessing = 0;
		};
/* End PBXSourcesBuildPhase section */

/* Begin PBXTargetDependency section */
		4C369EB21CBE57BB00CC9D45 /* PBXTargetDependency */ = {
			isa = PBXTargetDependency;
			target = 4C369E9B1CBE57BB00CC9D45 /* Project8-Swipe To Dismiss Keyboard */;
			targetProxy = 4C369EB11CBE57BB00CC9D45 /* PBXContainerItemProxy */;
		};
		4C369EBD1CBE57BB00CC9D45 /* PBXTargetDependency */ = {
			isa = PBXTargetDependency;
			target = 4C369E9B1CBE57BB00CC9D45 /* Project8-Swipe To Dismiss Keyboard */;
			targetProxy = 4C369EBC1CBE57BB00CC9D45 /* PBXContainerItemProxy */;
		};
/* End PBXTargetDependency section */

/* Begin PBXVariantGroup section */
		4C369EA31CBE57BB00CC9D45 /* Main.storyboard */ = {
			isa = PBXVariantGroup;
			children = (
				4C369EA41CBE57BB00CC9D45 /* Base */,
			);
			name = Main.storyboard;
			sourceTree = "<group>";
		};
		4C369EA81CBE57BB00CC9D45 /* LaunchScreen.storyboard */ = {
			isa = PBXVariantGroup;
			children = (
				4C369EA91CBE57BB00CC9D45 /* Base */,
			);
			name = LaunchScreen.storyboard;
			sourceTree = "<group>";
		};
/* End PBXVariantGroup section */

/* Begin XCBuildConfiguration section */
		4C369EC21CBE57BB00CC9D45 /* Debug */ = {
			isa = XCBuildConfiguration;
			buildSettings = {
				ALWAYS_SEARCH_USER_PATHS = NO;
				CLANG_ANALYZER_NONNULL = YES;
				CLANG_CXX_LANGUAGE_STANDARD = "gnu++0x";
				CLANG_CXX_LIBRARY = "libc++";
				CLANG_ENABLE_MODULES = YES;
				CLANG_ENABLE_OBJC_ARC = YES;
				CLANG_WARN_BOOL_CONVERSION = YES;
				CLANG_WARN_CONSTANT_CONVERSION = YES;
				CLANG_WARN_DIRECT_OBJC_ISA_USAGE = YES_ERROR;
				CLANG_WARN_EMPTY_BODY = YES;
				CLANG_WARN_ENUM_CONVERSION = YES;
				CLANG_WARN_INT_CONVERSION = YES;
				CLANG_WARN_OBJC_ROOT_CLASS = YES_ERROR;
				CLANG_WARN_UNREACHABLE_CODE = YES;
				CLANG_WARN__DUPLICATE_METHOD_MATCH = YES;
				"CODE_SIGN_IDENTITY[sdk=iphoneos*]" = "iPhone Developer";
				COPY_PHASE_STRIP = NO;
				DEBUG_INFORMATION_FORMAT = dwarf;
				ENABLE_STRICT_OBJC_MSGSEND = YES;
				ENABLE_TESTABILITY = YES;
				GCC_C_LANGUAGE_STANDARD = gnu99;
				GCC_DYNAMIC_NO_PIC = NO;
				GCC_NO_COMMON_BLOCKS = YES;
				GCC_OPTIMIZATION_LEVEL = 0;
				GCC_PREPROCESSOR_DEFINITIONS = (
					"DEBUG=1",
					"$(inherited)",
				);
				GCC_WARN_64_TO_32_BIT_CONVERSION = YES;
				GCC_WARN_ABOUT_RETURN_TYPE = YES_ERROR;
				GCC_WARN_UNDECLARED_SELECTOR = YES;
				GCC_WARN_UNINITIALIZED_AUTOS = YES_AGGRESSIVE;
				GCC_WARN_UNUSED_FUNCTION = YES;
				GCC_WARN_UNUSED_VARIABLE = YES;
				IPHONEOS_DEPLOYMENT_TARGET = 9.3;
				MTL_ENABLE_DEBUG_INFO = YES;
				ONLY_ACTIVE_ARCH = YES;
				SDKROOT = iphoneos;
				SWIFT_OPTIMIZATION_LEVEL = "-Onone";
				TARGETED_DEVICE_FAMILY = "1,2";
			};
			name = Debug;
		};
		4C369EC31CBE57BB00CC9D45 /* Release */ = {
			isa = XCBuildConfiguration;
			buildSettings = {
				ALWAYS_SEARCH_USER_PATHS = NO;
				CLANG_ANALYZER_NONNULL = YES;
				CLANG_CXX_LANGUAGE_STANDARD = "gnu++0x";
				CLANG_CXX_LIBRARY = "libc++";
				CLANG_ENABLE_MODULES = YES;
				CLANG_ENABLE_OBJC_ARC = YES;
				CLANG_WARN_BOOL_CONVERSION = YES;
				CLANG_WARN_CONSTANT_CONVERSION = YES;
				CLANG_WARN_DIRECT_OBJC_ISA_USAGE = YES_ERROR;
				CLANG_WARN_EMPTY_BODY = YES;
				CLANG_WARN_ENUM_CONVERSION = YES;
				CLANG_WARN_INT_CONVERSION = YES;
				CLANG_WARN_OBJC_ROOT_CLASS = YES_ERROR;
				CLANG_WARN_UNREACHABLE_CODE = YES;
				CLANG_WARN__DUPLICATE_METHOD_MATCH = YES;
				"CODE_SIGN_IDENTITY[sdk=iphoneos*]" = "iPhone Developer";
				COPY_PHASE_STRIP = NO;
				DEBUG_INFORMATION_FORMAT = "dwarf-with-dsym";
				ENABLE_NS_ASSERTIONS = NO;
				ENABLE_STRICT_OBJC_MSGSEND = YES;
				GCC_C_LANGUAGE_STANDARD = gnu99;
				GCC_NO_COMMON_BLOCKS = YES;
				GCC_WARN_64_TO_32_BIT_CONVERSION = YES;
				GCC_WARN_ABOUT_RETURN_TYPE = YES_ERROR;
				GCC_WARN_UNDECLARED_SELECTOR = YES;
				GCC_WARN_UNINITIALIZED_AUTOS = YES_AGGRESSIVE;
				GCC_WARN_UNUSED_FUNCTION = YES;
				GCC_WARN_UNUSED_VARIABLE = YES;
				IPHONEOS_DEPLOYMENT_TARGET = 9.3;
				MTL_ENABLE_DEBUG_INFO = NO;
				SDKROOT = iphoneos;
				TARGETED_DEVICE_FAMILY = "1,2";
				VALIDATE_PRODUCT = YES;
			};
			name = Release;
		};
		4C369EC51CBE57BB00CC9D45 /* Debug */ = {
			isa = XCBuildConfiguration;
			buildSettings = {
				ASSETCATALOG_COMPILER_APPICON_NAME = AppIcon;
				INFOPLIST_FILE = "Project8-Swipe To Dismiss Keyboard/Info.plist";
				LD_RUNPATH_SEARCH_PATHS = "$(inherited) @executable_path/Frameworks";
				PRODUCT_BUNDLE_IDENTIFIER = "com.zcill.Project8-Swipe-To-Dismiss-Keyboard";
				PRODUCT_NAME = "$(TARGET_NAME)";
			};
			name = Debug;
		};
		4C369EC61CBE57BB00CC9D45 /* Release */ = {
			isa = XCBuildConfiguration;
			buildSettings = {
				ASSETCATALOG_COMPILER_APPICON_NAME = AppIcon;
				INFOPLIST_FILE = "Project8-Swipe To Dismiss Keyboard/Info.plist";
				LD_RUNPATH_SEARCH_PATHS = "$(inherited) @executable_path/Frameworks";
				PRODUCT_BUNDLE_IDENTIFIER = "com.zcill.Project8-Swipe-To-Dismiss-Keyboard";
				PRODUCT_NAME = "$(TARGET_NAME)";
			};
			name = Release;
		};
		4C369EC81CBE57BB00CC9D45 /* Debug */ = {
			isa = XCBuildConfiguration;
			buildSettings = {
				BUNDLE_LOADER = "$(TEST_HOST)";
				INFOPLIST_FILE = "Project8-Swipe To Dismiss KeyboardTests/Info.plist";
				LD_RUNPATH_SEARCH_PATHS = "$(inherited) @executable_path/Frameworks @loader_path/Frameworks";
				PRODUCT_BUNDLE_IDENTIFIER = "com.zcill.Project8-Swipe-To-Dismiss-KeyboardTests";
				PRODUCT_NAME = "$(TARGET_NAME)";
				TEST_HOST = "$(BUILT_PRODUCTS_DIR)/Project8-Swipe To Dismiss Keyboard.app/Project8-Swipe To Dismiss Keyboard";
			};
			name = Debug;
		};
		4C369EC91CBE57BB00CC9D45 /* Release */ = {
			isa = XCBuildConfiguration;
			buildSettings = {
				BUNDLE_LOADER = "$(TEST_HOST)";
				INFOPLIST_FILE = "Project8-Swipe To Dismiss KeyboardTests/Info.plist";
				LD_RUNPATH_SEARCH_PATHS = "$(inherited) @executable_path/Frameworks @loader_path/Frameworks";
				PRODUCT_BUNDLE_IDENTIFIER = "com.zcill.Project8-Swipe-To-Dismiss-KeyboardTests";
				PRODUCT_NAME = "$(TARGET_NAME)";
				TEST_HOST = "$(BUILT_PRODUCTS_DIR)/Project8-Swipe To Dismiss Keyboard.app/Project8-Swipe To Dismiss Keyboard";
			};
			name = Release;
		};
		4C369ECB1CBE57BB00CC9D45 /* Debug */ = {
			isa = XCBuildConfiguration;
			buildSettings = {
				INFOPLIST_FILE = "Project8-Swipe To Dismiss KeyboardUITests/Info.plist";
				LD_RUNPATH_SEARCH_PATHS = "$(inherited) @executable_path/Frameworks @loader_path/Frameworks";
				PRODUCT_BUNDLE_IDENTIFIER = "com.zcill.Project8-Swipe-To-Dismiss-KeyboardUITests";
				PRODUCT_NAME = "$(TARGET_NAME)";
				TEST_TARGET_NAME = "Project8-Swipe To Dismiss Keyboard";
			};
			name = Debug;
		};
		4C369ECC1CBE57BB00CC9D45 /* Release */ = {
			isa = XCBuildConfiguration;
			buildSettings = {
				INFOPLIST_FILE = "Project8-Swipe To Dismiss KeyboardUITests/Info.plist";
				LD_RUNPATH_SEARCH_PATHS = "$(inherited) @executable_path/Frameworks @loader_path/Frameworks";
				PRODUCT_BUNDLE_IDENTIFIER = "com.zcill.Project8-Swipe-To-Dismiss-KeyboardUITests";
				PRODUCT_NAME = "$(TARGET_NAME)";
				TEST_TARGET_NAME = "Project8-Swipe To Dismiss Keyboard";
			};
			name = Release;
		};
/* End XCBuildConfiguration section */

/* Begin XCConfigurationList section */
		4C369E971CBE57BB00CC9D45 /* Build configuration list for PBXProject "Project8-Swipe To Dismiss Keyboard" */ = {
			isa = XCConfigurationList;
			buildConfigurations = (
				4C369EC21CBE57BB00CC9D45 /* Debug */,
				4C369EC31CBE57BB00CC9D45 /* Release */,
			);
			defaultConfigurationIsVisible = 0;
			defaultConfigurationName = Release;
		};
		4C369EC41CBE57BB00CC9D45 /* Build configuration list for PBXNativeTarget "Project8-Swipe To Dismiss Keyboard" */ = {
			isa = XCConfigurationList;
			buildConfigurations = (
				4C369EC51CBE57BB00CC9D45 /* Debug */,
				4C369EC61CBE57BB00CC9D45 /* Release */,
			);
			defaultConfigurationIsVisible = 0;
		};
		4C369EC71CBE57BB00CC9D45 /* Build configuration list for PBXNativeTarget "Project8-Swipe To Dismiss KeyboardTests" */ = {
			isa = XCConfigurationList;
			buildConfigurations = (
				4C369EC81CBE57BB00CC9D45 /* Debug */,
				4C369EC91CBE57BB00CC9D45 /* Release */,
			);
			defaultConfigurationIsVisible = 0;
		};
		4C369ECA1CBE57BB00CC9D45 /* Build configuration list for PBXNativeTarget "Project8-Swipe To Dismiss KeyboardUITests" */ = {
			isa = XCConfigurationList;
			buildConfigurations = (
				4C369ECB1CBE57BB00CC9D45 /* Debug */,
				4C369ECC1CBE57BB00CC9D45 /* Release */,
			);
			defaultConfigurationIsVisible = 0;
		};
/* End XCConfigurationList section */
	};
	rootObject = 4C369E941CBE57BB00CC9D45 /* Project object */;
}
