// !$*UTF8*$!
{
	archiveVersion = 1;
	classes = {
	};
	objectVersion = 46;
	objects = {

/* Begin PBXBuildFile section */
		4C5C00B01C75B82C003D5DB3 /* AppDelegate.swift in Sources */ = {isa = PBXBuildFile; fileRef = 4C5C00AF1C75B82C003D5DB3 /* AppDelegate.swift */; };
		4C5C00B21C75B82C003D5DB3 /* ViewController.swift in Sources */ = {isa = PBXBuildFile; fileRef = 4C5C00B11C75B82C003D5DB3 /* ViewController.swift */; };
		4C5C00B51C75B82C003D5DB3 /* Main.storyboard in Resources */ = {isa = PBXBuildFile; fileRef = 4C5C00B31C75B82C003D5DB3 /* Main.storyboard */; };
		4C5C00B71C75B82C003D5DB3 /* Assets.xcassets in Resources */ = {isa = PBXBuildFile; fileRef = 4C5C00B61C75B82C003D5DB3 /* Assets.xcassets */; };
		4C5C00BA1C75B82C003D5DB3 /* LaunchScreen.storyboard in Resources */ = {isa = PBXBuildFile; fileRef = 4C5C00B81C75B82C003D5DB3 /* LaunchScreen.storyboard */; };
		4C5C00C51C75B82C003D5DB3 /* Demo3_LocalPlayVideoTests.swift in Sources */ = {isa = PBXBuildFile; fileRef = 4C5C00C41C75B82C003D5DB3 /* Demo3_LocalPlayVideoTests.swift */; };
		4C5C00D01C75B82C003D5DB3 /* Demo3_LocalPlayVideoUITests.swift in Sources */ = {isa = PBXBuildFile; fileRef = 4C5C00CF1C75B82C003D5DB3 /* Demo3_LocalPlayVideoUITests.swift */; };
		4C5C00DE1C75B8F1003D5DB3 /* VideoCell.swift in Sources */ = {isa = PBXBuildFile; fileRef = 4C5C00DD1C75B8F1003D5DB3 /* VideoCell.swift */; };
		4C5C00E01C75BD13003D5DB3 /* emoji zone.mp4 in Resources */ = {isa = PBXBuildFile; fileRef = 4C5C00DF1C75BD13003D5DB3 /* emoji zone.mp4 */; };
/* End PBXBuildFile section */

/* Begin PBXContainerItemProxy section */
		4C5C00C11C75B82C003D5DB3 /* PBXContainerItemProxy */ = {
			isa = PBXContainerItemProxy;
			containerPortal = 4C5C00A41C75B82C003D5DB3 /* Project object */;
			proxyType = 1;
			remoteGlobalIDString = 4C5C00AB1C75B82C003D5DB3;
			remoteInfo = "Demo3-LocalPlayVideo";
		};
		4C5C00CC1C75B82C003D5DB3 /* PBXContainerItemProxy */ = {
			isa = PBXContainerItemProxy;
			containerPortal = 4C5C00A41C75B82C003D5DB3 /* Project object */;
			proxyType = 1;
			remoteGlobalIDString = 4C5C00AB1C75B82C003D5DB3;
			remoteInfo = "Demo3-LocalPlayVideo";
		};
/* End PBXContainerItemProxy section */

/* Begin PBXFileReference section */
		4C5C00AC1C75B82C003D5DB3 /* Demo3-LocalPlayVideo.app */ = {isa = PBXFileReference; explicitFileType = wrapper.application; includeInIndex = 0; path = "Demo3-LocalPlayVideo.app"; sourceTree = BUILT_PRODUCTS_DIR; };
		4C5C00AF1C75B82C003D5DB3 /* AppDelegate.swift */ = {isa = PBXFileReference; lastKnownFileType = sourcecode.swift; path = AppDelegate.swift; sourceTree = "<group>"; };
		4C5C00B11C75B82C003D5DB3 /* ViewController.swift */ = {isa = PBXFileReference; lastKnownFileType = sourcecode.swift; path = ViewController.swift; sourceTree = "<group>"; };
		4C5C00B41C75B82C003D5DB3 /* Base */ = {isa = PBXFileReference; lastKnownFileType = file.storyboard; name = Base; path = Base.lproj/Main.storyboard; sourceTree = "<group>"; };
		4C5C00B61C75B82C003D5DB3 /* Assets.xcassets */ = {isa = PBXFileReference; lastKnownFileType = folder.assetcatalog; path = Assets.xcassets; sourceTree = "<group>"; };
		4C5C00B91C75B82C003D5DB3 /* Base */ = {isa = PBXFileReference; lastKnownFileType = file.storyboard; name = Base; path = Base.lproj/LaunchScreen.storyboard; sourceTree = "<group>"; };
		4C5C00BB1C75B82C003D5DB3 /* Info.plist */ = {isa = PBXFileReference; lastKnownFileType = text.plist.xml; path = Info.plist; sourceTree = "<group>"; };
		4C5C00C01C75B82C003D5DB3 /* Demo3-LocalPlayVideoTests.xctest */ = {isa = PBXFileReference; explicitFileType = wrapper.cfbundle; includeInIndex = 0; path = "Demo3-LocalPlayVideoTests.xctest"; sourceTree = BUILT_PRODUCTS_DIR; };
		4C5C00C41C75B82C003D5DB3 /* Demo3_LocalPlayVideoTests.swift */ = {isa = PBXFileReference; lastKnownFileType = sourcecode.swift; path = Demo3_LocalPlayVideoTests.swift; sourceTree = "<group>"; };
		4C5C00C61C75B82C003D5DB3 /* Info.plist */ = {isa = PBXFileReference; lastKnownFileType = text.plist.xml; path = Info.plist; sourceTree = "<group>"; };
		4C5C00CB1C75B82C003D5DB3 /* Demo3-LocalPlayVideoUITests.xctest */ = {isa = PBXFileReference; explicitFileType = wrapper.cfbundle; includeInIndex = 0; path = "Demo3-LocalPlayVideoUITests.xctest"; sourceTree = BUILT_PRODUCTS_DIR; };
		4C5C00CF1C75B82C003D5DB3 /* Demo3_LocalPlayVideoUITests.swift */ = {isa = PBXFileReference; lastKnownFileType = sourcecode.swift; path = Demo3_LocalPlayVideoUITests.swift; sourceTree = "<group>"; };
		4C5C00D11C75B82C003D5DB3 /* Info.plist */ = {isa = PBXFileReference; lastKnownFileType = text.plist.xml; path = Info.plist; sourceTree = "<group>"; };
		4C5C00DD1C75B8F1003D5DB3 /* VideoCell.swift */ = {isa = PBXFileReference; fileEncoding = 4; lastKnownFileType = sourcecode.swift; path = VideoCell.swift; sourceTree = "<group>"; };
		4C5C00DF1C75BD13003D5DB3 /* emoji zone.mp4 */ = {isa = PBXFileReference; lastKnownFileType = file; path = "emoji zone.mp4"; sourceTree = "<group>"; };
/* End PBXFileReference section */

/* Begin PBXFrameworksBuildPhase section */
		4C5C00A91C75B82C003D5DB3 /* Frameworks */ = {
			isa = PBXFrameworksBuildPhase;
			buildActionMask = 2147483647;
			files = (
			);
			runOnlyForDeploymentPostprocessing = 0;
		};
		4C5C00BD1C75B82C003D5DB3 /* Frameworks */ = {
			isa = PBXFrameworksBuildPhase;
			buildActionMask = 2147483647;
			files = (
			);
			runOnlyForDeploymentPostprocessing = 0;
		};
		4C5C00C81C75B82C003D5DB3 /* Frameworks */ = {
			isa = PBXFrameworksBuildPhase;
			buildActionMask = 2147483647;
			files = (
			);
			runOnlyForDeploymentPostprocessing = 0;
		};
/* End PBXFrameworksBuildPhase section */

/* Begin PBXGroup section */
		4C5C00A31C75B82C003D5DB3 = {
			isa = PBXGroup;
			children = (
				4C5C00AE1C75B82C003D5DB3 /* Demo3-LocalPlayVideo */,
				4C5C00C31C75B82C003D5DB3 /* Demo3-LocalPlayVideoTests */,
				4C5C00CE1C75B82C003D5DB3 /* Demo3-LocalPlayVideoUITests */,
				4C5C00AD1C75B82C003D5DB3 /* Products */,
			);
			sourceTree = "<group>";
		};
		4C5C00AD1C75B82C003D5DB3 /* Products */ = {
			isa = PBXGroup;
			children = (
				4C5C00AC1C75B82C003D5DB3 /* Demo3-LocalPlayVideo.app */,
				4C5C00C01C75B82C003D5DB3 /* Demo3-LocalPlayVideoTests.xctest */,
				4C5C00CB1C75B82C003D5DB3 /* Demo3-LocalPlayVideoUITests.xctest */,
			);
			name = Products;
			sourceTree = "<group>";
		};
		4C5C00AE1C75B82C003D5DB3 /* Demo3-LocalPlayVideo */ = {
			isa = PBXGroup;
			children = (
				4C5C00AF1C75B82C003D5DB3 /* AppDelegate.swift */,
				4C5C00B11C75B82C003D5DB3 /* ViewController.swift */,
				4C5C00DD1C75B8F1003D5DB3 /* VideoCell.swift */,
				4C5C00DF1C75BD13003D5DB3 /* emoji zone.mp4 */,
				4C5C00B31C75B82C003D5DB3 /* Main.storyboard */,
				4C5C00B61C75B82C003D5DB3 /* Assets.xcassets */,
				4C5C00B81C75B82C003D5DB3 /* LaunchScreen.storyboard */,
				4C5C00BB1C75B82C003D5DB3 /* Info.plist */,
			);
			path = "Demo3-LocalPlayVideo";
			sourceTree = "<group>";
		};
		4C5C00C31C75B82C003D5DB3 /* Demo3-LocalPlayVideoTests */ = {
			isa = PBXGroup;
			children = (
				4C5C00C41C75B82C003D5DB3 /* Demo3_LocalPlayVideoTests.swift */,
				4C5C00C61C75B82C003D5DB3 /* Info.plist */,
			);
			path = "Demo3-LocalPlayVideoTests";
			sourceTree = "<group>";
		};
		4C5C00CE1C75B82C003D5DB3 /* Demo3-LocalPlayVideoUITests */ = {
			isa = PBXGroup;
			children = (
				4C5C00CF1C75B82C003D5DB3 /* Demo3_LocalPlayVideoUITests.swift */,
				4C5C00D11C75B82C003D5DB3 /* Info.plist */,
			);
			path = "Demo3-LocalPlayVideoUITests";
			sourceTree = "<group>";
		};
/* End PBXGroup section */

/* Begin PBXNativeTarget section */
		4C5C00AB1C75B82C003D5DB3 /* Demo3-LocalPlayVideo */ = {
			isa = PBXNativeTarget;
			buildConfigurationList = 4C5C00D41C75B82C003D5DB3 /* Build configuration list for PBXNativeTarget "Demo3-LocalPlayVideo" */;
			buildPhases = (
				4C5C00A81C75B82C003D5DB3 /* Sources */,
				4C5C00A91C75B82C003D5DB3 /* Frameworks */,
				4C5C00AA1C75B82C003D5DB3 /* Resources */,
			);
			buildRules = (
			);
			dependencies = (
			);
			name = "Demo3-LocalPlayVideo";
			productName = "Demo3-LocalPlayVideo";
			productReference = 4C5C00AC1C75B82C003D5DB3 /* Demo3-LocalPlayVideo.app */;
			productType = "com.apple.product-type.application";
		};
		4C5C00BF1C75B82C003D5DB3 /* Demo3-LocalPlayVideoTests */ = {
			isa = PBXNativeTarget;
			buildConfigurationList = 4C5C00D71C75B82C003D5DB3 /* Build configuration list for PBXNativeTarget "Demo3-LocalPlayVideoTests" */;
			buildPhases = (
				4C5C00BC1C75B82C003D5DB3 /* Sources */,
				4C5C00BD1C75B82C003D5DB3 /* Frameworks */,
				4C5C00BE1C75B82C003D5DB3 /* Resources */,
			);
			buildRules = (
			);
			dependencies = (
				4C5C00C21C75B82C003D5DB3 /* PBXTargetDependency */,
			);
			name = "Demo3-LocalPlayVideoTests";
			productName = "Demo3-LocalPlayVideoTests";
			productReference = 4C5C00C01C75B82C003D5DB3 /* Demo3-LocalPlayVideoTests.xctest */;
			productType = "com.apple.product-type.bundle.unit-test";
		};
		4C5C00CA1C75B82C003D5DB3 /* Demo3-LocalPlayVideoUITests */ = {
			isa = PBXNativeTarget;
			buildConfigurationList = 4C5C00DA1C75B82C003D5DB3 /* Build configuration list for PBXNativeTarget "Demo3-LocalPlayVideoUITests" */;
			buildPhases = (
				4C5C00C71C75B82C003D5DB3 /* Sources */,
				4C5C00C81C75B82C003D5DB3 /* Frameworks */,
				4C5C00C91C75B82C003D5DB3 /* Resources */,
			);
			buildRules = (
			);
			dependencies = (
				4C5C00CD1C75B82C003D5DB3 /* PBXTargetDependency */,
			);
			name = "Demo3-LocalPlayVideoUITests";
			productName = "Demo3-LocalPlayVideoUITests";
			productReference = 4C5C00CB1C75B82C003D5DB3 /* Demo3-LocalPlayVideoUITests.xctest */;
			productType = "com.apple.product-type.bundle.ui-testing";
		};
/* End PBXNativeTarget section */

/* Begin PBXProject section */
		4C5C00A41C75B82C003D5DB3 /* Project object */ = {
			isa = PBXProject;
			attributes = {
				LastSwiftUpdateCheck = 0720;
				LastUpgradeCheck = 0720;
				ORGANIZATIONNAME = "朱立焜";
				TargetAttributes = {
					4C5C00AB1C75B82C003D5DB3 = {
						CreatedOnToolsVersion = 7.2.1;
					};
					4C5C00BF1C75B82C003D5DB3 = {
						CreatedOnToolsVersion = 7.2.1;
						TestTargetID = 4C5C00AB1C75B82C003D5DB3;
					};
					4C5C00CA1C75B82C003D5DB3 = {
						CreatedOnToolsVersion = 7.2.1;
						TestTargetID = 4C5C00AB1C75B82C003D5DB3;
					};
				};
			};
			buildConfigurationList = 4C5C00A71C75B82C003D5DB3 /* Build configuration list for PBXProject "Demo3-LocalPlayVideo" */;
			compatibilityVersion = "Xcode 3.2";
			developmentRegion = English;
			hasScannedForEncodings = 0;
			knownRegions = (
				en,
				Base,
			);
			mainGroup = 4C5C00A31C75B82C003D5DB3;
			productRefGroup = 4C5C00AD1C75B82C003D5DB3 /* Products */;
			projectDirPath = "";
			projectRoot = "";
			targets = (
				4C5C00AB1C75B82C003D5DB3 /* Demo3-LocalPlayVideo */,
				4C5C00BF1C75B82C003D5DB3 /* Demo3-LocalPlayVideoTests */,
				4C5C00CA1C75B82C003D5DB3 /* Demo3-LocalPlayVideoUITests */,
			);
		};
/* End PBXProject section */

/* Begin PBXResourcesBuildPhase section */
		4C5C00AA1C75B82C003D5DB3 /* Resources */ = {
			isa = PBXResourcesBuildPhase;
			buildActionMask = 2147483647;
			files = (
				4C5C00BA1C75B82C003D5DB3 /* LaunchScreen.storyboard in Resources */,
				4C5C00E01C75BD13003D5DB3 /* emoji zone.mp4 in Resources */,
				4C5C00B71C75B82C003D5DB3 /* Assets.xcassets in Resources */,
				4C5C00B51C75B82C003D5DB3 /* Main.storyboard in Resources */,
			);
			runOnlyForDeploymentPostprocessing = 0;
		};
		4C5C00BE1C75B82C003D5DB3 /* Resources */ = {
			isa = PBXResourcesBuildPhase;
			buildActionMask = 2147483647;
			files = (
			);
			runOnlyForDeploymentPostprocessing = 0;
		};
		4C5C00C91C75B82C003D5DB3 /* Resources */ = {
			isa = PBXResourcesBuildPhase;
			buildActionMask = 2147483647;
			files = (
			);
			runOnlyForDeploymentPostprocessing = 0;
		};
/* End PBXResourcesBuildPhase section */

/* Begin PBXSourcesBuildPhase section */
		4C5C00A81C75B82C003D5DB3 /* Sources */ = {
			isa = PBXSourcesBuildPhase;
			buildActionMask = 2147483647;
			files = (
				4C5C00B21C75B82C003D5DB3 /* ViewController.swift in Sources */,
				4C5C00B01C75B82C003D5DB3 /* AppDelegate.swift in Sources */,
				4C5C00DE1C75B8F1003D5DB3 /* VideoCell.swift in Sources */,
			);
			runOnlyForDeploymentPostprocessing = 0;
		};
		4C5C00BC1C75B82C003D5DB3 /* Sources */ = {
			isa = PBXSourcesBuildPhase;
			buildActionMask = 2147483647;
			files = (
				4C5C00C51C75B82C003D5DB3 /* Demo3_LocalPlayVideoTests.swift in Sources */,
			);
			runOnlyForDeploymentPostprocessing = 0;
		};
		4C5C00C71C75B82C003D5DB3 /* Sources */ = {
			isa = PBXSourcesBuildPhase;
			buildActionMask = 2147483647;
			files = (
				4C5C00D01C75B82C003D5DB3 /* Demo3_LocalPlayVideoUITests.swift in Sources */,
			);
			runOnlyForDeploymentPostprocessing = 0;
		};
/* End PBXSourcesBuildPhase section */

/* Begin PBXTargetDependency section */
		4C5C00C21C75B82C003D5DB3 /* PBXTargetDependency */ = {
			isa = PBXTargetDependency;
			target = 4C5C00AB1C75B82C003D5DB3 /* Demo3-LocalPlayVideo */;
			targetProxy = 4C5C00C11C75B82C003D5DB3 /* PBXContainerItemProxy */;
		};
		4C5C00CD1C75B82C003D5DB3 /* PBXTargetDependency */ = {
			isa = PBXTargetDependency;
			target = 4C5C00AB1C75B82C003D5DB3 /* Demo3-LocalPlayVideo */;
			targetProxy = 4C5C00CC1C75B82C003D5DB3 /* PBXContainerItemProxy */;
		};
/* End PBXTargetDependency section */

/* Begin PBXVariantGroup section */
		4C5C00B31C75B82C003D5DB3 /* Main.storyboard */ = {
			isa = PBXVariantGroup;
			children = (
				4C5C00B41C75B82C003D5DB3 /* Base */,
			);
			name = Main.storyboard;
			sourceTree = "<group>";
		};
		4C5C00B81C75B82C003D5DB3 /* LaunchScreen.storyboard */ = {
			isa = PBXVariantGroup;
			children = (
				4C5C00B91C75B82C003D5DB3 /* Base */,
			);
			name = LaunchScreen.storyboard;
			sourceTree = "<group>";
		};
/* End PBXVariantGroup section */

/* Begin XCBuildConfiguration section */
		4C5C00D21C75B82C003D5DB3 /* Debug */ = {
			isa = XCBuildConfiguration;
			buildSettings = {
				ALWAYS_SEARCH_USER_PATHS = NO;
				CLANG_CXX_LANGUAGE_STANDARD = "gnu++0x";
				CLANG_CXX_LIBRARY = "libc++";
				CLANG_ENABLE_MODULES = YES;
				CLANG_ENABLE_OBJC_ARC = YES;
				CLANG_WARN_BOOL_CONVERSION = YES;
				CLANG_WARN_CONSTANT_CONVERSION = YES;
				CLANG_WARN_DIRECT_OBJC_ISA_USAGE = YES_ERROR;
				CLANG_WARN_EMPTY_BODY = YES;
				CLANG_WARN_ENUM_CONVERSION = YES;
				CLANG_WARN_INT_CONVERSION = YES;
				CLANG_WARN_OBJC_ROOT_CLASS = YES_ERROR;
				CLANG_WARN_UNREACHABLE_CODE = YES;
				CLANG_WARN__DUPLICATE_METHOD_MATCH = YES;
				"CODE_SIGN_IDENTITY[sdk=iphoneos*]" = "iPhone Developer";
				COPY_PHASE_STRIP = NO;
				DEBUG_INFORMATION_FORMAT = dwarf;
				ENABLE_STRICT_OBJC_MSGSEND = YES;
				ENABLE_TESTABILITY = YES;
				GCC_C_LANGUAGE_STANDARD = gnu99;
				GCC_DYNAMIC_NO_PIC = NO;
				GCC_NO_COMMON_BLOCKS = YES;
				GCC_OPTIMIZATION_LEVEL = 0;
				GCC_PREPROCESSOR_DEFINITIONS = (
					"DEBUG=1",
					"$(inherited)",
				);
				GCC_WARN_64_TO_32_BIT_CONVERSION = YES;
				GCC_WARN_ABOUT_RETURN_TYPE = YES_ERROR;
				GCC_WARN_UNDECLARED_SELECTOR = YES;
				GCC_WARN_UNINITIALIZED_AUTOS = YES_AGGRESSIVE;
				GCC_WARN_UNUSED_FUNCTION = YES;
				GCC_WARN_UNUSED_VARIABLE = YES;
				IPHONEOS_DEPLOYMENT_TARGET = 9.2;
				MTL_ENABLE_DEBUG_INFO = YES;
				ONLY_ACTIVE_ARCH = YES;
				SDKROOT = iphoneos;
				SWIFT_OPTIMIZATION_LEVEL = "-Onone";
			};
			name = Debug;
		};
		4C5C00D31C75B82C003D5DB3 /* Release */ = {
			isa = XCBuildConfiguration;
			buildSettings = {
				ALWAYS_SEARCH_USER_PATHS = NO;
				CLANG_CXX_LANGUAGE_STANDARD = "gnu++0x";
				CLANG_CXX_LIBRARY = "libc++";
				CLANG_ENABLE_MODULES = YES;
				CLANG_ENABLE_OBJC_ARC = YES;
				CLANG_WARN_BOOL_CONVERSION = YES;
				CLANG_WARN_CONSTANT_CONVERSION = YES;
				CLANG_WARN_DIRECT_OBJC_ISA_USAGE = YES_ERROR;
				CLANG_WARN_EMPTY_BODY = YES;
				CLANG_WARN_ENUM_CONVERSION = YES;
				CLANG_WARN_INT_CONVERSION = YES;
				CLANG_WARN_OBJC_ROOT_CLASS = YES_ERROR;
				CLANG_WARN_UNREACHABLE_CODE = YES;
				CLANG_WARN__DUPLICATE_METHOD_MATCH = YES;
				"CODE_SIGN_IDENTITY[sdk=iphoneos*]" = "iPhone Developer";
				COPY_PHASE_STRIP = NO;
				DEBUG_INFORMATION_FORMAT = "dwarf-with-dsym";
				ENABLE_NS_ASSERTIONS = NO;
				ENABLE_STRICT_OBJC_MSGSEND = YES;
				GCC_C_LANGUAGE_STANDARD = gnu99;
				GCC_NO_COMMON_BLOCKS = YES;
				GCC_WARN_64_TO_32_BIT_CONVERSION = YES;
				GCC_WARN_ABOUT_RETURN_TYPE = YES_ERROR;
				GCC_WARN_UNDECLARED_SELECTOR = YES;
				GCC_WARN_UNINITIALIZED_AUTOS = YES_AGGRESSIVE;
				GCC_WARN_UNUSED_FUNCTION = YES;
				GCC_WARN_UNUSED_VARIABLE = YES;
				IPHONEOS_DEPLOYMENT_TARGET = 9.2;
				MTL_ENABLE_DEBUG_INFO = NO;
				SDKROOT = iphoneos;
				VALIDATE_PRODUCT = YES;
			};
			name = Release;
		};
		4C5C00D51C75B82C003D5DB3 /* Debug */ = {
			isa = XCBuildConfiguration;
			buildSettings = {
				ASSETCATALOG_COMPILER_APPICON_NAME = AppIcon;
				INFOPLIST_FILE = "Demo3-LocalPlayVideo/Info.plist";
				LD_RUNPATH_SEARCH_PATHS = "$(inherited) @executable_path/Frameworks";
				PRODUCT_BUNDLE_IDENTIFIER = "com.zcill.Demo3-LocalPlayVideo";
				PRODUCT_NAME = "$(TARGET_NAME)";
			};
			name = Debug;
		};
		4C5C00D61C75B82C003D5DB3 /* Release */ = {
			isa = XCBuildConfiguration;
			buildSettings = {
				ASSETCATALOG_COMPILER_APPICON_NAME = AppIcon;
				INFOPLIST_FILE = "Demo3-LocalPlayVideo/Info.plist";
				LD_RUNPATH_SEARCH_PATHS = "$(inherited) @executable_path/Frameworks";
				PRODUCT_BUNDLE_IDENTIFIER = "com.zcill.Demo3-LocalPlayVideo";
				PRODUCT_NAME = "$(TARGET_NAME)";
			};
			name = Release;
		};
		4C5C00D81C75B82C003D5DB3 /* Debug */ = {
			isa = XCBuildConfiguration;
			buildSettings = {
				BUNDLE_LOADER = "$(TEST_HOST)";
				INFOPLIST_FILE = "Demo3-LocalPlayVideoTests/Info.plist";
				LD_RUNPATH_SEARCH_PATHS = "$(inherited) @executable_path/Frameworks @loader_path/Frameworks";
				PRODUCT_BUNDLE_IDENTIFIER = "com.zcill.Demo3-LocalPlayVideoTests";
				PRODUCT_NAME = "$(TARGET_NAME)";
				TEST_HOST = "$(BUILT_PRODUCTS_DIR)/Demo3-LocalPlayVideo.app/Demo3-LocalPlayVideo";
			};
			name = Debug;
		};
		4C5C00D91C75B82C003D5DB3 /* Release */ = {
			isa = XCBuildConfiguration;
			buildSettings = {
				BUNDLE_LOADER = "$(TEST_HOST)";
				INFOPLIST_FILE = "Demo3-LocalPlayVideoTests/Info.plist";
				LD_RUNPATH_SEARCH_PATHS = "$(inherited) @executable_path/Frameworks @loader_path/Frameworks";
				PRODUCT_BUNDLE_IDENTIFIER = "com.zcill.Demo3-LocalPlayVideoTests";
				PRODUCT_NAME = "$(TARGET_NAME)";
				TEST_HOST = "$(BUILT_PRODUCTS_DIR)/Demo3-LocalPlayVideo.app/Demo3-LocalPlayVideo";
			};
			name = Release;
		};
		4C5C00DB1C75B82C003D5DB3 /* Debug */ = {
			isa = XCBuildConfiguration;
			buildSettings = {
				INFOPLIST_FILE = "Demo3-LocalPlayVideoUITests/Info.plist";
				LD_RUNPATH_SEARCH_PATHS = "$(inherited) @executable_path/Frameworks @loader_path/Frameworks";
				PRODUCT_BUNDLE_IDENTIFIER = "com.zcill.Demo3-LocalPlayVideoUITests";
				PRODUCT_NAME = "$(TARGET_NAME)";
				TEST_TARGET_NAME = "Demo3-LocalPlayVideo";
				USES_XCTRUNNER = YES;
			};
			name = Debug;
		};
		4C5C00DC1C75B82C003D5DB3 /* Release */ = {
			isa = XCBuildConfiguration;
			buildSettings = {
				INFOPLIST_FILE = "Demo3-LocalPlayVideoUITests/Info.plist";
				LD_RUNPATH_SEARCH_PATHS = "$(inherited) @executable_path/Frameworks @loader_path/Frameworks";
				PRODUCT_BUNDLE_IDENTIFIER = "com.zcill.Demo3-LocalPlayVideoUITests";
				PRODUCT_NAME = "$(TARGET_NAME)";
				TEST_TARGET_NAME = "Demo3-LocalPlayVideo";
				USES_XCTRUNNER = YES;
			};
			name = Release;
		};
/* End XCBuildConfiguration section */

/* Begin XCConfigurationList section */
		4C5C00A71C75B82C003D5DB3 /* Build configuration list for PBXProject "Demo3-LocalPlayVideo" */ = {
			isa = XCConfigurationList;
			buildConfigurations = (
				4C5C00D21C75B82C003D5DB3 /* Debug */,
				4C5C00D31C75B82C003D5DB3 /* Release */,
			);
			defaultConfigurationIsVisible = 0;
			defaultConfigurationName = Release;
		};
		4C5C00D41C75B82C003D5DB3 /* Build configuration list for PBXNativeTarget "Demo3-LocalPlayVideo" */ = {
			isa = XCConfigurationList;
			buildConfigurations = (
				4C5C00D51C75B82C003D5DB3 /* Debug */,
				4C5C00D61C75B82C003D5DB3 /* Release */,
			);
			defaultConfigurationIsVisible = 0;
		};
		4C5C00D71C75B82C003D5DB3 /* Build configuration list for PBXNativeTarget "Demo3-LocalPlayVideoTests" */ = {
			isa = XCConfigurationList;
			buildConfigurations = (
				4C5C00D81C75B82C003D5DB3 /* Debug */,
				4C5C00D91C75B82C003D5DB3 /* Release */,
			);
			defaultConfigurationIsVisible = 0;
		};
		4C5C00DA1C75B82C003D5DB3 /* Build configuration list for PBXNativeTarget "Demo3-LocalPlayVideoUITests" */ = {
			isa = XCConfigurationList;
			buildConfigurations = (
				4C5C00DB1C75B82C003D5DB3 /* Debug */,
				4C5C00DC1C75B82C003D5DB3 /* Release */,
			);
			defaultConfigurationIsVisible = 0;
		};
/* End XCConfigurationList section */
	};
	rootObject = 4C5C00A41C75B82C003D5DB3 /* Project object */;
}
