// !$*UTF8*$!
{
	archiveVersion = 1;
	classes = {
	};
	objectVersion = 46;
	objects = {

/* Begin PBXBuildFile section */
		4C369E2A1CBE374300CC9D45 /* AppDelegate.swift in Sources */ = {isa = PBXBuildFile; fileRef = 4C369E291CBE374300CC9D45 /* AppDelegate.swift */; };
		4C369E2C1CBE374300CC9D45 /* ViewController.swift in Sources */ = {isa = PBXBuildFile; fileRef = 4C369E2B1CBE374300CC9D45 /* ViewController.swift */; };
		4C369E2F1CBE374300CC9D45 /* Main.storyboard in Resources */ = {isa = PBXBuildFile; fileRef = 4C369E2D1CBE374300CC9D45 /* Main.storyboard */; };
		4C369E311CBE374300CC9D45 /* Assets.xcassets in Resources */ = {isa = PBXBuildFile; fileRef = 4C369E301CBE374300CC9D45 /* Assets.xcassets */; };
		4C369E341CBE374300CC9D45 /* LaunchScreen.storyboard in Resources */ = {isa = PBXBuildFile; fileRef = 4C369E321CBE374300CC9D45 /* LaunchScreen.storyboard */; };
		4C369E3F1CBE374300CC9D45 /* Project6_Getting_Current_Date_And_TimeTests.swift in Sources */ = {isa = PBXBuildFile; fileRef = 4C369E3E1CBE374300CC9D45 /* Project6_Getting_Current_Date_And_TimeTests.swift */; };
		4C369E4A1CBE374300CC9D45 /* Project6_Getting_Current_Date_And_TimeUITests.swift in Sources */ = {isa = PBXBuildFile; fileRef = 4C369E491CBE374300CC9D45 /* Project6_Getting_Current_Date_And_TimeUITests.swift */; };
/* End PBXBuildFile section */

/* Begin PBXContainerItemProxy section */
		4C369E3B1CBE374300CC9D45 /* PBXContainerItemProxy */ = {
			isa = PBXContainerItemProxy;
			containerPortal = 4C369E1E1CBE374300CC9D45 /* Project object */;
			proxyType = 1;
			remoteGlobalIDString = 4C369E251CBE374300CC9D45;
			remoteInfo = "Project6-Getting Current Date And Time";
		};
		4C369E461CBE374300CC9D45 /* PBXContainerItemProxy */ = {
			isa = PBXContainerItemProxy;
			containerPortal = 4C369E1E1CBE374300CC9D45 /* Project object */;
			proxyType = 1;
			remoteGlobalIDString = 4C369E251CBE374300CC9D45;
			remoteInfo = "Project6-Getting Current Date And Time";
		};
/* End PBXContainerItemProxy section */

/* Begin PBXFileReference section */
		4C369E261CBE374300CC9D45 /* Project6-Getting Current Date And Time.app */ = {isa = PBXFileReference; explicitFileType = wrapper.application; includeInIndex = 0; path = "Project6-Getting Current Date And Time.app"; sourceTree = BUILT_PRODUCTS_DIR; };
		4C369E291CBE374300CC9D45 /* AppDelegate.swift */ = {isa = PBXFileReference; lastKnownFileType = sourcecode.swift; path = AppDelegate.swift; sourceTree = "<group>"; };
		4C369E2B1CBE374300CC9D45 /* ViewController.swift */ = {isa = PBXFileReference; lastKnownFileType = sourcecode.swift; path = ViewController.swift; sourceTree = "<group>"; };
		4C369E2E1CBE374300CC9D45 /* Base */ = {isa = PBXFileReference; lastKnownFileType = file.storyboard; name = Base; path = Base.lproj/Main.storyboard; sourceTree = "<group>"; };
		4C369E301CBE374300CC9D45 /* Assets.xcassets */ = {isa = PBXFileReference; lastKnownFileType = folder.assetcatalog; path = Assets.xcassets; sourceTree = "<group>"; };
		4C369E331CBE374300CC9D45 /* Base */ = {isa = PBXFileReference; lastKnownFileType = file.storyboard; name = Base; path = Base.lproj/LaunchScreen.storyboard; sourceTree = "<group>"; };
		4C369E351CBE374300CC9D45 /* Info.plist */ = {isa = PBXFileReference; lastKnownFileType = text.plist.xml; path = Info.plist; sourceTree = "<group>"; };
		4C369E3A1CBE374300CC9D45 /* Project6-Getting Current Date And TimeTests.xctest */ = {isa = PBXFileReference; explicitFileType = wrapper.cfbundle; includeInIndex = 0; path = "Project6-Getting Current Date And TimeTests.xctest"; sourceTree = BUILT_PRODUCTS_DIR; };
		4C369E3E1CBE374300CC9D45 /* Project6_Getting_Current_Date_And_TimeTests.swift */ = {isa = PBXFileReference; lastKnownFileType = sourcecode.swift; path = Project6_Getting_Current_Date_And_TimeTests.swift; sourceTree = "<group>"; };
		4C369E401CBE374300CC9D45 /* Info.plist */ = {isa = PBXFileReference; lastKnownFileType = text.plist.xml; path = Info.plist; sourceTree = "<group>"; };
		4C369E451CBE374300CC9D45 /* Project6-Getting Current Date And TimeUITests.xctest */ = {isa = PBXFileReference; explicitFileType = wrapper.cfbundle; includeInIndex = 0; path = "Project6-Getting Current Date And TimeUITests.xctest"; sourceTree = BUILT_PRODUCTS_DIR; };
		4C369E491CBE374300CC9D45 /* Project6_Getting_Current_Date_And_TimeUITests.swift */ = {isa = PBXFileReference; lastKnownFileType = sourcecode.swift; path = Project6_Getting_Current_Date_And_TimeUITests.swift; sourceTree = "<group>"; };
		4C369E4B1CBE374300CC9D45 /* Info.plist */ = {isa = PBXFileReference; lastKnownFileType = text.plist.xml; path = Info.plist; sourceTree = "<group>"; };
/* End PBXFileReference section */

/* Begin PBXFrameworksBuildPhase section */
		4C369E231CBE374300CC9D45 /* Frameworks */ = {
			isa = PBXFrameworksBuildPhase;
			buildActionMask = 2147483647;
			files = (
			);
			runOnlyForDeploymentPostprocessing = 0;
		};
		4C369E371CBE374300CC9D45 /* Frameworks */ = {
			isa = PBXFrameworksBuildPhase;
			buildActionMask = 2147483647;
			files = (
			);
			runOnlyForDeploymentPostprocessing = 0;
		};
		4C369E421CBE374300CC9D45 /* Frameworks */ = {
			isa = PBXFrameworksBuildPhase;
			buildActionMask = 2147483647;
			files = (
			);
			runOnlyForDeploymentPostprocessing = 0;
		};
/* End PBXFrameworksBuildPhase section */

/* Begin PBXGroup section */
		4C369E1D1CBE374300CC9D45 = {
			isa = PBXGroup;
			children = (
				4C369E281CBE374300CC9D45 /* Project6-Getting Current Date And Time */,
				4C369E3D1CBE374300CC9D45 /* Project6-Getting Current Date And TimeTests */,
				4C369E481CBE374300CC9D45 /* Project6-Getting Current Date And TimeUITests */,
				4C369E271CBE374300CC9D45 /* Products */,
			);
			sourceTree = "<group>";
		};
		4C369E271CBE374300CC9D45 /* Products */ = {
			isa = PBXGroup;
			children = (
				4C369E261CBE374300CC9D45 /* Project6-Getting Current Date And Time.app */,
				4C369E3A1CBE374300CC9D45 /* Project6-Getting Current Date And TimeTests.xctest */,
				4C369E451CBE374300CC9D45 /* Project6-Getting Current Date And TimeUITests.xctest */,
			);
			name = Products;
			sourceTree = "<group>";
		};
		4C369E281CBE374300CC9D45 /* Project6-Getting Current Date And Time */ = {
			isa = PBXGroup;
			children = (
				4C369E291CBE374300CC9D45 /* AppDelegate.swift */,
				4C369E2B1CBE374300CC9D45 /* ViewController.swift */,
				4C369E2D1CBE374300CC9D45 /* Main.storyboard */,
				4C369E301CBE374300CC9D45 /* Assets.xcassets */,
				4C369E321CBE374300CC9D45 /* LaunchScreen.storyboard */,
				4C369E351CBE374300CC9D45 /* Info.plist */,
			);
			path = "Project6-Getting Current Date And Time";
			sourceTree = "<group>";
		};
		4C369E3D1CBE374300CC9D45 /* Project6-Getting Current Date And TimeTests */ = {
			isa = PBXGroup;
			children = (
				4C369E3E1CBE374300CC9D45 /* Project6_Getting_Current_Date_And_TimeTests.swift */,
				4C369E401CBE374300CC9D45 /* Info.plist */,
			);
			path = "Project6-Getting Current Date And TimeTests";
			sourceTree = "<group>";
		};
		4C369E481CBE374300CC9D45 /* Project6-Getting Current Date And TimeUITests */ = {
			isa = PBXGroup;
			children = (
				4C369E491CBE374300CC9D45 /* Project6_Getting_Current_Date_And_TimeUITests.swift */,
				4C369E4B1CBE374300CC9D45 /* Info.plist */,
			);
			path = "Project6-Getting Current Date And TimeUITests";
			sourceTree = "<group>";
		};
/* End PBXGroup section */

/* Begin PBXNativeTarget section */
		4C369E251CBE374300CC9D45 /* Project6-Getting Current Date And Time */ = {
			isa = PBXNativeTarget;
			buildConfigurationList = 4C369E4E1CBE374300CC9D45 /* Build configuration list for PBXNativeTarget "Project6-Getting Current Date And Time" */;
			buildPhases = (
				4C369E221CBE374300CC9D45 /* Sources */,
				4C369E231CBE374300CC9D45 /* Frameworks */,
				4C369E241CBE374300CC9D45 /* Resources */,
			);
			buildRules = (
			);
			dependencies = (
			);
			name = "Project6-Getting Current Date And Time";
			productName = "Project6-Getting Current Date And Time";
			productReference = 4C369E261CBE374300CC9D45 /* Project6-Getting Current Date And Time.app */;
			productType = "com.apple.product-type.application";
		};
		4C369E391CBE374300CC9D45 /* Project6-Getting Current Date And TimeTests */ = {
			isa = PBXNativeTarget;
			buildConfigurationList = 4C369E511CBE374300CC9D45 /* Build configuration list for PBXNativeTarget "Project6-Getting Current Date And TimeTests" */;
			buildPhases = (
				4C369E361CBE374300CC9D45 /* Sources */,
				4C369E371CBE374300CC9D45 /* Frameworks */,
				4C369E381CBE374300CC9D45 /* Resources */,
			);
			buildRules = (
			);
			dependencies = (
				4C369E3C1CBE374300CC9D45 /* PBXTargetDependency */,
			);
			name = "Project6-Getting Current Date And TimeTests";
			productName = "Project6-Getting Current Date And TimeTests";
			productReference = 4C369E3A1CBE374300CC9D45 /* Project6-Getting Current Date And TimeTests.xctest */;
			productType = "com.apple.product-type.bundle.unit-test";
		};
		4C369E441CBE374300CC9D45 /* Project6-Getting Current Date And TimeUITests */ = {
			isa = PBXNativeTarget;
			buildConfigurationList = 4C369E541CBE374300CC9D45 /* Build configuration list for PBXNativeTarget "Project6-Getting Current Date And TimeUITests" */;
			buildPhases = (
				4C369E411CBE374300CC9D45 /* Sources */,
				4C369E421CBE374300CC9D45 /* Frameworks */,
				4C369E431CBE374300CC9D45 /* Resources */,
			);
			buildRules = (
			);
			dependencies = (
				4C369E471CBE374300CC9D45 /* PBXTargetDependency */,
			);
			name = "Project6-Getting Current Date And TimeUITests";
			productName = "Project6-Getting Current Date And TimeUITests";
			productReference = 4C369E451CBE374300CC9D45 /* Project6-Getting Current Date And TimeUITests.xctest */;
			productType = "com.apple.product-type.bundle.ui-testing";
		};
/* End PBXNativeTarget section */

/* Begin PBXProject section */
		4C369E1E1CBE374300CC9D45 /* Project object */ = {
			isa = PBXProject;
			attributes = {
				LastSwiftUpdateCheck = 0730;
				LastUpgradeCheck = 0730;
				ORGANIZATIONNAME = "朱立焜";
				TargetAttributes = {
					4C369E251CBE374300CC9D45 = {
						CreatedOnToolsVersion = 7.3;
					};
					4C369E391CBE374300CC9D45 = {
						CreatedOnToolsVersion = 7.3;
						TestTargetID = 4C369E251CBE374300CC9D45;
					};
					4C369E441CBE374300CC9D45 = {
						CreatedOnToolsVersion = 7.3;
						TestTargetID = 4C369E251CBE374300CC9D45;
					};
				};
			};
			buildConfigurationList = 4C369E211CBE374300CC9D45 /* Build configuration list for PBXProject "Project6-Getting Current Date And Time" */;
			compatibilityVersion = "Xcode 3.2";
			developmentRegion = English;
			hasScannedForEncodings = 0;
			knownRegions = (
				en,
				Base,
			);
			mainGroup = 4C369E1D1CBE374300CC9D45;
			productRefGroup = 4C369E271CBE374300CC9D45 /* Products */;
			projectDirPath = "";
			projectRoot = "";
			targets = (
				4C369E251CBE374300CC9D45 /* Project6-Getting Current Date And Time */,
				4C369E391CBE374300CC9D45 /* Project6-Getting Current Date And TimeTests */,
				4C369E441CBE374300CC9D45 /* Project6-Getting Current Date And TimeUITests */,
			);
		};
/* End PBXProject section */

/* Begin PBXResourcesBuildPhase section */
		4C369E241CBE374300CC9D45 /* Resources */ = {
			isa = PBXResourcesBuildPhase;
			buildActionMask = 2147483647;
			files = (
				4C369E341CBE374300CC9D45 /* LaunchScreen.storyboard in Resources */,
				4C369E311CBE374300CC9D45 /* Assets.xcassets in Resources */,
				4C369E2F1CBE374300CC9D45 /* Main.storyboard in Resources */,
			);
			runOnlyForDeploymentPostprocessing = 0;
		};
		4C369E381CBE374300CC9D45 /* Resources */ = {
			isa = PBXResourcesBuildPhase;
			buildActionMask = 2147483647;
			files = (
			);
			runOnlyForDeploymentPostprocessing = 0;
		};
		4C369E431CBE374300CC9D45 /* Resources */ = {
			isa = PBXResourcesBuildPhase;
			buildActionMask = 2147483647;
			files = (
			);
			runOnlyForDeploymentPostprocessing = 0;
		};
/* End PBXResourcesBuildPhase section */

/* Begin PBXSourcesBuildPhase section */
		4C369E221CBE374300CC9D45 /* Sources */ = {
			isa = PBXSourcesBuildPhase;
			buildActionMask = 2147483647;
			files = (
				4C369E2C1CBE374300CC9D45 /* ViewController.swift in Sources */,
				4C369E2A1CBE374300CC9D45 /* AppDelegate.swift in Sources */,
			);
			runOnlyForDeploymentPostprocessing = 0;
		};
		4C369E361CBE374300CC9D45 /* Sources */ = {
			isa = PBXSourcesBuildPhase;
			buildActionMask = 2147483647;
			files = (
				4C369E3F1CBE374300CC9D45 /* Project6_Getting_Current_Date_And_TimeTests.swift in Sources */,
			);
			runOnlyForDeploymentPostprocessing = 0;
		};
		4C369E411CBE374300CC9D45 /* Sources */ = {
			isa = PBXSourcesBuildPhase;
			buildActionMask = 2147483647;
			files = (
				4C369E4A1CBE374300CC9D45 /* Project6_Getting_Current_Date_And_TimeUITests.swift in Sources */,
			);
			runOnlyForDeploymentPostprocessing = 0;
		};
/* End PBXSourcesBuildPhase section */

/* Begin PBXTargetDependency section */
		4C369E3C1CBE374300CC9D45 /* PBXTargetDependency */ = {
			isa = PBXTargetDependency;
			target = 4C369E251CBE374300CC9D45 /* Project6-Getting Current Date And Time */;
			targetProxy = 4C369E3B1CBE374300CC9D45 /* PBXContainerItemProxy */;
		};
		4C369E471CBE374300CC9D45 /* PBXTargetDependency */ = {
			isa = PBXTargetDependency;
			target = 4C369E251CBE374300CC9D45 /* Project6-Getting Current Date And Time */;
			targetProxy = 4C369E461CBE374300CC9D45 /* PBXContainerItemProxy */;
		};
/* End PBXTargetDependency section */

/* Begin PBXVariantGroup section */
		4C369E2D1CBE374300CC9D45 /* Main.storyboard */ = {
			isa = PBXVariantGroup;
			children = (
				4C369E2E1CBE374300CC9D45 /* Base */,
			);
			name = Main.storyboard;
			sourceTree = "<group>";
		};
		4C369E321CBE374300CC9D45 /* LaunchScreen.storyboard */ = {
			isa = PBXVariantGroup;
			children = (
				4C369E331CBE374300CC9D45 /* Base */,
			);
			name = LaunchScreen.storyboard;
			sourceTree = "<group>";
		};
/* End PBXVariantGroup section */

/* Begin XCBuildConfiguration section */
		4C369E4C1CBE374300CC9D45 /* Debug */ = {
			isa = XCBuildConfiguration;
			buildSettings = {
				ALWAYS_SEARCH_USER_PATHS = NO;
				CLANG_ANALYZER_NONNULL = YES;
				CLANG_CXX_LANGUAGE_STANDARD = "gnu++0x";
				CLANG_CXX_LIBRARY = "libc++";
				CLANG_ENABLE_MODULES = YES;
				CLANG_ENABLE_OBJC_ARC = YES;
				CLANG_WARN_BOOL_CONVERSION = YES;
				CLANG_WARN_CONSTANT_CONVERSION = YES;
				CLANG_WARN_DIRECT_OBJC_ISA_USAGE = YES_ERROR;
				CLANG_WARN_EMPTY_BODY = YES;
				CLANG_WARN_ENUM_CONVERSION = YES;
				CLANG_WARN_INT_CONVERSION = YES;
				CLANG_WARN_OBJC_ROOT_CLASS = YES_ERROR;
				CLANG_WARN_UNREACHABLE_CODE = YES;
				CLANG_WARN__DUPLICATE_METHOD_MATCH = YES;
				"CODE_SIGN_IDENTITY[sdk=iphoneos*]" = "iPhone Developer";
				COPY_PHASE_STRIP = NO;
				DEBUG_INFORMATION_FORMAT = dwarf;
				ENABLE_STRICT_OBJC_MSGSEND = YES;
				ENABLE_TESTABILITY = YES;
				GCC_C_LANGUAGE_STANDARD = gnu99;
				GCC_DYNAMIC_NO_PIC = NO;
				GCC_NO_COMMON_BLOCKS = YES;
				GCC_OPTIMIZATION_LEVEL = 0;
				GCC_PREPROCESSOR_DEFINITIONS = (
					"DEBUG=1",
					"$(inherited)",
				);
				GCC_WARN_64_TO_32_BIT_CONVERSION = YES;
				GCC_WARN_ABOUT_RETURN_TYPE = YES_ERROR;
				GCC_WARN_UNDECLARED_SELECTOR = YES;
				GCC_WARN_UNINITIALIZED_AUTOS = YES_AGGRESSIVE;
				GCC_WARN_UNUSED_FUNCTION = YES;
				GCC_WARN_UNUSED_VARIABLE = YES;
				IPHONEOS_DEPLOYMENT_TARGET = 9.3;
				MTL_ENABLE_DEBUG_INFO = YES;
				ONLY_ACTIVE_ARCH = YES;
				SDKROOT = iphoneos;
				SWIFT_OPTIMIZATION_LEVEL = "-Onone";
				TARGETED_DEVICE_FAMILY = "1,2";
			};
			name = Debug;
		};
		4C369E4D1CBE374300CC9D45 /* Release */ = {
			isa = XCBuildConfiguration;
			buildSettings = {
				ALWAYS_SEARCH_USER_PATHS = NO;
				CLANG_ANALYZER_NONNULL = YES;
				CLANG_CXX_LANGUAGE_STANDARD = "gnu++0x";
				CLANG_CXX_LIBRARY = "libc++";
				CLANG_ENABLE_MODULES = YES;
				CLANG_ENABLE_OBJC_ARC = YES;
				CLANG_WARN_BOOL_CONVERSION = YES;
				CLANG_WARN_CONSTANT_CONVERSION = YES;
				CLANG_WARN_DIRECT_OBJC_ISA_USAGE = YES_ERROR;
				CLANG_WARN_EMPTY_BODY = YES;
				CLANG_WARN_ENUM_CONVERSION = YES;
				CLANG_WARN_INT_CONVERSION = YES;
				CLANG_WARN_OBJC_ROOT_CLASS = YES_ERROR;
				CLANG_WARN_UNREACHABLE_CODE = YES;
				CLANG_WARN__DUPLICATE_METHOD_MATCH = YES;
				"CODE_SIGN_IDENTITY[sdk=iphoneos*]" = "iPhone Developer";
				COPY_PHASE_STRIP = NO;
				DEBUG_INFORMATION_FORMAT = "dwarf-with-dsym";
				ENABLE_NS_ASSERTIONS = NO;
				ENABLE_STRICT_OBJC_MSGSEND = YES;
				GCC_C_LANGUAGE_STANDARD = gnu99;
				GCC_NO_COMMON_BLOCKS = YES;
				GCC_WARN_64_TO_32_BIT_CONVERSION = YES;
				GCC_WARN_ABOUT_RETURN_TYPE = YES_ERROR;
				GCC_WARN_UNDECLARED_SELECTOR = YES;
				GCC_WARN_UNINITIALIZED_AUTOS = YES_AGGRESSIVE;
				GCC_WARN_UNUSED_FUNCTION = YES;
				GCC_WARN_UNUSED_VARIABLE = YES;
				IPHONEOS_DEPLOYMENT_TARGET = 9.3;
				MTL_ENABLE_DEBUG_INFO = NO;
				SDKROOT = iphoneos;
				TARGETED_DEVICE_FAMILY = "1,2";
				VALIDATE_PRODUCT = YES;
			};
			name = Release;
		};
		4C369E4F1CBE374300CC9D45 /* Debug */ = {
			isa = XCBuildConfiguration;
			buildSettings = {
				ASSETCATALOG_COMPILER_APPICON_NAME = AppIcon;
				INFOPLIST_FILE = "Project6-Getting Current Date And Time/Info.plist";
				LD_RUNPATH_SEARCH_PATHS = "$(inherited) @executable_path/Frameworks";
				PRODUCT_BUNDLE_IDENTIFIER = "com.zcill.Project6-Getting-Current-Date-And-Time";
				PRODUCT_NAME = "$(TARGET_NAME)";
			};
			name = Debug;
		};
		4C369E501CBE374300CC9D45 /* Release */ = {
			isa = XCBuildConfiguration;
			buildSettings = {
				ASSETCATALOG_COMPILER_APPICON_NAME = AppIcon;
				INFOPLIST_FILE = "Project6-Getting Current Date And Time/Info.plist";
				LD_RUNPATH_SEARCH_PATHS = "$(inherited) @executable_path/Frameworks";
				PRODUCT_BUNDLE_IDENTIFIER = "com.zcill.Project6-Getting-Current-Date-And-Time";
				PRODUCT_NAME = "$(TARGET_NAME)";
			};
			name = Release;
		};
		4C369E521CBE374300CC9D45 /* Debug */ = {
			isa = XCBuildConfiguration;
			buildSettings = {
				BUNDLE_LOADER = "$(TEST_HOST)";
				INFOPLIST_FILE = "Project6-Getting Current Date And TimeTests/Info.plist";
				LD_RUNPATH_SEARCH_PATHS = "$(inherited) @executable_path/Frameworks @loader_path/Frameworks";
				PRODUCT_BUNDLE_IDENTIFIER = "com.zcill.Project6-Getting-Current-Date-And-TimeTests";
				PRODUCT_NAME = "$(TARGET_NAME)";
				TEST_HOST = "$(BUILT_PRODUCTS_DIR)/Project6-Getting Current Date And Time.app/Project6-Getting Current Date And Time";
			};
			name = Debug;
		};
		4C369E531CBE374300CC9D45 /* Release */ = {
			isa = XCBuildConfiguration;
			buildSettings = {
				BUNDLE_LOADER = "$(TEST_HOST)";
				INFOPLIST_FILE = "Project6-Getting Current Date And TimeTests/Info.plist";
				LD_RUNPATH_SEARCH_PATHS = "$(inherited) @executable_path/Frameworks @loader_path/Frameworks";
				PRODUCT_BUNDLE_IDENTIFIER = "com.zcill.Project6-Getting-Current-Date-And-TimeTests";
				PRODUCT_NAME = "$(TARGET_NAME)";
				TEST_HOST = "$(BUILT_PRODUCTS_DIR)/Project6-Getting Current Date And Time.app/Project6-Getting Current Date And Time";
			};
			name = Release;
		};
		4C369E551CBE374300CC9D45 /* Debug */ = {
			isa = XCBuildConfiguration;
			buildSettings = {
				INFOPLIST_FILE = "Project6-Getting Current Date And TimeUITests/Info.plist";
				LD_RUNPATH_SEARCH_PATHS = "$(inherited) @executable_path/Frameworks @loader_path/Frameworks";
				PRODUCT_BUNDLE_IDENTIFIER = "com.zcill.Project6-Getting-Current-Date-And-TimeUITests";
				PRODUCT_NAME = "$(TARGET_NAME)";
				TEST_TARGET_NAME = "Project6-Getting Current Date And Time";
			};
			name = Debug;
		};
		4C369E561CBE374300CC9D45 /* Release */ = {
			isa = XCBuildConfiguration;
			buildSettings = {
				INFOPLIST_FILE = "Project6-Getting Current Date And TimeUITests/Info.plist";
				LD_RUNPATH_SEARCH_PATHS = "$(inherited) @executable_path/Frameworks @loader_path/Frameworks";
				PRODUCT_BUNDLE_IDENTIFIER = "com.zcill.Project6-Getting-Current-Date-And-TimeUITests";
				PRODUCT_NAME = "$(TARGET_NAME)";
				TEST_TARGET_NAME = "Project6-Getting Current Date And Time";
			};
			name = Release;
		};
/* End XCBuildConfiguration section */

/* Begin XCConfigurationList section */
		4C369E211CBE374300CC9D45 /* Build configuration list for PBXProject "Project6-Getting Current Date And Time" */ = {
			isa = XCConfigurationList;
			buildConfigurations = (
				4C369E4C1CBE374300CC9D45 /* Debug */,
				4C369E4D1CBE374300CC9D45 /* Release */,
			);
			defaultConfigurationIsVisible = 0;
			defaultConfigurationName = Release;
		};
		4C369E4E1CBE374300CC9D45 /* Build configuration list for PBXNativeTarget "Project6-Getting Current Date And Time" */ = {
			isa = XCConfigurationList;
			buildConfigurations = (
				4C369E4F1CBE374300CC9D45 /* Debug */,
				4C369E501CBE374300CC9D45 /* Release */,
			);
			defaultConfigurationIsVisible = 0;
		};
		4C369E511CBE374300CC9D45 /* Build configuration list for PBXNativeTarget "Project6-Getting Current Date And TimeTests" */ = {
			isa = XCConfigurationList;
			buildConfigurations = (
				4C369E521CBE374300CC9D45 /* Debug */,
				4C369E531CBE374300CC9D45 /* Release */,
			);
			defaultConfigurationIsVisible = 0;
		};
		4C369E541CBE374300CC9D45 /* Build configuration list for PBXNativeTarget "Project6-Getting Current Date And TimeUITests" */ = {
			isa = XCConfigurationList;
			buildConfigurations = (
				4C369E551CBE374300CC9D45 /* Debug */,
				4C369E561CBE374300CC9D45 /* Release */,
			);
			defaultConfigurationIsVisible = 0;
		};
/* End XCConfigurationList section */
	};
	rootObject = 4C369E1E1CBE374300CC9D45 /* Project object */;
}
