// !$*UTF8*$!
{
	archiveVersion = 1;
	classes = {
	};
	objectVersion = 46;
	objects = {

/* Begin PBXBuildFile section */
		4C2EFCEA1CBD0DFB003AF32A /* AppDelegate.swift in Sources */ = {isa = PBXBuildFile; fileRef = 4C2EFCE91CBD0DFB003AF32A /* AppDelegate.swift */; };
		4C2EFCEC1CBD0DFB003AF32A /* ViewController.swift in Sources */ = {isa = PBXBuildFile; fileRef = 4C2EFCEB1CBD0DFB003AF32A /* ViewController.swift */; };
		4C2EFCEF1CBD0DFB003AF32A /* Main.storyboard in Resources */ = {isa = PBXBuildFile; fileRef = 4C2EFCED1CBD0DFB003AF32A /* Main.storyboard */; };
		4C2EFCF11CBD0DFC003AF32A /* Assets.xcassets in Resources */ = {isa = PBXBuildFile; fileRef = 4C2EFCF01CBD0DFC003AF32A /* Assets.xcassets */; };
		4C2EFCF41CBD0DFC003AF32A /* LaunchScreen.storyboard in Resources */ = {isa = PBXBuildFile; fileRef = 4C2EFCF21CBD0DFC003AF32A /* LaunchScreen.storyboard */; };
		4C2EFCFF1CBD0DFC003AF32A /* Project3_Swift_iAdTests.swift in Sources */ = {isa = PBXBuildFile; fileRef = 4C2EFCFE1CBD0DFC003AF32A /* Project3_Swift_iAdTests.swift */; };
		4C2EFD0A1CBD0DFC003AF32A /* Project3_Swift_iAdUITests.swift in Sources */ = {isa = PBXBuildFile; fileRef = 4C2EFD091CBD0DFC003AF32A /* Project3_Swift_iAdUITests.swift */; };
/* End PBXBuildFile section */

/* Begin PBXContainerItemProxy section */
		4C2EFCFB1CBD0DFC003AF32A /* PBXContainerItemProxy */ = {
			isa = PBXContainerItemProxy;
			containerPortal = 4C2EFCDE1CBD0DFB003AF32A /* Project object */;
			proxyType = 1;
			remoteGlobalIDString = 4C2EFCE51CBD0DFB003AF32A;
			remoteInfo = "Project3-Swift iAd";
		};
		4C2EFD061CBD0DFC003AF32A /* PBXContainerItemProxy */ = {
			isa = PBXContainerItemProxy;
			containerPortal = 4C2EFCDE1CBD0DFB003AF32A /* Project object */;
			proxyType = 1;
			remoteGlobalIDString = 4C2EFCE51CBD0DFB003AF32A;
			remoteInfo = "Project3-Swift iAd";
		};
/* End PBXContainerItemProxy section */

/* Begin PBXFileReference section */
		4C2EFCE61CBD0DFB003AF32A /* Project3-Swift iAd.app */ = {isa = PBXFileReference; explicitFileType = wrapper.application; includeInIndex = 0; path = "Project3-Swift iAd.app"; sourceTree = BUILT_PRODUCTS_DIR; };
		4C2EFCE91CBD0DFB003AF32A /* AppDelegate.swift */ = {isa = PBXFileReference; lastKnownFileType = sourcecode.swift; path = AppDelegate.swift; sourceTree = "<group>"; };
		4C2EFCEB1CBD0DFB003AF32A /* ViewController.swift */ = {isa = PBXFileReference; lastKnownFileType = sourcecode.swift; path = ViewController.swift; sourceTree = "<group>"; };
		4C2EFCEE1CBD0DFB003AF32A /* Base */ = {isa = PBXFileReference; lastKnownFileType = file.storyboard; name = Base; path = Base.lproj/Main.storyboard; sourceTree = "<group>"; };
		4C2EFCF01CBD0DFC003AF32A /* Assets.xcassets */ = {isa = PBXFileReference; lastKnownFileType = folder.assetcatalog; path = Assets.xcassets; sourceTree = "<group>"; };
		4C2EFCF31CBD0DFC003AF32A /* Base */ = {isa = PBXFileReference; lastKnownFileType = file.storyboard; name = Base; path = Base.lproj/LaunchScreen.storyboard; sourceTree = "<group>"; };
		4C2EFCF51CBD0DFC003AF32A /* Info.plist */ = {isa = PBXFileReference; lastKnownFileType = text.plist.xml; path = Info.plist; sourceTree = "<group>"; };
		4C2EFCFA1CBD0DFC003AF32A /* Project3-Swift iAdTests.xctest */ = {isa = PBXFileReference; explicitFileType = wrapper.cfbundle; includeInIndex = 0; path = "Project3-Swift iAdTests.xctest"; sourceTree = BUILT_PRODUCTS_DIR; };
		4C2EFCFE1CBD0DFC003AF32A /* Project3_Swift_iAdTests.swift */ = {isa = PBXFileReference; lastKnownFileType = sourcecode.swift; path = Project3_Swift_iAdTests.swift; sourceTree = "<group>"; };
		4C2EFD001CBD0DFC003AF32A /* Info.plist */ = {isa = PBXFileReference; lastKnownFileType = text.plist.xml; path = Info.plist; sourceTree = "<group>"; };
		4C2EFD051CBD0DFC003AF32A /* Project3-Swift iAdUITests.xctest */ = {isa = PBXFileReference; explicitFileType = wrapper.cfbundle; includeInIndex = 0; path = "Project3-Swift iAdUITests.xctest"; sourceTree = BUILT_PRODUCTS_DIR; };
		4C2EFD091CBD0DFC003AF32A /* Project3_Swift_iAdUITests.swift */ = {isa = PBXFileReference; lastKnownFileType = sourcecode.swift; path = Project3_Swift_iAdUITests.swift; sourceTree = "<group>"; };
		4C2EFD0B1CBD0DFC003AF32A /* Info.plist */ = {isa = PBXFileReference; lastKnownFileType = text.plist.xml; path = Info.plist; sourceTree = "<group>"; };
/* End PBXFileReference section */

/* Begin PBXFrameworksBuildPhase section */
		4C2EFCE31CBD0DFB003AF32A /* Frameworks */ = {
			isa = PBXFrameworksBuildPhase;
			buildActionMask = 2147483647;
			files = (
			);
			runOnlyForDeploymentPostprocessing = 0;
		};
		4C2EFCF71CBD0DFC003AF32A /* Frameworks */ = {
			isa = PBXFrameworksBuildPhase;
			buildActionMask = 2147483647;
			files = (
			);
			runOnlyForDeploymentPostprocessing = 0;
		};
		4C2EFD021CBD0DFC003AF32A /* Frameworks */ = {
			isa = PBXFrameworksBuildPhase;
			buildActionMask = 2147483647;
			files = (
			);
			runOnlyForDeploymentPostprocessing = 0;
		};
/* End PBXFrameworksBuildPhase section */

/* Begin PBXGroup section */
		4C2EFCDD1CBD0DFB003AF32A = {
			isa = PBXGroup;
			children = (
				4C2EFCE81CBD0DFB003AF32A /* Project3-Swift iAd */,
				4C2EFCFD1CBD0DFC003AF32A /* Project3-Swift iAdTests */,
				4C2EFD081CBD0DFC003AF32A /* Project3-Swift iAdUITests */,
				4C2EFCE71CBD0DFB003AF32A /* Products */,
			);
			sourceTree = "<group>";
		};
		4C2EFCE71CBD0DFB003AF32A /* Products */ = {
			isa = PBXGroup;
			children = (
				4C2EFCE61CBD0DFB003AF32A /* Project3-Swift iAd.app */,
				4C2EFCFA1CBD0DFC003AF32A /* Project3-Swift iAdTests.xctest */,
				4C2EFD051CBD0DFC003AF32A /* Project3-Swift iAdUITests.xctest */,
			);
			name = Products;
			sourceTree = "<group>";
		};
		4C2EFCE81CBD0DFB003AF32A /* Project3-Swift iAd */ = {
			isa = PBXGroup;
			children = (
				4C2EFCE91CBD0DFB003AF32A /* AppDelegate.swift */,
				4C2EFCEB1CBD0DFB003AF32A /* ViewController.swift */,
				4C2EFCED1CBD0DFB003AF32A /* Main.storyboard */,
				4C2EFCF01CBD0DFC003AF32A /* Assets.xcassets */,
				4C2EFCF21CBD0DFC003AF32A /* LaunchScreen.storyboard */,
				4C2EFCF51CBD0DFC003AF32A /* Info.plist */,
			);
			path = "Project3-Swift iAd";
			sourceTree = "<group>";
		};
		4C2EFCFD1CBD0DFC003AF32A /* Project3-Swift iAdTests */ = {
			isa = PBXGroup;
			children = (
				4C2EFCFE1CBD0DFC003AF32A /* Project3_Swift_iAdTests.swift */,
				4C2EFD001CBD0DFC003AF32A /* Info.plist */,
			);
			path = "Project3-Swift iAdTests";
			sourceTree = "<group>";
		};
		4C2EFD081CBD0DFC003AF32A /* Project3-Swift iAdUITests */ = {
			isa = PBXGroup;
			children = (
				4C2EFD091CBD0DFC003AF32A /* Project3_Swift_iAdUITests.swift */,
				4C2EFD0B1CBD0DFC003AF32A /* Info.plist */,
			);
			path = "Project3-Swift iAdUITests";
			sourceTree = "<group>";
		};
/* End PBXGroup section */

/* Begin PBXNativeTarget section */
		4C2EFCE51CBD0DFB003AF32A /* Project3-Swift iAd */ = {
			isa = PBXNativeTarget;
			buildConfigurationList = 4C2EFD0E1CBD0DFC003AF32A /* Build configuration list for PBXNativeTarget "Project3-Swift iAd" */;
			buildPhases = (
				4C2EFCE21CBD0DFB003AF32A /* Sources */,
				4C2EFCE31CBD0DFB003AF32A /* Frameworks */,
				4C2EFCE41CBD0DFB003AF32A /* Resources */,
			);
			buildRules = (
			);
			dependencies = (
			);
			name = "Project3-Swift iAd";
			productName = "Project3-Swift iAd";
			productReference = 4C2EFCE61CBD0DFB003AF32A /* Project3-Swift iAd.app */;
			productType = "com.apple.product-type.application";
		};
		4C2EFCF91CBD0DFC003AF32A /* Project3-Swift iAdTests */ = {
			isa = PBXNativeTarget;
			buildConfigurationList = 4C2EFD111CBD0DFC003AF32A /* Build configuration list for PBXNativeTarget "Project3-Swift iAdTests" */;
			buildPhases = (
				4C2EFCF61CBD0DFC003AF32A /* Sources */,
				4C2EFCF71CBD0DFC003AF32A /* Frameworks */,
				4C2EFCF81CBD0DFC003AF32A /* Resources */,
			);
			buildRules = (
			);
			dependencies = (
				4C2EFCFC1CBD0DFC003AF32A /* PBXTargetDependency */,
			);
			name = "Project3-Swift iAdTests";
			productName = "Project3-Swift iAdTests";
			productReference = 4C2EFCFA1CBD0DFC003AF32A /* Project3-Swift iAdTests.xctest */;
			productType = "com.apple.product-type.bundle.unit-test";
		};
		4C2EFD041CBD0DFC003AF32A /* Project3-Swift iAdUITests */ = {
			isa = PBXNativeTarget;
			buildConfigurationList = 4C2EFD141CBD0DFC003AF32A /* Build configuration list for PBXNativeTarget "Project3-Swift iAdUITests" */;
			buildPhases = (
				4C2EFD011CBD0DFC003AF32A /* Sources */,
				4C2EFD021CBD0DFC003AF32A /* Frameworks */,
				4C2EFD031CBD0DFC003AF32A /* Resources */,
			);
			buildRules = (
			);
			dependencies = (
				4C2EFD071CBD0DFC003AF32A /* PBXTargetDependency */,
			);
			name = "Project3-Swift iAdUITests";
			productName = "Project3-Swift iAdUITests";
			productReference = 4C2EFD051CBD0DFC003AF32A /* Project3-Swift iAdUITests.xctest */;
			productType = "com.apple.product-type.bundle.ui-testing";
		};
/* End PBXNativeTarget section */

/* Begin PBXProject section */
		4C2EFCDE1CBD0DFB003AF32A /* Project object */ = {
			isa = PBXProject;
			attributes = {
				LastSwiftUpdateCheck = 0730;
				LastUpgradeCheck = 0730;
				ORGANIZATIONNAME = "朱立焜";
				TargetAttributes = {
					4C2EFCE51CBD0DFB003AF32A = {
						CreatedOnToolsVersion = 7.3;
					};
					4C2EFCF91CBD0DFC003AF32A = {
						CreatedOnToolsVersion = 7.3;
						TestTargetID = 4C2EFCE51CBD0DFB003AF32A;
					};
					4C2EFD041CBD0DFC003AF32A = {
						CreatedOnToolsVersion = 7.3;
						TestTargetID = 4C2EFCE51CBD0DFB003AF32A;
					};
				};
			};
			buildConfigurationList = 4C2EFCE11CBD0DFB003AF32A /* Build configuration list for PBXProject "Project3-Swift iAd" */;
			compatibilityVersion = "Xcode 3.2";
			developmentRegion = English;
			hasScannedForEncodings = 0;
			knownRegions = (
				en,
				Base,
			);
			mainGroup = 4C2EFCDD1CBD0DFB003AF32A;
			productRefGroup = 4C2EFCE71CBD0DFB003AF32A /* Products */;
			projectDirPath = "";
			projectRoot = "";
			targets = (
				4C2EFCE51CBD0DFB003AF32A /* Project3-Swift iAd */,
				4C2EFCF91CBD0DFC003AF32A /* Project3-Swift iAdTests */,
				4C2EFD041CBD0DFC003AF32A /* Project3-Swift iAdUITests */,
			);
		};
/* End PBXProject section */

/* Begin PBXResourcesBuildPhase section */
		4C2EFCE41CBD0DFB003AF32A /* Resources */ = {
			isa = PBXResourcesBuildPhase;
			buildActionMask = 2147483647;
			files = (
				4C2EFCF41CBD0DFC003AF32A /* LaunchScreen.storyboard in Resources */,
				4C2EFCF11CBD0DFC003AF32A /* Assets.xcassets in Resources */,
				4C2EFCEF1CBD0DFB003AF32A /* Main.storyboard in Resources */,
			);
			runOnlyForDeploymentPostprocessing = 0;
		};
		4C2EFCF81CBD0DFC003AF32A /* Resources */ = {
			isa = PBXResourcesBuildPhase;
			buildActionMask = 2147483647;
			files = (
			);
			runOnlyForDeploymentPostprocessing = 0;
		};
		4C2EFD031CBD0DFC003AF32A /* Resources */ = {
			isa = PBXResourcesBuildPhase;
			buildActionMask = 2147483647;
			files = (
			);
			runOnlyForDeploymentPostprocessing = 0;
		};
/* End PBXResourcesBuildPhase section */

/* Begin PBXSourcesBuildPhase section */
		4C2EFCE21CBD0DFB003AF32A /* Sources */ = {
			isa = PBXSourcesBuildPhase;
			buildActionMask = 2147483647;
			files = (
				4C2EFCEC1CBD0DFB003AF32A /* ViewController.swift in Sources */,
				4C2EFCEA1CBD0DFB003AF32A /* AppDelegate.swift in Sources */,
			);
			runOnlyForDeploymentPostprocessing = 0;
		};
		4C2EFCF61CBD0DFC003AF32A /* Sources */ = {
			isa = PBXSourcesBuildPhase;
			buildActionMask = 2147483647;
			files = (
				4C2EFCFF1CBD0DFC003AF32A /* Project3_Swift_iAdTests.swift in Sources */,
			);
			runOnlyForDeploymentPostprocessing = 0;
		};
		4C2EFD011CBD0DFC003AF32A /* Sources */ = {
			isa = PBXSourcesBuildPhase;
			buildActionMask = 2147483647;
			files = (
				4C2EFD0A1CBD0DFC003AF32A /* Project3_Swift_iAdUITests.swift in Sources */,
			);
			runOnlyForDeploymentPostprocessing = 0;
		};
/* End PBXSourcesBuildPhase section */

/* Begin PBXTargetDependency section */
		4C2EFCFC1CBD0DFC003AF32A /* PBXTargetDependency */ = {
			isa = PBXTargetDependency;
			target = 4C2EFCE51CBD0DFB003AF32A /* Project3-Swift iAd */;
			targetProxy = 4C2EFCFB1CBD0DFC003AF32A /* PBXContainerItemProxy */;
		};
		4C2EFD071CBD0DFC003AF32A /* PBXTargetDependency */ = {
			isa = PBXTargetDependency;
			target = 4C2EFCE51CBD0DFB003AF32A /* Project3-Swift iAd */;
			targetProxy = 4C2EFD061CBD0DFC003AF32A /* PBXContainerItemProxy */;
		};
/* End PBXTargetDependency section */

/* Begin PBXVariantGroup section */
		4C2EFCED1CBD0DFB003AF32A /* Main.storyboard */ = {
			isa = PBXVariantGroup;
			children = (
				4C2EFCEE1CBD0DFB003AF32A /* Base */,
			);
			name = Main.storyboard;
			sourceTree = "<group>";
		};
		4C2EFCF21CBD0DFC003AF32A /* LaunchScreen.storyboard */ = {
			isa = PBXVariantGroup;
			children = (
				4C2EFCF31CBD0DFC003AF32A /* Base */,
			);
			name = LaunchScreen.storyboard;
			sourceTree = "<group>";
		};
/* End PBXVariantGroup section */

/* Begin XCBuildConfiguration section */
		4C2EFD0C1CBD0DFC003AF32A /* Debug */ = {
			isa = XCBuildConfiguration;
			buildSettings = {
				ALWAYS_SEARCH_USER_PATHS = NO;
				CLANG_ANALYZER_NONNULL = YES;
				CLANG_CXX_LANGUAGE_STANDARD = "gnu++0x";
				CLANG_CXX_LIBRARY = "libc++";
				CLANG_ENABLE_MODULES = YES;
				CLANG_ENABLE_OBJC_ARC = YES;
				CLANG_WARN_BOOL_CONVERSION = YES;
				CLANG_WARN_CONSTANT_CONVERSION = YES;
				CLANG_WARN_DIRECT_OBJC_ISA_USAGE = YES_ERROR;
				CLANG_WARN_EMPTY_BODY = YES;
				CLANG_WARN_ENUM_CONVERSION = YES;
				CLANG_WARN_INT_CONVERSION = YES;
				CLANG_WARN_OBJC_ROOT_CLASS = YES_ERROR;
				CLANG_WARN_UNREACHABLE_CODE = YES;
				CLANG_WARN__DUPLICATE_METHOD_MATCH = YES;
				"CODE_SIGN_IDENTITY[sdk=iphoneos*]" = "iPhone Developer";
				COPY_PHASE_STRIP = NO;
				DEBUG_INFORMATION_FORMAT = dwarf;
				ENABLE_STRICT_OBJC_MSGSEND = YES;
				ENABLE_TESTABILITY = YES;
				GCC_C_LANGUAGE_STANDARD = gnu99;
				GCC_DYNAMIC_NO_PIC = NO;
				GCC_NO_COMMON_BLOCKS = YES;
				GCC_OPTIMIZATION_LEVEL = 0;
				GCC_PREPROCESSOR_DEFINITIONS = (
					"DEBUG=1",
					"$(inherited)",
				);
				GCC_WARN_64_TO_32_BIT_CONVERSION = YES;
				GCC_WARN_ABOUT_RETURN_TYPE = YES_ERROR;
				GCC_WARN_UNDECLARED_SELECTOR = YES;
				GCC_WARN_UNINITIALIZED_AUTOS = YES_AGGRESSIVE;
				GCC_WARN_UNUSED_FUNCTION = YES;
				GCC_WARN_UNUSED_VARIABLE = YES;
				IPHONEOS_DEPLOYMENT_TARGET = 9.3;
				MTL_ENABLE_DEBUG_INFO = YES;
				ONLY_ACTIVE_ARCH = YES;
				SDKROOT = iphoneos;
				SWIFT_OPTIMIZATION_LEVEL = "-Onone";
				TARGETED_DEVICE_FAMILY = "1,2";
			};
			name = Debug;
		};
		4C2EFD0D1CBD0DFC003AF32A /* Release */ = {
			isa = XCBuildConfiguration;
			buildSettings = {
				ALWAYS_SEARCH_USER_PATHS = NO;
				CLANG_ANALYZER_NONNULL = YES;
				CLANG_CXX_LANGUAGE_STANDARD = "gnu++0x";
				CLANG_CXX_LIBRARY = "libc++";
				CLANG_ENABLE_MODULES = YES;
				CLANG_ENABLE_OBJC_ARC = YES;
				CLANG_WARN_BOOL_CONVERSION = YES;
				CLANG_WARN_CONSTANT_CONVERSION = YES;
				CLANG_WARN_DIRECT_OBJC_ISA_USAGE = YES_ERROR;
				CLANG_WARN_EMPTY_BODY = YES;
				CLANG_WARN_ENUM_CONVERSION = YES;
				CLANG_WARN_INT_CONVERSION = YES;
				CLANG_WARN_OBJC_ROOT_CLASS = YES_ERROR;
				CLANG_WARN_UNREACHABLE_CODE = YES;
				CLANG_WARN__DUPLICATE_METHOD_MATCH = YES;
				"CODE_SIGN_IDENTITY[sdk=iphoneos*]" = "iPhone Developer";
				COPY_PHASE_STRIP = NO;
				DEBUG_INFORMATION_FORMAT = "dwarf-with-dsym";
				ENABLE_NS_ASSERTIONS = NO;
				ENABLE_STRICT_OBJC_MSGSEND = YES;
				GCC_C_LANGUAGE_STANDARD = gnu99;
				GCC_NO_COMMON_BLOCKS = YES;
				GCC_WARN_64_TO_32_BIT_CONVERSION = YES;
				GCC_WARN_ABOUT_RETURN_TYPE = YES_ERROR;
				GCC_WARN_UNDECLARED_SELECTOR = YES;
				GCC_WARN_UNINITIALIZED_AUTOS = YES_AGGRESSIVE;
				GCC_WARN_UNUSED_FUNCTION = YES;
				GCC_WARN_UNUSED_VARIABLE = YES;
				IPHONEOS_DEPLOYMENT_TARGET = 9.3;
				MTL_ENABLE_DEBUG_INFO = NO;
				SDKROOT = iphoneos;
				TARGETED_DEVICE_FAMILY = "1,2";
				VALIDATE_PRODUCT = YES;
			};
			name = Release;
		};
		4C2EFD0F1CBD0DFC003AF32A /* Debug */ = {
			isa = XCBuildConfiguration;
			buildSettings = {
				ASSETCATALOG_COMPILER_APPICON_NAME = AppIcon;
				INFOPLIST_FILE = "Project3-Swift iAd/Info.plist";
				LD_RUNPATH_SEARCH_PATHS = "$(inherited) @executable_path/Frameworks";
				PRODUCT_BUNDLE_IDENTIFIER = "com.zcill.Project3-Swift-iAd";
				PRODUCT_NAME = "$(TARGET_NAME)";
			};
			name = Debug;
		};
		4C2EFD101CBD0DFC003AF32A /* Release */ = {
			isa = XCBuildConfiguration;
			buildSettings = {
				ASSETCATALOG_COMPILER_APPICON_NAME = AppIcon;
				INFOPLIST_FILE = "Project3-Swift iAd/Info.plist";
				LD_RUNPATH_SEARCH_PATHS = "$(inherited) @executable_path/Frameworks";
				PRODUCT_BUNDLE_IDENTIFIER = "com.zcill.Project3-Swift-iAd";
				PRODUCT_NAME = "$(TARGET_NAME)";
			};
			name = Release;
		};
		4C2EFD121CBD0DFC003AF32A /* Debug */ = {
			isa = XCBuildConfiguration;
			buildSettings = {
				BUNDLE_LOADER = "$(TEST_HOST)";
				INFOPLIST_FILE = "Project3-Swift iAdTests/Info.plist";
				LD_RUNPATH_SEARCH_PATHS = "$(inherited) @executable_path/Frameworks @loader_path/Frameworks";
				PRODUCT_BUNDLE_IDENTIFIER = "com.zcill.Project3-Swift-iAdTests";
				PRODUCT_NAME = "$(TARGET_NAME)";
				TEST_HOST = "$(BUILT_PRODUCTS_DIR)/Project3-Swift iAd.app/Project3-Swift iAd";
			};
			name = Debug;
		};
		4C2EFD131CBD0DFC003AF32A /* Release */ = {
			isa = XCBuildConfiguration;
			buildSettings = {
				BUNDLE_LOADER = "$(TEST_HOST)";
				INFOPLIST_FILE = "Project3-Swift iAdTests/Info.plist";
				LD_RUNPATH_SEARCH_PATHS = "$(inherited) @executable_path/Frameworks @loader_path/Frameworks";
				PRODUCT_BUNDLE_IDENTIFIER = "com.zcill.Project3-Swift-iAdTests";
				PRODUCT_NAME = "$(TARGET_NAME)";
				TEST_HOST = "$(BUILT_PRODUCTS_DIR)/Project3-Swift iAd.app/Project3-Swift iAd";
			};
			name = Release;
		};
		4C2EFD151CBD0DFC003AF32A /* Debug */ = {
			isa = XCBuildConfiguration;
			buildSettings = {
				INFOPLIST_FILE = "Project3-Swift iAdUITests/Info.plist";
				LD_RUNPATH_SEARCH_PATHS = "$(inherited) @executable_path/Frameworks @loader_path/Frameworks";
				PRODUCT_BUNDLE_IDENTIFIER = "com.zcill.Project3-Swift-iAdUITests";
				PRODUCT_NAME = "$(TARGET_NAME)";
				TEST_TARGET_NAME = "Project3-Swift iAd";
			};
			name = Debug;
		};
		4C2EFD161CBD0DFC003AF32A /* Release */ = {
			isa = XCBuildConfiguration;
			buildSettings = {
				INFOPLIST_FILE = "Project3-Swift iAdUITests/Info.plist";
				LD_RUNPATH_SEARCH_PATHS = "$(inherited) @executable_path/Frameworks @loader_path/Frameworks";
				PRODUCT_BUNDLE_IDENTIFIER = "com.zcill.Project3-Swift-iAdUITests";
				PRODUCT_NAME = "$(TARGET_NAME)";
				TEST_TARGET_NAME = "Project3-Swift iAd";
			};
			name = Release;
		};
/* End XCBuildConfiguration section */

/* Begin XCConfigurationList section */
		4C2EFCE11CBD0DFB003AF32A /* Build configuration list for PBXProject "Project3-Swift iAd" */ = {
			isa = XCConfigurationList;
			buildConfigurations = (
				4C2EFD0C1CBD0DFC003AF32A /* Debug */,
				4C2EFD0D1CBD0DFC003AF32A /* Release */,
			);
			defaultConfigurationIsVisible = 0;
			defaultConfigurationName = Release;
		};
		4C2EFD0E1CBD0DFC003AF32A /* Build configuration list for PBXNativeTarget "Project3-Swift iAd" */ = {
			isa = XCConfigurationList;
			buildConfigurations = (
				4C2EFD0F1CBD0DFC003AF32A /* Debug */,
				4C2EFD101CBD0DFC003AF32A /* Release */,
			);
			defaultConfigurationIsVisible = 0;
		};
		4C2EFD111CBD0DFC003AF32A /* Build configuration list for PBXNativeTarget "Project3-Swift iAdTests" */ = {
			isa = XCConfigurationList;
			buildConfigurations = (
				4C2EFD121CBD0DFC003AF32A /* Debug */,
				4C2EFD131CBD0DFC003AF32A /* Release */,
			);
			defaultConfigurationIsVisible = 0;
		};
		4C2EFD141CBD0DFC003AF32A /* Build configuration list for PBXNativeTarget "Project3-Swift iAdUITests" */ = {
			isa = XCConfigurationList;
			buildConfigurations = (
				4C2EFD151CBD0DFC003AF32A /* Debug */,
				4C2EFD161CBD0DFC003AF32A /* Release */,
			);
			defaultConfigurationIsVisible = 0;
		};
/* End XCConfigurationList section */
	};
	rootObject = 4C2EFCDE1CBD0DFB003AF32A /* Project object */;
}
