// !$*UTF8*$!
{
	archiveVersion = 1;
	classes = {
	};
	objectVersion = 46;
	objects = {

/* Begin PBXBuildFile section */
		4CBBAFDF1CBCACEB00884BE2 /* AppDelegate.swift in Sources */ = {isa = PBXBuildFile; fileRef = 4CBBAFDE1CBCACEB00884BE2 /* AppDelegate.swift */; };
		4CBBAFE11CBCACEB00884BE2 /* ViewController.swift in Sources */ = {isa = PBXBuildFile; fileRef = 4CBBAFE01CBCACEB00884BE2 /* ViewController.swift */; };
		4CBBAFE41CBCACEB00884BE2 /* Main.storyboard in Resources */ = {isa = PBXBuildFile; fileRef = 4CBBAFE21CBCACEB00884BE2 /* Main.storyboard */; };
		4CBBAFE61CBCACEB00884BE2 /* Assets.xcassets in Resources */ = {isa = PBXBuildFile; fileRef = 4CBBAFE51CBCACEB00884BE2 /* Assets.xcassets */; };
		4CBBAFE91CBCACEB00884BE2 /* LaunchScreen.storyboard in Resources */ = {isa = PBXBuildFile; fileRef = 4CBBAFE71CBCACEB00884BE2 /* LaunchScreen.storyboard */; };
		4CBBAFF41CBCACEB00884BE2 /* testLocalNotificationTests.swift in Sources */ = {isa = PBXBuildFile; fileRef = 4CBBAFF31CBCACEB00884BE2 /* testLocalNotificationTests.swift */; };
		4CBBAFFF1CBCACEB00884BE2 /* testLocalNotificationUITests.swift in Sources */ = {isa = PBXBuildFile; fileRef = 4CBBAFFE1CBCACEB00884BE2 /* testLocalNotificationUITests.swift */; };
/* End PBXBuildFile section */

/* Begin PBXContainerItemProxy section */
		4CBBAFF01CBCACEB00884BE2 /* PBXContainerItemProxy */ = {
			isa = PBXContainerItemProxy;
			containerPortal = 4CBBAFD31CBCACEA00884BE2 /* Project object */;
			proxyType = 1;
			remoteGlobalIDString = 4CBBAFDA1CBCACEA00884BE2;
			remoteInfo = testLocalNotification;
		};
		4CBBAFFB1CBCACEB00884BE2 /* PBXContainerItemProxy */ = {
			isa = PBXContainerItemProxy;
			containerPortal = 4CBBAFD31CBCACEA00884BE2 /* Project object */;
			proxyType = 1;
			remoteGlobalIDString = 4CBBAFDA1CBCACEA00884BE2;
			remoteInfo = testLocalNotification;
		};
/* End PBXContainerItemProxy section */

/* Begin PBXFileReference section */
		4CBBAFDB1CBCACEA00884BE2 /* testLocalNotification.app */ = {isa = PBXFileReference; explicitFileType = wrapper.application; includeInIndex = 0; path = testLocalNotification.app; sourceTree = BUILT_PRODUCTS_DIR; };
		4CBBAFDE1CBCACEB00884BE2 /* AppDelegate.swift */ = {isa = PBXFileReference; lastKnownFileType = sourcecode.swift; path = AppDelegate.swift; sourceTree = "<group>"; };
		4CBBAFE01CBCACEB00884BE2 /* ViewController.swift */ = {isa = PBXFileReference; lastKnownFileType = sourcecode.swift; path = ViewController.swift; sourceTree = "<group>"; };
		4CBBAFE31CBCACEB00884BE2 /* Base */ = {isa = PBXFileReference; lastKnownFileType = file.storyboard; name = Base; path = Base.lproj/Main.storyboard; sourceTree = "<group>"; };
		4CBBAFE51CBCACEB00884BE2 /* Assets.xcassets */ = {isa = PBXFileReference; lastKnownFileType = folder.assetcatalog; path = Assets.xcassets; sourceTree = "<group>"; };
		4CBBAFE81CBCACEB00884BE2 /* Base */ = {isa = PBXFileReference; lastKnownFileType = file.storyboard; name = Base; path = Base.lproj/LaunchScreen.storyboard; sourceTree = "<group>"; };
		4CBBAFEA1CBCACEB00884BE2 /* Info.plist */ = {isa = PBXFileReference; lastKnownFileType = text.plist.xml; path = Info.plist; sourceTree = "<group>"; };
		4CBBAFEF1CBCACEB00884BE2 /* testLocalNotificationTests.xctest */ = {isa = PBXFileReference; explicitFileType = wrapper.cfbundle; includeInIndex = 0; path = testLocalNotificationTests.xctest; sourceTree = BUILT_PRODUCTS_DIR; };
		4CBBAFF31CBCACEB00884BE2 /* testLocalNotificationTests.swift */ = {isa = PBXFileReference; lastKnownFileType = sourcecode.swift; path = testLocalNotificationTests.swift; sourceTree = "<group>"; };
		4CBBAFF51CBCACEB00884BE2 /* Info.plist */ = {isa = PBXFileReference; lastKnownFileType = text.plist.xml; path = Info.plist; sourceTree = "<group>"; };
		4CBBAFFA1CBCACEB00884BE2 /* testLocalNotificationUITests.xctest */ = {isa = PBXFileReference; explicitFileType = wrapper.cfbundle; includeInIndex = 0; path = testLocalNotificationUITests.xctest; sourceTree = BUILT_PRODUCTS_DIR; };
		4CBBAFFE1CBCACEB00884BE2 /* testLocalNotificationUITests.swift */ = {isa = PBXFileReference; lastKnownFileType = sourcecode.swift; path = testLocalNotificationUITests.swift; sourceTree = "<group>"; };
		4CBBB0001CBCACEB00884BE2 /* Info.plist */ = {isa = PBXFileReference; lastKnownFileType = text.plist.xml; path = Info.plist; sourceTree = "<group>"; };
/* End PBXFileReference section */

/* Begin PBXFrameworksBuildPhase section */
		4CBBAFD81CBCACEA00884BE2 /* Frameworks */ = {
			isa = PBXFrameworksBuildPhase;
			buildActionMask = 2147483647;
			files = (
			);
			runOnlyForDeploymentPostprocessing = 0;
		};
		4CBBAFEC1CBCACEB00884BE2 /* Frameworks */ = {
			isa = PBXFrameworksBuildPhase;
			buildActionMask = 2147483647;
			files = (
			);
			runOnlyForDeploymentPostprocessing = 0;
		};
		4CBBAFF71CBCACEB00884BE2 /* Frameworks */ = {
			isa = PBXFrameworksBuildPhase;
			buildActionMask = 2147483647;
			files = (
			);
			runOnlyForDeploymentPostprocessing = 0;
		};
/* End PBXFrameworksBuildPhase section */

/* Begin PBXGroup section */
		4CBBAFD21CBCACEA00884BE2 = {
			isa = PBXGroup;
			children = (
				4CBBAFDD1CBCACEA00884BE2 /* testLocalNotification */,
				4CBBAFF21CBCACEB00884BE2 /* testLocalNotificationTests */,
				4CBBAFFD1CBCACEB00884BE2 /* testLocalNotificationUITests */,
				4CBBAFDC1CBCACEA00884BE2 /* Products */,
			);
			sourceTree = "<group>";
		};
		4CBBAFDC1CBCACEA00884BE2 /* Products */ = {
			isa = PBXGroup;
			children = (
				4CBBAFDB1CBCACEA00884BE2 /* testLocalNotification.app */,
				4CBBAFEF1CBCACEB00884BE2 /* testLocalNotificationTests.xctest */,
				4CBBAFFA1CBCACEB00884BE2 /* testLocalNotificationUITests.xctest */,
			);
			name = Products;
			sourceTree = "<group>";
		};
		4CBBAFDD1CBCACEA00884BE2 /* testLocalNotification */ = {
			isa = PBXGroup;
			children = (
				4CBBAFDE1CBCACEB00884BE2 /* AppDelegate.swift */,
				4CBBAFE01CBCACEB00884BE2 /* ViewController.swift */,
				4CBBAFE21CBCACEB00884BE2 /* Main.storyboard */,
				4CBBAFE51CBCACEB00884BE2 /* Assets.xcassets */,
				4CBBAFE71CBCACEB00884BE2 /* LaunchScreen.storyboard */,
				4CBBAFEA1CBCACEB00884BE2 /* Info.plist */,
			);
			path = testLocalNotification;
			sourceTree = "<group>";
		};
		4CBBAFF21CBCACEB00884BE2 /* testLocalNotificationTests */ = {
			isa = PBXGroup;
			children = (
				4CBBAFF31CBCACEB00884BE2 /* testLocalNotificationTests.swift */,
				4CBBAFF51CBCACEB00884BE2 /* Info.plist */,
			);
			path = testLocalNotificationTests;
			sourceTree = "<group>";
		};
		4CBBAFFD1CBCACEB00884BE2 /* testLocalNotificationUITests */ = {
			isa = PBXGroup;
			children = (
				4CBBAFFE1CBCACEB00884BE2 /* testLocalNotificationUITests.swift */,
				4CBBB0001CBCACEB00884BE2 /* Info.plist */,
			);
			path = testLocalNotificationUITests;
			sourceTree = "<group>";
		};
/* End PBXGroup section */

/* Begin PBXNativeTarget section */
		4CBBAFDA1CBCACEA00884BE2 /* testLocalNotification */ = {
			isa = PBXNativeTarget;
			buildConfigurationList = 4CBBB0031CBCACEB00884BE2 /* Build configuration list for PBXNativeTarget "testLocalNotification" */;
			buildPhases = (
				4CBBAFD71CBCACEA00884BE2 /* Sources */,
				4CBBAFD81CBCACEA00884BE2 /* Frameworks */,
				4CBBAFD91CBCACEA00884BE2 /* Resources */,
			);
			buildRules = (
			);
			dependencies = (
			);
			name = testLocalNotification;
			productName = testLocalNotification;
			productReference = 4CBBAFDB1CBCACEA00884BE2 /* testLocalNotification.app */;
			productType = "com.apple.product-type.application";
		};
		4CBBAFEE1CBCACEB00884BE2 /* testLocalNotificationTests */ = {
			isa = PBXNativeTarget;
			buildConfigurationList = 4CBBB0061CBCACEB00884BE2 /* Build configuration list for PBXNativeTarget "testLocalNotificationTests" */;
			buildPhases = (
				4CBBAFEB1CBCACEB00884BE2 /* Sources */,
				4CBBAFEC1CBCACEB00884BE2 /* Frameworks */,
				4CBBAFED1CBCACEB00884BE2 /* Resources */,
			);
			buildRules = (
			);
			dependencies = (
				4CBBAFF11CBCACEB00884BE2 /* PBXTargetDependency */,
			);
			name = testLocalNotificationTests;
			productName = testLocalNotificationTests;
			productReference = 4CBBAFEF1CBCACEB00884BE2 /* testLocalNotificationTests.xctest */;
			productType = "com.apple.product-type.bundle.unit-test";
		};
		4CBBAFF91CBCACEB00884BE2 /* testLocalNotificationUITests */ = {
			isa = PBXNativeTarget;
			buildConfigurationList = 4CBBB0091CBCACEB00884BE2 /* Build configuration list for PBXNativeTarget "testLocalNotificationUITests" */;
			buildPhases = (
				4CBBAFF61CBCACEB00884BE2 /* Sources */,
				4CBBAFF71CBCACEB00884BE2 /* Frameworks */,
				4CBBAFF81CBCACEB00884BE2 /* Resources */,
			);
			buildRules = (
			);
			dependencies = (
				4CBBAFFC1CBCACEB00884BE2 /* PBXTargetDependency */,
			);
			name = testLocalNotificationUITests;
			productName = testLocalNotificationUITests;
			productReference = 4CBBAFFA1CBCACEB00884BE2 /* testLocalNotificationUITests.xctest */;
			productType = "com.apple.product-type.bundle.ui-testing";
		};
/* End PBXNativeTarget section */

/* Begin PBXProject section */
		4CBBAFD31CBCACEA00884BE2 /* Project object */ = {
			isa = PBXProject;
			attributes = {
				LastSwiftUpdateCheck = 0730;
				LastUpgradeCheck = 0730;
				ORGANIZATIONNAME = "朱立焜";
				TargetAttributes = {
					4CBBAFDA1CBCACEA00884BE2 = {
						CreatedOnToolsVersion = 7.3;
					};
					4CBBAFEE1CBCACEB00884BE2 = {
						CreatedOnToolsVersion = 7.3;
						TestTargetID = 4CBBAFDA1CBCACEA00884BE2;
					};
					4CBBAFF91CBCACEB00884BE2 = {
						CreatedOnToolsVersion = 7.3;
						TestTargetID = 4CBBAFDA1CBCACEA00884BE2;
					};
				};
			};
			buildConfigurationList = 4CBBAFD61CBCACEA00884BE2 /* Build configuration list for PBXProject "testLocalNotification" */;
			compatibilityVersion = "Xcode 3.2";
			developmentRegion = English;
			hasScannedForEncodings = 0;
			knownRegions = (
				en,
				Base,
			);
			mainGroup = 4CBBAFD21CBCACEA00884BE2;
			productRefGroup = 4CBBAFDC1CBCACEA00884BE2 /* Products */;
			projectDirPath = "";
			projectRoot = "";
			targets = (
				4CBBAFDA1CBCACEA00884BE2 /* testLocalNotification */,
				4CBBAFEE1CBCACEB00884BE2 /* testLocalNotificationTests */,
				4CBBAFF91CBCACEB00884BE2 /* testLocalNotificationUITests */,
			);
		};
/* End PBXProject section */

/* Begin PBXResourcesBuildPhase section */
		4CBBAFD91CBCACEA00884BE2 /* Resources */ = {
			isa = PBXResourcesBuildPhase;
			buildActionMask = 2147483647;
			files = (
				4CBBAFE91CBCACEB00884BE2 /* LaunchScreen.storyboard in Resources */,
				4CBBAFE61CBCACEB00884BE2 /* Assets.xcassets in Resources */,
				4CBBAFE41CBCACEB00884BE2 /* Main.storyboard in Resources */,
			);
			runOnlyForDeploymentPostprocessing = 0;
		};
		4CBBAFED1CBCACEB00884BE2 /* Resources */ = {
			isa = PBXResourcesBuildPhase;
			buildActionMask = 2147483647;
			files = (
			);
			runOnlyForDeploymentPostprocessing = 0;
		};
		4CBBAFF81CBCACEB00884BE2 /* Resources */ = {
			isa = PBXResourcesBuildPhase;
			buildActionMask = 2147483647;
			files = (
			);
			runOnlyForDeploymentPostprocessing = 0;
		};
/* End PBXResourcesBuildPhase section */

/* Begin PBXSourcesBuildPhase section */
		4CBBAFD71CBCACEA00884BE2 /* Sources */ = {
			isa = PBXSourcesBuildPhase;
			buildActionMask = 2147483647;
			files = (
				4CBBAFE11CBCACEB00884BE2 /* ViewController.swift in Sources */,
				4CBBAFDF1CBCACEB00884BE2 /* AppDelegate.swift in Sources */,
			);
			runOnlyForDeploymentPostprocessing = 0;
		};
		4CBBAFEB1CBCACEB00884BE2 /* Sources */ = {
			isa = PBXSourcesBuildPhase;
			buildActionMask = 2147483647;
			files = (
				4CBBAFF41CBCACEB00884BE2 /* testLocalNotificationTests.swift in Sources */,
			);
			runOnlyForDeploymentPostprocessing = 0;
		};
		4CBBAFF61CBCACEB00884BE2 /* Sources */ = {
			isa = PBXSourcesBuildPhase;
			buildActionMask = 2147483647;
			files = (
				4CBBAFFF1CBCACEB00884BE2 /* testLocalNotificationUITests.swift in Sources */,
			);
			runOnlyForDeploymentPostprocessing = 0;
		};
/* End PBXSourcesBuildPhase section */

/* Begin PBXTargetDependency section */
		4CBBAFF11CBCACEB00884BE2 /* PBXTargetDependency */ = {
			isa = PBXTargetDependency;
			target = 4CBBAFDA1CBCACEA00884BE2 /* testLocalNotification */;
			targetProxy = 4CBBAFF01CBCACEB00884BE2 /* PBXContainerItemProxy */;
		};
		4CBBAFFC1CBCACEB00884BE2 /* PBXTargetDependency */ = {
			isa = PBXTargetDependency;
			target = 4CBBAFDA1CBCACEA00884BE2 /* testLocalNotification */;
			targetProxy = 4CBBAFFB1CBCACEB00884BE2 /* PBXContainerItemProxy */;
		};
/* End PBXTargetDependency section */

/* Begin PBXVariantGroup section */
		4CBBAFE21CBCACEB00884BE2 /* Main.storyboard */ = {
			isa = PBXVariantGroup;
			children = (
				4CBBAFE31CBCACEB00884BE2 /* Base */,
			);
			name = Main.storyboard;
			sourceTree = "<group>";
		};
		4CBBAFE71CBCACEB00884BE2 /* LaunchScreen.storyboard */ = {
			isa = PBXVariantGroup;
			children = (
				4CBBAFE81CBCACEB00884BE2 /* Base */,
			);
			name = LaunchScreen.storyboard;
			sourceTree = "<group>";
		};
/* End PBXVariantGroup section */

/* Begin XCBuildConfiguration section */
		4CBBB0011CBCACEB00884BE2 /* Debug */ = {
			isa = XCBuildConfiguration;
			buildSettings = {
				ALWAYS_SEARCH_USER_PATHS = NO;
				CLANG_ANALYZER_NONNULL = YES;
				CLANG_CXX_LANGUAGE_STANDARD = "gnu++0x";
				CLANG_CXX_LIBRARY = "libc++";
				CLANG_ENABLE_MODULES = YES;
				CLANG_ENABLE_OBJC_ARC = YES;
				CLANG_WARN_BOOL_CONVERSION = YES;
				CLANG_WARN_CONSTANT_CONVERSION = YES;
				CLANG_WARN_DIRECT_OBJC_ISA_USAGE = YES_ERROR;
				CLANG_WARN_EMPTY_BODY = YES;
				CLANG_WARN_ENUM_CONVERSION = YES;
				CLANG_WARN_INT_CONVERSION = YES;
				CLANG_WARN_OBJC_ROOT_CLASS = YES_ERROR;
				CLANG_WARN_UNREACHABLE_CODE = YES;
				CLANG_WARN__DUPLICATE_METHOD_MATCH = YES;
				"CODE_SIGN_IDENTITY[sdk=iphoneos*]" = "iPhone Developer";
				COPY_PHASE_STRIP = NO;
				DEBUG_INFORMATION_FORMAT = dwarf;
				ENABLE_STRICT_OBJC_MSGSEND = YES;
				ENABLE_TESTABILITY = YES;
				GCC_C_LANGUAGE_STANDARD = gnu99;
				GCC_DYNAMIC_NO_PIC = NO;
				GCC_NO_COMMON_BLOCKS = YES;
				GCC_OPTIMIZATION_LEVEL = 0;
				GCC_PREPROCESSOR_DEFINITIONS = (
					"DEBUG=1",
					"$(inherited)",
				);
				GCC_WARN_64_TO_32_BIT_CONVERSION = YES;
				GCC_WARN_ABOUT_RETURN_TYPE = YES_ERROR;
				GCC_WARN_UNDECLARED_SELECTOR = YES;
				GCC_WARN_UNINITIALIZED_AUTOS = YES_AGGRESSIVE;
				GCC_WARN_UNUSED_FUNCTION = YES;
				GCC_WARN_UNUSED_VARIABLE = YES;
				IPHONEOS_DEPLOYMENT_TARGET = 9.3;
				MTL_ENABLE_DEBUG_INFO = YES;
				ONLY_ACTIVE_ARCH = YES;
				SDKROOT = iphoneos;
				SWIFT_OPTIMIZATION_LEVEL = "-Onone";
				TARGETED_DEVICE_FAMILY = "1,2";
			};
			name = Debug;
		};
		4CBBB0021CBCACEB00884BE2 /* Release */ = {
			isa = XCBuildConfiguration;
			buildSettings = {
				ALWAYS_SEARCH_USER_PATHS = NO;
				CLANG_ANALYZER_NONNULL = YES;
				CLANG_CXX_LANGUAGE_STANDARD = "gnu++0x";
				CLANG_CXX_LIBRARY = "libc++";
				CLANG_ENABLE_MODULES = YES;
				CLANG_ENABLE_OBJC_ARC = YES;
				CLANG_WARN_BOOL_CONVERSION = YES;
				CLANG_WARN_CONSTANT_CONVERSION = YES;
				CLANG_WARN_DIRECT_OBJC_ISA_USAGE = YES_ERROR;
				CLANG_WARN_EMPTY_BODY = YES;
				CLANG_WARN_ENUM_CONVERSION = YES;
				CLANG_WARN_INT_CONVERSION = YES;
				CLANG_WARN_OBJC_ROOT_CLASS = YES_ERROR;
				CLANG_WARN_UNREACHABLE_CODE = YES;
				CLANG_WARN__DUPLICATE_METHOD_MATCH = YES;
				"CODE_SIGN_IDENTITY[sdk=iphoneos*]" = "iPhone Developer";
				COPY_PHASE_STRIP = NO;
				DEBUG_INFORMATION_FORMAT = "dwarf-with-dsym";
				ENABLE_NS_ASSERTIONS = NO;
				ENABLE_STRICT_OBJC_MSGSEND = YES;
				GCC_C_LANGUAGE_STANDARD = gnu99;
				GCC_NO_COMMON_BLOCKS = YES;
				GCC_WARN_64_TO_32_BIT_CONVERSION = YES;
				GCC_WARN_ABOUT_RETURN_TYPE = YES_ERROR;
				GCC_WARN_UNDECLARED_SELECTOR = YES;
				GCC_WARN_UNINITIALIZED_AUTOS = YES_AGGRESSIVE;
				GCC_WARN_UNUSED_FUNCTION = YES;
				GCC_WARN_UNUSED_VARIABLE = YES;
				IPHONEOS_DEPLOYMENT_TARGET = 9.3;
				MTL_ENABLE_DEBUG_INFO = NO;
				SDKROOT = iphoneos;
				TARGETED_DEVICE_FAMILY = "1,2";
				VALIDATE_PRODUCT = YES;
			};
			name = Release;
		};
		4CBBB0041CBCACEB00884BE2 /* Debug */ = {
			isa = XCBuildConfiguration;
			buildSettings = {
				ASSETCATALOG_COMPILER_APPICON_NAME = AppIcon;
				INFOPLIST_FILE = testLocalNotification/Info.plist;
				IPHONEOS_DEPLOYMENT_TARGET = 9.0;
				LD_RUNPATH_SEARCH_PATHS = "$(inherited) @executable_path/Frameworks";
				PRODUCT_BUNDLE_IDENTIFIER = com.zcill.testLocalNotification;
				PRODUCT_NAME = "$(TARGET_NAME)";
			};
			name = Debug;
		};
		4CBBB0051CBCACEB00884BE2 /* Release */ = {
			isa = XCBuildConfiguration;
			buildSettings = {
				ASSETCATALOG_COMPILER_APPICON_NAME = AppIcon;
				INFOPLIST_FILE = testLocalNotification/Info.plist;
				IPHONEOS_DEPLOYMENT_TARGET = 9.0;
				LD_RUNPATH_SEARCH_PATHS = "$(inherited) @executable_path/Frameworks";
				PRODUCT_BUNDLE_IDENTIFIER = com.zcill.testLocalNotification;
				PRODUCT_NAME = "$(TARGET_NAME)";
			};
			name = Release;
		};
		4CBBB0071CBCACEB00884BE2 /* Debug */ = {
			isa = XCBuildConfiguration;
			buildSettings = {
				BUNDLE_LOADER = "$(TEST_HOST)";
				INFOPLIST_FILE = testLocalNotificationTests/Info.plist;
				LD_RUNPATH_SEARCH_PATHS = "$(inherited) @executable_path/Frameworks @loader_path/Frameworks";
				PRODUCT_BUNDLE_IDENTIFIER = com.zcill.testLocalNotificationTests;
				PRODUCT_NAME = "$(TARGET_NAME)";
				TEST_HOST = "$(BUILT_PRODUCTS_DIR)/testLocalNotification.app/testLocalNotification";
			};
			name = Debug;
		};
		4CBBB0081CBCACEB00884BE2 /* Release */ = {
			isa = XCBuildConfiguration;
			buildSettings = {
				BUNDLE_LOADER = "$(TEST_HOST)";
				INFOPLIST_FILE = testLocalNotificationTests/Info.plist;
				LD_RUNPATH_SEARCH_PATHS = "$(inherited) @executable_path/Frameworks @loader_path/Frameworks";
				PRODUCT_BUNDLE_IDENTIFIER = com.zcill.testLocalNotificationTests;
				PRODUCT_NAME = "$(TARGET_NAME)";
				TEST_HOST = "$(BUILT_PRODUCTS_DIR)/testLocalNotification.app/testLocalNotification";
			};
			name = Release;
		};
		4CBBB00A1CBCACEB00884BE2 /* Debug */ = {
			isa = XCBuildConfiguration;
			buildSettings = {
				INFOPLIST_FILE = testLocalNotificationUITests/Info.plist;
				LD_RUNPATH_SEARCH_PATHS = "$(inherited) @executable_path/Frameworks @loader_path/Frameworks";
				PRODUCT_BUNDLE_IDENTIFIER = com.zcill.testLocalNotificationUITests;
				PRODUCT_NAME = "$(TARGET_NAME)";
				TEST_TARGET_NAME = testLocalNotification;
			};
			name = Debug;
		};
		4CBBB00B1CBCACEB00884BE2 /* Release */ = {
			isa = XCBuildConfiguration;
			buildSettings = {
				INFOPLIST_FILE = testLocalNotificationUITests/Info.plist;
				LD_RUNPATH_SEARCH_PATHS = "$(inherited) @executable_path/Frameworks @loader_path/Frameworks";
				PRODUCT_BUNDLE_IDENTIFIER = com.zcill.testLocalNotificationUITests;
				PRODUCT_NAME = "$(TARGET_NAME)";
				TEST_TARGET_NAME = testLocalNotification;
			};
			name = Release;
		};
/* End XCBuildConfiguration section */

/* Begin XCConfigurationList section */
		4CBBAFD61CBCACEA00884BE2 /* Build configuration list for PBXProject "testLocalNotification" */ = {
			isa = XCConfigurationList;
			buildConfigurations = (
				4CBBB0011CBCACEB00884BE2 /* Debug */,
				4CBBB0021CBCACEB00884BE2 /* Release */,
			);
			defaultConfigurationIsVisible = 0;
			defaultConfigurationName = Release;
		};
		4CBBB0031CBCACEB00884BE2 /* Build configuration list for PBXNativeTarget "testLocalNotification" */ = {
			isa = XCConfigurationList;
			buildConfigurations = (
				4CBBB0041CBCACEB00884BE2 /* Debug */,
				4CBBB0051CBCACEB00884BE2 /* Release */,
			);
			defaultConfigurationIsVisible = 0;
		};
		4CBBB0061CBCACEB00884BE2 /* Build configuration list for PBXNativeTarget "testLocalNotificationTests" */ = {
			isa = XCConfigurationList;
			buildConfigurations = (
				4CBBB0071CBCACEB00884BE2 /* Debug */,
				4CBBB0081CBCACEB00884BE2 /* Release */,
			);
			defaultConfigurationIsVisible = 0;
		};
		4CBBB0091CBCACEB00884BE2 /* Build configuration list for PBXNativeTarget "testLocalNotificationUITests" */ = {
			isa = XCConfigurationList;
			buildConfigurations = (
				4CBBB00A1CBCACEB00884BE2 /* Debug */,
				4CBBB00B1CBCACEB00884BE2 /* Release */,
			);
			defaultConfigurationIsVisible = 0;
		};
/* End XCConfigurationList section */
	};
	rootObject = 4CBBAFD31CBCACEA00884BE2 /* Project object */;
}
