// !$*UTF8*$!
{
	archiveVersion = 1;
	classes = {
	};
	objectVersion = 46;
	objects = {

/* Begin PBXBuildFile section */
		4CE75F691C87F11C000FBEB0 /* AppDelegate.swift in Sources */ = {isa = PBXBuildFile; fileRef = 4CE75F681C87F11C000FBEB0 /* AppDelegate.swift */; };
		4CE75F6B1C87F11C000FBEB0 /* ViewController.swift in Sources */ = {isa = PBXBuildFile; fileRef = 4CE75F6A1C87F11C000FBEB0 /* ViewController.swift */; };
		4CE75F6E1C87F11C000FBEB0 /* Main.storyboard in Resources */ = {isa = PBXBuildFile; fileRef = 4CE75F6C1C87F11C000FBEB0 /* Main.storyboard */; };
		4CE75F701C87F11C000FBEB0 /* Assets.xcassets in Resources */ = {isa = PBXBuildFile; fileRef = 4CE75F6F1C87F11C000FBEB0 /* Assets.xcassets */; };
		4CE75F731C87F11C000FBEB0 /* LaunchScreen.storyboard in Resources */ = {isa = PBXBuildFile; fileRef = 4CE75F711C87F11C000FBEB0 /* LaunchScreen.storyboard */; };
		4CE75F7E1C87F11C000FBEB0 /* Demo5_iCarouselTests.swift in Sources */ = {isa = PBXBuildFile; fileRef = 4CE75F7D1C87F11C000FBEB0 /* Demo5_iCarouselTests.swift */; };
		4CE75F891C87F11C000FBEB0 /* Demo5_iCarouselUITests.swift in Sources */ = {isa = PBXBuildFile; fileRef = 4CE75F881C87F11C000FBEB0 /* Demo5_iCarouselUITests.swift */; };
		4CE75F971C8813B2000FBEB0 /* InterestCollectionViewCell.swift in Sources */ = {isa = PBXBuildFile; fileRef = 4CE75F961C8813B2000FBEB0 /* InterestCollectionViewCell.swift */; };
		4CE75F991C8813DF000FBEB0 /* Interest.swift in Sources */ = {isa = PBXBuildFile; fileRef = 4CE75F981C8813DF000FBEB0 /* Interest.swift */; };
/* End PBXBuildFile section */

/* Begin PBXContainerItemProxy section */
		4CE75F7A1C87F11C000FBEB0 /* PBXContainerItemProxy */ = {
			isa = PBXContainerItemProxy;
			containerPortal = 4CE75F5D1C87F11C000FBEB0 /* Project object */;
			proxyType = 1;
			remoteGlobalIDString = 4CE75F641C87F11C000FBEB0;
			remoteInfo = "Demo5-iCarousel";
		};
		4CE75F851C87F11C000FBEB0 /* PBXContainerItemProxy */ = {
			isa = PBXContainerItemProxy;
			containerPortal = 4CE75F5D1C87F11C000FBEB0 /* Project object */;
			proxyType = 1;
			remoteGlobalIDString = 4CE75F641C87F11C000FBEB0;
			remoteInfo = "Demo5-iCarousel";
		};
/* End PBXContainerItemProxy section */

/* Begin PBXFileReference section */
		4CE75F651C87F11C000FBEB0 /* Demo5-iCarousel.app */ = {isa = PBXFileReference; explicitFileType = wrapper.application; includeInIndex = 0; path = "Demo5-iCarousel.app"; sourceTree = BUILT_PRODUCTS_DIR; };
		4CE75F681C87F11C000FBEB0 /* AppDelegate.swift */ = {isa = PBXFileReference; lastKnownFileType = sourcecode.swift; path = AppDelegate.swift; sourceTree = "<group>"; };
		4CE75F6A1C87F11C000FBEB0 /* ViewController.swift */ = {isa = PBXFileReference; lastKnownFileType = sourcecode.swift; path = ViewController.swift; sourceTree = "<group>"; };
		4CE75F6D1C87F11C000FBEB0 /* Base */ = {isa = PBXFileReference; lastKnownFileType = file.storyboard; name = Base; path = Base.lproj/Main.storyboard; sourceTree = "<group>"; };
		4CE75F6F1C87F11C000FBEB0 /* Assets.xcassets */ = {isa = PBXFileReference; lastKnownFileType = folder.assetcatalog; path = Assets.xcassets; sourceTree = "<group>"; };
		4CE75F721C87F11C000FBEB0 /* Base */ = {isa = PBXFileReference; lastKnownFileType = file.storyboard; name = Base; path = Base.lproj/LaunchScreen.storyboard; sourceTree = "<group>"; };
		4CE75F741C87F11C000FBEB0 /* Info.plist */ = {isa = PBXFileReference; lastKnownFileType = text.plist.xml; path = Info.plist; sourceTree = "<group>"; };
		4CE75F791C87F11C000FBEB0 /* Demo5-iCarouselTests.xctest */ = {isa = PBXFileReference; explicitFileType = wrapper.cfbundle; includeInIndex = 0; path = "Demo5-iCarouselTests.xctest"; sourceTree = BUILT_PRODUCTS_DIR; };
		4CE75F7D1C87F11C000FBEB0 /* Demo5_iCarouselTests.swift */ = {isa = PBXFileReference; lastKnownFileType = sourcecode.swift; path = Demo5_iCarouselTests.swift; sourceTree = "<group>"; };
		4CE75F7F1C87F11C000FBEB0 /* Info.plist */ = {isa = PBXFileReference; lastKnownFileType = text.plist.xml; path = Info.plist; sourceTree = "<group>"; };
		4CE75F841C87F11C000FBEB0 /* Demo5-iCarouselUITests.xctest */ = {isa = PBXFileReference; explicitFileType = wrapper.cfbundle; includeInIndex = 0; path = "Demo5-iCarouselUITests.xctest"; sourceTree = BUILT_PRODUCTS_DIR; };
		4CE75F881C87F11C000FBEB0 /* Demo5_iCarouselUITests.swift */ = {isa = PBXFileReference; lastKnownFileType = sourcecode.swift; path = Demo5_iCarouselUITests.swift; sourceTree = "<group>"; };
		4CE75F8A1C87F11C000FBEB0 /* Info.plist */ = {isa = PBXFileReference; lastKnownFileType = text.plist.xml; path = Info.plist; sourceTree = "<group>"; };
		4CE75F961C8813B2000FBEB0 /* InterestCollectionViewCell.swift */ = {isa = PBXFileReference; fileEncoding = 4; lastKnownFileType = sourcecode.swift; path = InterestCollectionViewCell.swift; sourceTree = "<group>"; };
		4CE75F981C8813DF000FBEB0 /* Interest.swift */ = {isa = PBXFileReference; fileEncoding = 4; lastKnownFileType = sourcecode.swift; path = Interest.swift; sourceTree = "<group>"; };
/* End PBXFileReference section */

/* Begin PBXFrameworksBuildPhase section */
		4CE75F621C87F11C000FBEB0 /* Frameworks */ = {
			isa = PBXFrameworksBuildPhase;
			buildActionMask = 2147483647;
			files = (
			);
			runOnlyForDeploymentPostprocessing = 0;
		};
		4CE75F761C87F11C000FBEB0 /* Frameworks */ = {
			isa = PBXFrameworksBuildPhase;
			buildActionMask = 2147483647;
			files = (
			);
			runOnlyForDeploymentPostprocessing = 0;
		};
		4CE75F811C87F11C000FBEB0 /* Frameworks */ = {
			isa = PBXFrameworksBuildPhase;
			buildActionMask = 2147483647;
			files = (
			);
			runOnlyForDeploymentPostprocessing = 0;
		};
/* End PBXFrameworksBuildPhase section */

/* Begin PBXGroup section */
		4CE75F5C1C87F11C000FBEB0 = {
			isa = PBXGroup;
			children = (
				4CE75F671C87F11C000FBEB0 /* Demo5-iCarousel */,
				4CE75F7C1C87F11C000FBEB0 /* Demo5-iCarouselTests */,
				4CE75F871C87F11C000FBEB0 /* Demo5-iCarouselUITests */,
				4CE75F661C87F11C000FBEB0 /* Products */,
			);
			sourceTree = "<group>";
		};
		4CE75F661C87F11C000FBEB0 /* Products */ = {
			isa = PBXGroup;
			children = (
				4CE75F651C87F11C000FBEB0 /* Demo5-iCarousel.app */,
				4CE75F791C87F11C000FBEB0 /* Demo5-iCarouselTests.xctest */,
				4CE75F841C87F11C000FBEB0 /* Demo5-iCarouselUITests.xctest */,
			);
			name = Products;
			sourceTree = "<group>";
		};
		4CE75F671C87F11C000FBEB0 /* Demo5-iCarousel */ = {
			isa = PBXGroup;
			children = (
				4CE75F681C87F11C000FBEB0 /* AppDelegate.swift */,
				4CE75F6A1C87F11C000FBEB0 /* ViewController.swift */,
				4CE75F961C8813B2000FBEB0 /* InterestCollectionViewCell.swift */,
				4CE75F981C8813DF000FBEB0 /* Interest.swift */,
				4CE75F6C1C87F11C000FBEB0 /* Main.storyboard */,
				4CE75F6F1C87F11C000FBEB0 /* Assets.xcassets */,
				4CE75F711C87F11C000FBEB0 /* LaunchScreen.storyboard */,
				4CE75F741C87F11C000FBEB0 /* Info.plist */,
			);
			path = "Demo5-iCarousel";
			sourceTree = "<group>";
		};
		4CE75F7C1C87F11C000FBEB0 /* Demo5-iCarouselTests */ = {
			isa = PBXGroup;
			children = (
				4CE75F7D1C87F11C000FBEB0 /* Demo5_iCarouselTests.swift */,
				4CE75F7F1C87F11C000FBEB0 /* Info.plist */,
			);
			path = "Demo5-iCarouselTests";
			sourceTree = "<group>";
		};
		4CE75F871C87F11C000FBEB0 /* Demo5-iCarouselUITests */ = {
			isa = PBXGroup;
			children = (
				4CE75F881C87F11C000FBEB0 /* Demo5_iCarouselUITests.swift */,
				4CE75F8A1C87F11C000FBEB0 /* Info.plist */,
			);
			path = "Demo5-iCarouselUITests";
			sourceTree = "<group>";
		};
/* End PBXGroup section */

/* Begin PBXNativeTarget section */
		4CE75F641C87F11C000FBEB0 /* Demo5-iCarousel */ = {
			isa = PBXNativeTarget;
			buildConfigurationList = 4CE75F8D1C87F11C000FBEB0 /* Build configuration list for PBXNativeTarget "Demo5-iCarousel" */;
			buildPhases = (
				4CE75F611C87F11C000FBEB0 /* Sources */,
				4CE75F621C87F11C000FBEB0 /* Frameworks */,
				4CE75F631C87F11C000FBEB0 /* Resources */,
			);
			buildRules = (
			);
			dependencies = (
			);
			name = "Demo5-iCarousel";
			productName = "Demo5-iCarousel";
			productReference = 4CE75F651C87F11C000FBEB0 /* Demo5-iCarousel.app */;
			productType = "com.apple.product-type.application";
		};
		4CE75F781C87F11C000FBEB0 /* Demo5-iCarouselTests */ = {
			isa = PBXNativeTarget;
			buildConfigurationList = 4CE75F901C87F11C000FBEB0 /* Build configuration list for PBXNativeTarget "Demo5-iCarouselTests" */;
			buildPhases = (
				4CE75F751C87F11C000FBEB0 /* Sources */,
				4CE75F761C87F11C000FBEB0 /* Frameworks */,
				4CE75F771C87F11C000FBEB0 /* Resources */,
			);
			buildRules = (
			);
			dependencies = (
				4CE75F7B1C87F11C000FBEB0 /* PBXTargetDependency */,
			);
			name = "Demo5-iCarouselTests";
			productName = "Demo5-iCarouselTests";
			productReference = 4CE75F791C87F11C000FBEB0 /* Demo5-iCarouselTests.xctest */;
			productType = "com.apple.product-type.bundle.unit-test";
		};
		4CE75F831C87F11C000FBEB0 /* Demo5-iCarouselUITests */ = {
			isa = PBXNativeTarget;
			buildConfigurationList = 4CE75F931C87F11C000FBEB0 /* Build configuration list for PBXNativeTarget "Demo5-iCarouselUITests" */;
			buildPhases = (
				4CE75F801C87F11C000FBEB0 /* Sources */,
				4CE75F811C87F11C000FBEB0 /* Frameworks */,
				4CE75F821C87F11C000FBEB0 /* Resources */,
			);
			buildRules = (
			);
			dependencies = (
				4CE75F861C87F11C000FBEB0 /* PBXTargetDependency */,
			);
			name = "Demo5-iCarouselUITests";
			productName = "Demo5-iCarouselUITests";
			productReference = 4CE75F841C87F11C000FBEB0 /* Demo5-iCarouselUITests.xctest */;
			productType = "com.apple.product-type.bundle.ui-testing";
		};
/* End PBXNativeTarget section */

/* Begin PBXProject section */
		4CE75F5D1C87F11C000FBEB0 /* Project object */ = {
			isa = PBXProject;
			attributes = {
				LastSwiftUpdateCheck = 0720;
				LastUpgradeCheck = 0720;
				ORGANIZATIONNAME = "朱立焜";
				TargetAttributes = {
					4CE75F641C87F11C000FBEB0 = {
						CreatedOnToolsVersion = 7.2.1;
					};
					4CE75F781C87F11C000FBEB0 = {
						CreatedOnToolsVersion = 7.2.1;
						TestTargetID = 4CE75F641C87F11C000FBEB0;
					};
					4CE75F831C87F11C000FBEB0 = {
						CreatedOnToolsVersion = 7.2.1;
						TestTargetID = 4CE75F641C87F11C000FBEB0;
					};
				};
			};
			buildConfigurationList = 4CE75F601C87F11C000FBEB0 /* Build configuration list for PBXProject "Demo5-iCarousel" */;
			compatibilityVersion = "Xcode 3.2";
			developmentRegion = English;
			hasScannedForEncodings = 0;
			knownRegions = (
				en,
				Base,
			);
			mainGroup = 4CE75F5C1C87F11C000FBEB0;
			productRefGroup = 4CE75F661C87F11C000FBEB0 /* Products */;
			projectDirPath = "";
			projectRoot = "";
			targets = (
				4CE75F641C87F11C000FBEB0 /* Demo5-iCarousel */,
				4CE75F781C87F11C000FBEB0 /* Demo5-iCarouselTests */,
				4CE75F831C87F11C000FBEB0 /* Demo5-iCarouselUITests */,
			);
		};
/* End PBXProject section */

/* Begin PBXResourcesBuildPhase section */
		4CE75F631C87F11C000FBEB0 /* Resources */ = {
			isa = PBXResourcesBuildPhase;
			buildActionMask = 2147483647;
			files = (
				4CE75F731C87F11C000FBEB0 /* LaunchScreen.storyboard in Resources */,
				4CE75F701C87F11C000FBEB0 /* Assets.xcassets in Resources */,
				4CE75F6E1C87F11C000FBEB0 /* Main.storyboard in Resources */,
			);
			runOnlyForDeploymentPostprocessing = 0;
		};
		4CE75F771C87F11C000FBEB0 /* Resources */ = {
			isa = PBXResourcesBuildPhase;
			buildActionMask = 2147483647;
			files = (
			);
			runOnlyForDeploymentPostprocessing = 0;
		};
		4CE75F821C87F11C000FBEB0 /* Resources */ = {
			isa = PBXResourcesBuildPhase;
			buildActionMask = 2147483647;
			files = (
			);
			runOnlyForDeploymentPostprocessing = 0;
		};
/* End PBXResourcesBuildPhase section */

/* Begin PBXSourcesBuildPhase section */
		4CE75F611C87F11C000FBEB0 /* Sources */ = {
			isa = PBXSourcesBuildPhase;
			buildActionMask = 2147483647;
			files = (
				4CE75F971C8813B2000FBEB0 /* InterestCollectionViewCell.swift in Sources */,
				4CE75F6B1C87F11C000FBEB0 /* ViewController.swift in Sources */,
				4CE75F691C87F11C000FBEB0 /* AppDelegate.swift in Sources */,
				4CE75F991C8813DF000FBEB0 /* Interest.swift in Sources */,
			);
			runOnlyForDeploymentPostprocessing = 0;
		};
		4CE75F751C87F11C000FBEB0 /* Sources */ = {
			isa = PBXSourcesBuildPhase;
			buildActionMask = 2147483647;
			files = (
				4CE75F7E1C87F11C000FBEB0 /* Demo5_iCarouselTests.swift in Sources */,
			);
			runOnlyForDeploymentPostprocessing = 0;
		};
		4CE75F801C87F11C000FBEB0 /* Sources */ = {
			isa = PBXSourcesBuildPhase;
			buildActionMask = 2147483647;
			files = (
				4CE75F891C87F11C000FBEB0 /* Demo5_iCarouselUITests.swift in Sources */,
			);
			runOnlyForDeploymentPostprocessing = 0;
		};
/* End PBXSourcesBuildPhase section */

/* Begin PBXTargetDependency section */
		4CE75F7B1C87F11C000FBEB0 /* PBXTargetDependency */ = {
			isa = PBXTargetDependency;
			target = 4CE75F641C87F11C000FBEB0 /* Demo5-iCarousel */;
			targetProxy = 4CE75F7A1C87F11C000FBEB0 /* PBXContainerItemProxy */;
		};
		4CE75F861C87F11C000FBEB0 /* PBXTargetDependency */ = {
			isa = PBXTargetDependency;
			target = 4CE75F641C87F11C000FBEB0 /* Demo5-iCarousel */;
			targetProxy = 4CE75F851C87F11C000FBEB0 /* PBXContainerItemProxy */;
		};
/* End PBXTargetDependency section */

/* Begin PBXVariantGroup section */
		4CE75F6C1C87F11C000FBEB0 /* Main.storyboard */ = {
			isa = PBXVariantGroup;
			children = (
				4CE75F6D1C87F11C000FBEB0 /* Base */,
			);
			name = Main.storyboard;
			sourceTree = "<group>";
		};
		4CE75F711C87F11C000FBEB0 /* LaunchScreen.storyboard */ = {
			isa = PBXVariantGroup;
			children = (
				4CE75F721C87F11C000FBEB0 /* Base */,
			);
			name = LaunchScreen.storyboard;
			sourceTree = "<group>";
		};
/* End PBXVariantGroup section */

/* Begin XCBuildConfiguration section */
		4CE75F8B1C87F11C000FBEB0 /* Debug */ = {
			isa = XCBuildConfiguration;
			buildSettings = {
				ALWAYS_SEARCH_USER_PATHS = NO;
				CLANG_CXX_LANGUAGE_STANDARD = "gnu++0x";
				CLANG_CXX_LIBRARY = "libc++";
				CLANG_ENABLE_MODULES = YES;
				CLANG_ENABLE_OBJC_ARC = YES;
				CLANG_WARN_BOOL_CONVERSION = YES;
				CLANG_WARN_CONSTANT_CONVERSION = YES;
				CLANG_WARN_DIRECT_OBJC_ISA_USAGE = YES_ERROR;
				CLANG_WARN_EMPTY_BODY = YES;
				CLANG_WARN_ENUM_CONVERSION = YES;
				CLANG_WARN_INT_CONVERSION = YES;
				CLANG_WARN_OBJC_ROOT_CLASS = YES_ERROR;
				CLANG_WARN_UNREACHABLE_CODE = YES;
				CLANG_WARN__DUPLICATE_METHOD_MATCH = YES;
				"CODE_SIGN_IDENTITY[sdk=iphoneos*]" = "iPhone Developer";
				COPY_PHASE_STRIP = NO;
				DEBUG_INFORMATION_FORMAT = dwarf;
				ENABLE_STRICT_OBJC_MSGSEND = YES;
				ENABLE_TESTABILITY = YES;
				GCC_C_LANGUAGE_STANDARD = gnu99;
				GCC_DYNAMIC_NO_PIC = NO;
				GCC_NO_COMMON_BLOCKS = YES;
				GCC_OPTIMIZATION_LEVEL = 0;
				GCC_PREPROCESSOR_DEFINITIONS = (
					"DEBUG=1",
					"$(inherited)",
				);
				GCC_WARN_64_TO_32_BIT_CONVERSION = YES;
				GCC_WARN_ABOUT_RETURN_TYPE = YES_ERROR;
				GCC_WARN_UNDECLARED_SELECTOR = YES;
				GCC_WARN_UNINITIALIZED_AUTOS = YES_AGGRESSIVE;
				GCC_WARN_UNUSED_FUNCTION = YES;
				GCC_WARN_UNUSED_VARIABLE = YES;
				IPHONEOS_DEPLOYMENT_TARGET = 9.2;
				MTL_ENABLE_DEBUG_INFO = YES;
				ONLY_ACTIVE_ARCH = YES;
				SDKROOT = iphoneos;
				SWIFT_OPTIMIZATION_LEVEL = "-Onone";
			};
			name = Debug;
		};
		4CE75F8C1C87F11C000FBEB0 /* Release */ = {
			isa = XCBuildConfiguration;
			buildSettings = {
				ALWAYS_SEARCH_USER_PATHS = NO;
				CLANG_CXX_LANGUAGE_STANDARD = "gnu++0x";
				CLANG_CXX_LIBRARY = "libc++";
				CLANG_ENABLE_MODULES = YES;
				CLANG_ENABLE_OBJC_ARC = YES;
				CLANG_WARN_BOOL_CONVERSION = YES;
				CLANG_WARN_CONSTANT_CONVERSION = YES;
				CLANG_WARN_DIRECT_OBJC_ISA_USAGE = YES_ERROR;
				CLANG_WARN_EMPTY_BODY = YES;
				CLANG_WARN_ENUM_CONVERSION = YES;
				CLANG_WARN_INT_CONVERSION = YES;
				CLANG_WARN_OBJC_ROOT_CLASS = YES_ERROR;
				CLANG_WARN_UNREACHABLE_CODE = YES;
				CLANG_WARN__DUPLICATE_METHOD_MATCH = YES;
				"CODE_SIGN_IDENTITY[sdk=iphoneos*]" = "iPhone Developer";
				COPY_PHASE_STRIP = NO;
				DEBUG_INFORMATION_FORMAT = "dwarf-with-dsym";
				ENABLE_NS_ASSERTIONS = NO;
				ENABLE_STRICT_OBJC_MSGSEND = YES;
				GCC_C_LANGUAGE_STANDARD = gnu99;
				GCC_NO_COMMON_BLOCKS = YES;
				GCC_WARN_64_TO_32_BIT_CONVERSION = YES;
				GCC_WARN_ABOUT_RETURN_TYPE = YES_ERROR;
				GCC_WARN_UNDECLARED_SELECTOR = YES;
				GCC_WARN_UNINITIALIZED_AUTOS = YES_AGGRESSIVE;
				GCC_WARN_UNUSED_FUNCTION = YES;
				GCC_WARN_UNUSED_VARIABLE = YES;
				IPHONEOS_DEPLOYMENT_TARGET = 9.2;
				MTL_ENABLE_DEBUG_INFO = NO;
				SDKROOT = iphoneos;
				VALIDATE_PRODUCT = YES;
			};
			name = Release;
		};
		4CE75F8E1C87F11C000FBEB0 /* Debug */ = {
			isa = XCBuildConfiguration;
			buildSettings = {
				ASSETCATALOG_COMPILER_APPICON_NAME = AppIcon;
				INFOPLIST_FILE = "Demo5-iCarousel/Info.plist";
				IPHONEOS_DEPLOYMENT_TARGET = 9.0;
				LD_RUNPATH_SEARCH_PATHS = "$(inherited) @executable_path/Frameworks";
				PRODUCT_BUNDLE_IDENTIFIER = "com.zcill.Demo5-iCarousel";
				PRODUCT_NAME = "$(TARGET_NAME)";
			};
			name = Debug;
		};
		4CE75F8F1C87F11C000FBEB0 /* Release */ = {
			isa = XCBuildConfiguration;
			buildSettings = {
				ASSETCATALOG_COMPILER_APPICON_NAME = AppIcon;
				INFOPLIST_FILE = "Demo5-iCarousel/Info.plist";
				IPHONEOS_DEPLOYMENT_TARGET = 9.0;
				LD_RUNPATH_SEARCH_PATHS = "$(inherited) @executable_path/Frameworks";
				PRODUCT_BUNDLE_IDENTIFIER = "com.zcill.Demo5-iCarousel";
				PRODUCT_NAME = "$(TARGET_NAME)";
			};
			name = Release;
		};
		4CE75F911C87F11C000FBEB0 /* Debug */ = {
			isa = XCBuildConfiguration;
			buildSettings = {
				BUNDLE_LOADER = "$(TEST_HOST)";
				INFOPLIST_FILE = "Demo5-iCarouselTests/Info.plist";
				LD_RUNPATH_SEARCH_PATHS = "$(inherited) @executable_path/Frameworks @loader_path/Frameworks";
				PRODUCT_BUNDLE_IDENTIFIER = "com.zcill.Demo5-iCarouselTests";
				PRODUCT_NAME = "$(TARGET_NAME)";
				TEST_HOST = "$(BUILT_PRODUCTS_DIR)/Demo5-iCarousel.app/Demo5-iCarousel";
			};
			name = Debug;
		};
		4CE75F921C87F11C000FBEB0 /* Release */ = {
			isa = XCBuildConfiguration;
			buildSettings = {
				BUNDLE_LOADER = "$(TEST_HOST)";
				INFOPLIST_FILE = "Demo5-iCarouselTests/Info.plist";
				LD_RUNPATH_SEARCH_PATHS = "$(inherited) @executable_path/Frameworks @loader_path/Frameworks";
				PRODUCT_BUNDLE_IDENTIFIER = "com.zcill.Demo5-iCarouselTests";
				PRODUCT_NAME = "$(TARGET_NAME)";
				TEST_HOST = "$(BUILT_PRODUCTS_DIR)/Demo5-iCarousel.app/Demo5-iCarousel";
			};
			name = Release;
		};
		4CE75F941C87F11C000FBEB0 /* Debug */ = {
			isa = XCBuildConfiguration;
			buildSettings = {
				INFOPLIST_FILE = "Demo5-iCarouselUITests/Info.plist";
				LD_RUNPATH_SEARCH_PATHS = "$(inherited) @executable_path/Frameworks @loader_path/Frameworks";
				PRODUCT_BUNDLE_IDENTIFIER = "com.zcill.Demo5-iCarouselUITests";
				PRODUCT_NAME = "$(TARGET_NAME)";
				TEST_TARGET_NAME = "Demo5-iCarousel";
				USES_XCTRUNNER = YES;
			};
			name = Debug;
		};
		4CE75F951C87F11C000FBEB0 /* Release */ = {
			isa = XCBuildConfiguration;
			buildSettings = {
				INFOPLIST_FILE = "Demo5-iCarouselUITests/Info.plist";
				LD_RUNPATH_SEARCH_PATHS = "$(inherited) @executable_path/Frameworks @loader_path/Frameworks";
				PRODUCT_BUNDLE_IDENTIFIER = "com.zcill.Demo5-iCarouselUITests";
				PRODUCT_NAME = "$(TARGET_NAME)";
				TEST_TARGET_NAME = "Demo5-iCarousel";
				USES_XCTRUNNER = YES;
			};
			name = Release;
		};
/* End XCBuildConfiguration section */

/* Begin XCConfigurationList section */
		4CE75F601C87F11C000FBEB0 /* Build configuration list for PBXProject "Demo5-iCarousel" */ = {
			isa = XCConfigurationList;
			buildConfigurations = (
				4CE75F8B1C87F11C000FBEB0 /* Debug */,
				4CE75F8C1C87F11C000FBEB0 /* Release */,
			);
			defaultConfigurationIsVisible = 0;
			defaultConfigurationName = Release;
		};
		4CE75F8D1C87F11C000FBEB0 /* Build configuration list for PBXNativeTarget "Demo5-iCarousel" */ = {
			isa = XCConfigurationList;
			buildConfigurations = (
				4CE75F8E1C87F11C000FBEB0 /* Debug */,
				4CE75F8F1C87F11C000FBEB0 /* Release */,
			);
			defaultConfigurationIsVisible = 0;
		};
		4CE75F901C87F11C000FBEB0 /* Build configuration list for PBXNativeTarget "Demo5-iCarouselTests" */ = {
			isa = XCConfigurationList;
			buildConfigurations = (
				4CE75F911C87F11C000FBEB0 /* Debug */,
				4CE75F921C87F11C000FBEB0 /* Release */,
			);
			defaultConfigurationIsVisible = 0;
		};
		4CE75F931C87F11C000FBEB0 /* Build configuration list for PBXNativeTarget "Demo5-iCarouselUITests" */ = {
			isa = XCConfigurationList;
			buildConfigurations = (
				4CE75F941C87F11C000FBEB0 /* Debug */,
				4CE75F951C87F11C000FBEB0 /* Release */,
			);
			defaultConfigurationIsVisible = 0;
		};
/* End XCConfigurationList section */
	};
	rootObject = 4CE75F5D1C87F11C000FBEB0 /* Project object */;
}
