// !$*UTF8*$!
{
	archiveVersion = 1;
	classes = {
	};
	objectVersion = 46;
	objects = {

/* Begin PBXBuildFile section */
		4C4F17541C772BEB003FE2A3 /* AppDelegate.swift in Sources */ = {isa = PBXBuildFile; fileRef = 4C4F17531C772BEB003FE2A3 /* AppDelegate.swift */; };
		4C4F17561C772BEB003FE2A3 /* ViewController.swift in Sources */ = {isa = PBXBuildFile; fileRef = 4C4F17551C772BEB003FE2A3 /* ViewController.swift */; };
		4C4F17591C772BEB003FE2A3 /* Main.storyboard in Resources */ = {isa = PBXBuildFile; fileRef = 4C4F17571C772BEB003FE2A3 /* Main.storyboard */; };
		4C4F175B1C772BEB003FE2A3 /* Assets.xcassets in Resources */ = {isa = PBXBuildFile; fileRef = 4C4F175A1C772BEB003FE2A3 /* Assets.xcassets */; };
		4C4F175E1C772BEB003FE2A3 /* LaunchScreen.storyboard in Resources */ = {isa = PBXBuildFile; fileRef = 4C4F175C1C772BEB003FE2A3 /* LaunchScreen.storyboard */; };
		4C4F17691C772BEB003FE2A3 /* Demo4_SnapChatCameraMenuTests.swift in Sources */ = {isa = PBXBuildFile; fileRef = 4C4F17681C772BEB003FE2A3 /* Demo4_SnapChatCameraMenuTests.swift */; };
		4C4F17741C772BEB003FE2A3 /* Demo4_SnapChatCameraMenuUITests.swift in Sources */ = {isa = PBXBuildFile; fileRef = 4C4F17731C772BEB003FE2A3 /* Demo4_SnapChatCameraMenuUITests.swift */; };
		4C4F17831C77313B003FE2A3 /* LeftView.swift in Sources */ = {isa = PBXBuildFile; fileRef = 4C4F17811C77313B003FE2A3 /* LeftView.swift */; };
		4C4F17841C77313B003FE2A3 /* LeftView.xib in Resources */ = {isa = PBXBuildFile; fileRef = 4C4F17821C77313B003FE2A3 /* LeftView.xib */; };
		4C4F17871C773161003FE2A3 /* RightView.swift in Sources */ = {isa = PBXBuildFile; fileRef = 4C4F17851C773161003FE2A3 /* RightView.swift */; };
		4C4F17881C773161003FE2A3 /* RightView.xib in Resources */ = {isa = PBXBuildFile; fileRef = 4C4F17861C773161003FE2A3 /* RightView.xib */; };
		4C4F178B1C773174003FE2A3 /* CameraView.swift in Sources */ = {isa = PBXBuildFile; fileRef = 4C4F17891C773174003FE2A3 /* CameraView.swift */; };
		4C4F178C1C773174003FE2A3 /* CameraView.xib in Resources */ = {isa = PBXBuildFile; fileRef = 4C4F178A1C773174003FE2A3 /* CameraView.xib */; };
/* End PBXBuildFile section */

/* Begin PBXContainerItemProxy section */
		4C4F17651C772BEB003FE2A3 /* PBXContainerItemProxy */ = {
			isa = PBXContainerItemProxy;
			containerPortal = 4C4F17481C772BEB003FE2A3 /* Project object */;
			proxyType = 1;
			remoteGlobalIDString = 4C4F174F1C772BEB003FE2A3;
			remoteInfo = "Demo4-SnapChatCameraMenu";
		};
		4C4F17701C772BEB003FE2A3 /* PBXContainerItemProxy */ = {
			isa = PBXContainerItemProxy;
			containerPortal = 4C4F17481C772BEB003FE2A3 /* Project object */;
			proxyType = 1;
			remoteGlobalIDString = 4C4F174F1C772BEB003FE2A3;
			remoteInfo = "Demo4-SnapChatCameraMenu";
		};
/* End PBXContainerItemProxy section */

/* Begin PBXFileReference section */
		4C4F17501C772BEB003FE2A3 /* Demo4-SnapChatCameraMenu.app */ = {isa = PBXFileReference; explicitFileType = wrapper.application; includeInIndex = 0; path = "Demo4-SnapChatCameraMenu.app"; sourceTree = BUILT_PRODUCTS_DIR; };
		4C4F17531C772BEB003FE2A3 /* AppDelegate.swift */ = {isa = PBXFileReference; lastKnownFileType = sourcecode.swift; path = AppDelegate.swift; sourceTree = "<group>"; };
		4C4F17551C772BEB003FE2A3 /* ViewController.swift */ = {isa = PBXFileReference; lastKnownFileType = sourcecode.swift; path = ViewController.swift; sourceTree = "<group>"; };
		4C4F17581C772BEB003FE2A3 /* Base */ = {isa = PBXFileReference; lastKnownFileType = file.storyboard; name = Base; path = Base.lproj/Main.storyboard; sourceTree = "<group>"; };
		4C4F175A1C772BEB003FE2A3 /* Assets.xcassets */ = {isa = PBXFileReference; lastKnownFileType = folder.assetcatalog; path = Assets.xcassets; sourceTree = "<group>"; };
		4C4F175D1C772BEB003FE2A3 /* Base */ = {isa = PBXFileReference; lastKnownFileType = file.storyboard; name = Base; path = Base.lproj/LaunchScreen.storyboard; sourceTree = "<group>"; };
		4C4F175F1C772BEB003FE2A3 /* Info.plist */ = {isa = PBXFileReference; lastKnownFileType = text.plist.xml; path = Info.plist; sourceTree = "<group>"; };
		4C4F17641C772BEB003FE2A3 /* Demo4-SnapChatCameraMenuTests.xctest */ = {isa = PBXFileReference; explicitFileType = wrapper.cfbundle; includeInIndex = 0; path = "Demo4-SnapChatCameraMenuTests.xctest"; sourceTree = BUILT_PRODUCTS_DIR; };
		4C4F17681C772BEB003FE2A3 /* Demo4_SnapChatCameraMenuTests.swift */ = {isa = PBXFileReference; lastKnownFileType = sourcecode.swift; path = Demo4_SnapChatCameraMenuTests.swift; sourceTree = "<group>"; };
		4C4F176A1C772BEB003FE2A3 /* Info.plist */ = {isa = PBXFileReference; lastKnownFileType = text.plist.xml; path = Info.plist; sourceTree = "<group>"; };
		4C4F176F1C772BEB003FE2A3 /* Demo4-SnapChatCameraMenuUITests.xctest */ = {isa = PBXFileReference; explicitFileType = wrapper.cfbundle; includeInIndex = 0; path = "Demo4-SnapChatCameraMenuUITests.xctest"; sourceTree = BUILT_PRODUCTS_DIR; };
		4C4F17731C772BEB003FE2A3 /* Demo4_SnapChatCameraMenuUITests.swift */ = {isa = PBXFileReference; lastKnownFileType = sourcecode.swift; path = Demo4_SnapChatCameraMenuUITests.swift; sourceTree = "<group>"; };
		4C4F17751C772BEB003FE2A3 /* Info.plist */ = {isa = PBXFileReference; lastKnownFileType = text.plist.xml; path = Info.plist; sourceTree = "<group>"; };
		4C4F17811C77313B003FE2A3 /* LeftView.swift */ = {isa = PBXFileReference; fileEncoding = 4; lastKnownFileType = sourcecode.swift; path = LeftView.swift; sourceTree = "<group>"; };
		4C4F17821C77313B003FE2A3 /* LeftView.xib */ = {isa = PBXFileReference; fileEncoding = 4; lastKnownFileType = file.xib; path = LeftView.xib; sourceTree = "<group>"; };
		4C4F17851C773161003FE2A3 /* RightView.swift */ = {isa = PBXFileReference; fileEncoding = 4; lastKnownFileType = sourcecode.swift; path = RightView.swift; sourceTree = "<group>"; };
		4C4F17861C773161003FE2A3 /* RightView.xib */ = {isa = PBXFileReference; fileEncoding = 4; lastKnownFileType = file.xib; path = RightView.xib; sourceTree = "<group>"; };
		4C4F17891C773174003FE2A3 /* CameraView.swift */ = {isa = PBXFileReference; fileEncoding = 4; lastKnownFileType = sourcecode.swift; path = CameraView.swift; sourceTree = "<group>"; };
		4C4F178A1C773174003FE2A3 /* CameraView.xib */ = {isa = PBXFileReference; fileEncoding = 4; lastKnownFileType = file.xib; path = CameraView.xib; sourceTree = "<group>"; };
/* End PBXFileReference section */

/* Begin PBXFrameworksBuildPhase section */
		4C4F174D1C772BEB003FE2A3 /* Frameworks */ = {
			isa = PBXFrameworksBuildPhase;
			buildActionMask = 2147483647;
			files = (
			);
			runOnlyForDeploymentPostprocessing = 0;
		};
		4C4F17611C772BEB003FE2A3 /* Frameworks */ = {
			isa = PBXFrameworksBuildPhase;
			buildActionMask = 2147483647;
			files = (
			);
			runOnlyForDeploymentPostprocessing = 0;
		};
		4C4F176C1C772BEB003FE2A3 /* Frameworks */ = {
			isa = PBXFrameworksBuildPhase;
			buildActionMask = 2147483647;
			files = (
			);
			runOnlyForDeploymentPostprocessing = 0;
		};
/* End PBXFrameworksBuildPhase section */

/* Begin PBXGroup section */
		4C4F17471C772BEB003FE2A3 = {
			isa = PBXGroup;
			children = (
				4C4F17521C772BEB003FE2A3 /* Demo4-SnapChatCameraMenu */,
				4C4F17671C772BEB003FE2A3 /* Demo4-SnapChatCameraMenuTests */,
				4C4F17721C772BEB003FE2A3 /* Demo4-SnapChatCameraMenuUITests */,
				4C4F17511C772BEB003FE2A3 /* Products */,
			);
			sourceTree = "<group>";
		};
		4C4F17511C772BEB003FE2A3 /* Products */ = {
			isa = PBXGroup;
			children = (
				4C4F17501C772BEB003FE2A3 /* Demo4-SnapChatCameraMenu.app */,
				4C4F17641C772BEB003FE2A3 /* Demo4-SnapChatCameraMenuTests.xctest */,
				4C4F176F1C772BEB003FE2A3 /* Demo4-SnapChatCameraMenuUITests.xctest */,
			);
			name = Products;
			sourceTree = "<group>";
		};
		4C4F17521C772BEB003FE2A3 /* Demo4-SnapChatCameraMenu */ = {
			isa = PBXGroup;
			children = (
				4C4F17531C772BEB003FE2A3 /* AppDelegate.swift */,
				4C4F17551C772BEB003FE2A3 /* ViewController.swift */,
				4C4F17891C773174003FE2A3 /* CameraView.swift */,
				4C4F178A1C773174003FE2A3 /* CameraView.xib */,
				4C4F17851C773161003FE2A3 /* RightView.swift */,
				4C4F17861C773161003FE2A3 /* RightView.xib */,
				4C4F17811C77313B003FE2A3 /* LeftView.swift */,
				4C4F17821C77313B003FE2A3 /* LeftView.xib */,
				4C4F17571C772BEB003FE2A3 /* Main.storyboard */,
				4C4F175A1C772BEB003FE2A3 /* Assets.xcassets */,
				4C4F175C1C772BEB003FE2A3 /* LaunchScreen.storyboard */,
				4C4F175F1C772BEB003FE2A3 /* Info.plist */,
			);
			path = "Demo4-SnapChatCameraMenu";
			sourceTree = "<group>";
		};
		4C4F17671C772BEB003FE2A3 /* Demo4-SnapChatCameraMenuTests */ = {
			isa = PBXGroup;
			children = (
				4C4F17681C772BEB003FE2A3 /* Demo4_SnapChatCameraMenuTests.swift */,
				4C4F176A1C772BEB003FE2A3 /* Info.plist */,
			);
			path = "Demo4-SnapChatCameraMenuTests";
			sourceTree = "<group>";
		};
		4C4F17721C772BEB003FE2A3 /* Demo4-SnapChatCameraMenuUITests */ = {
			isa = PBXGroup;
			children = (
				4C4F17731C772BEB003FE2A3 /* Demo4_SnapChatCameraMenuUITests.swift */,
				4C4F17751C772BEB003FE2A3 /* Info.plist */,
			);
			path = "Demo4-SnapChatCameraMenuUITests";
			sourceTree = "<group>";
		};
/* End PBXGroup section */

/* Begin PBXNativeTarget section */
		4C4F174F1C772BEB003FE2A3 /* Demo4-SnapChatCameraMenu */ = {
			isa = PBXNativeTarget;
			buildConfigurationList = 4C4F17781C772BEB003FE2A3 /* Build configuration list for PBXNativeTarget "Demo4-SnapChatCameraMenu" */;
			buildPhases = (
				4C4F174C1C772BEB003FE2A3 /* Sources */,
				4C4F174D1C772BEB003FE2A3 /* Frameworks */,
				4C4F174E1C772BEB003FE2A3 /* Resources */,
			);
			buildRules = (
			);
			dependencies = (
			);
			name = "Demo4-SnapChatCameraMenu";
			productName = "Demo4-SnapChatCameraMenu";
			productReference = 4C4F17501C772BEB003FE2A3 /* Demo4-SnapChatCameraMenu.app */;
			productType = "com.apple.product-type.application";
		};
		4C4F17631C772BEB003FE2A3 /* Demo4-SnapChatCameraMenuTests */ = {
			isa = PBXNativeTarget;
			buildConfigurationList = 4C4F177B1C772BEB003FE2A3 /* Build configuration list for PBXNativeTarget "Demo4-SnapChatCameraMenuTests" */;
			buildPhases = (
				4C4F17601C772BEB003FE2A3 /* Sources */,
				4C4F17611C772BEB003FE2A3 /* Frameworks */,
				4C4F17621C772BEB003FE2A3 /* Resources */,
			);
			buildRules = (
			);
			dependencies = (
				4C4F17661C772BEB003FE2A3 /* PBXTargetDependency */,
			);
			name = "Demo4-SnapChatCameraMenuTests";
			productName = "Demo4-SnapChatCameraMenuTests";
			productReference = 4C4F17641C772BEB003FE2A3 /* Demo4-SnapChatCameraMenuTests.xctest */;
			productType = "com.apple.product-type.bundle.unit-test";
		};
		4C4F176E1C772BEB003FE2A3 /* Demo4-SnapChatCameraMenuUITests */ = {
			isa = PBXNativeTarget;
			buildConfigurationList = 4C4F177E1C772BEB003FE2A3 /* Build configuration list for PBXNativeTarget "Demo4-SnapChatCameraMenuUITests" */;
			buildPhases = (
				4C4F176B1C772BEB003FE2A3 /* Sources */,
				4C4F176C1C772BEB003FE2A3 /* Frameworks */,
				4C4F176D1C772BEB003FE2A3 /* Resources */,
			);
			buildRules = (
			);
			dependencies = (
				4C4F17711C772BEB003FE2A3 /* PBXTargetDependency */,
			);
			name = "Demo4-SnapChatCameraMenuUITests";
			productName = "Demo4-SnapChatCameraMenuUITests";
			productReference = 4C4F176F1C772BEB003FE2A3 /* Demo4-SnapChatCameraMenuUITests.xctest */;
			productType = "com.apple.product-type.bundle.ui-testing";
		};
/* End PBXNativeTarget section */

/* Begin PBXProject section */
		4C4F17481C772BEB003FE2A3 /* Project object */ = {
			isa = PBXProject;
			attributes = {
				LastSwiftUpdateCheck = 0720;
				LastUpgradeCheck = 0720;
				ORGANIZATIONNAME = "朱立焜";
				TargetAttributes = {
					4C4F174F1C772BEB003FE2A3 = {
						CreatedOnToolsVersion = 7.2.1;
					};
					4C4F17631C772BEB003FE2A3 = {
						CreatedOnToolsVersion = 7.2.1;
						TestTargetID = 4C4F174F1C772BEB003FE2A3;
					};
					4C4F176E1C772BEB003FE2A3 = {
						CreatedOnToolsVersion = 7.2.1;
						TestTargetID = 4C4F174F1C772BEB003FE2A3;
					};
				};
			};
			buildConfigurationList = 4C4F174B1C772BEB003FE2A3 /* Build configuration list for PBXProject "Demo4-SnapChatCameraMenu" */;
			compatibilityVersion = "Xcode 3.2";
			developmentRegion = English;
			hasScannedForEncodings = 0;
			knownRegions = (
				en,
				Base,
			);
			mainGroup = 4C4F17471C772BEB003FE2A3;
			productRefGroup = 4C4F17511C772BEB003FE2A3 /* Products */;
			projectDirPath = "";
			projectRoot = "";
			targets = (
				4C4F174F1C772BEB003FE2A3 /* Demo4-SnapChatCameraMenu */,
				4C4F17631C772BEB003FE2A3 /* Demo4-SnapChatCameraMenuTests */,
				4C4F176E1C772BEB003FE2A3 /* Demo4-SnapChatCameraMenuUITests */,
			);
		};
/* End PBXProject section */

/* Begin PBXResourcesBuildPhase section */
		4C4F174E1C772BEB003FE2A3 /* Resources */ = {
			isa = PBXResourcesBuildPhase;
			buildActionMask = 2147483647;
			files = (
				4C4F175E1C772BEB003FE2A3 /* LaunchScreen.storyboard in Resources */,
				4C4F17881C773161003FE2A3 /* RightView.xib in Resources */,
				4C4F175B1C772BEB003FE2A3 /* Assets.xcassets in Resources */,
				4C4F178C1C773174003FE2A3 /* CameraView.xib in Resources */,
				4C4F17591C772BEB003FE2A3 /* Main.storyboard in Resources */,
				4C4F17841C77313B003FE2A3 /* LeftView.xib in Resources */,
			);
			runOnlyForDeploymentPostprocessing = 0;
		};
		4C4F17621C772BEB003FE2A3 /* Resources */ = {
			isa = PBXResourcesBuildPhase;
			buildActionMask = 2147483647;
			files = (
			);
			runOnlyForDeploymentPostprocessing = 0;
		};
		4C4F176D1C772BEB003FE2A3 /* Resources */ = {
			isa = PBXResourcesBuildPhase;
			buildActionMask = 2147483647;
			files = (
			);
			runOnlyForDeploymentPostprocessing = 0;
		};
/* End PBXResourcesBuildPhase section */

/* Begin PBXSourcesBuildPhase section */
		4C4F174C1C772BEB003FE2A3 /* Sources */ = {
			isa = PBXSourcesBuildPhase;
			buildActionMask = 2147483647;
			files = (
				4C4F17561C772BEB003FE2A3 /* ViewController.swift in Sources */,
				4C4F17541C772BEB003FE2A3 /* AppDelegate.swift in Sources */,
				4C4F17831C77313B003FE2A3 /* LeftView.swift in Sources */,
				4C4F178B1C773174003FE2A3 /* CameraView.swift in Sources */,
				4C4F17871C773161003FE2A3 /* RightView.swift in Sources */,
			);
			runOnlyForDeploymentPostprocessing = 0;
		};
		4C4F17601C772BEB003FE2A3 /* Sources */ = {
			isa = PBXSourcesBuildPhase;
			buildActionMask = 2147483647;
			files = (
				4C4F17691C772BEB003FE2A3 /* Demo4_SnapChatCameraMenuTests.swift in Sources */,
			);
			runOnlyForDeploymentPostprocessing = 0;
		};
		4C4F176B1C772BEB003FE2A3 /* Sources */ = {
			isa = PBXSourcesBuildPhase;
			buildActionMask = 2147483647;
			files = (
				4C4F17741C772BEB003FE2A3 /* Demo4_SnapChatCameraMenuUITests.swift in Sources */,
			);
			runOnlyForDeploymentPostprocessing = 0;
		};
/* End PBXSourcesBuildPhase section */

/* Begin PBXTargetDependency section */
		4C4F17661C772BEB003FE2A3 /* PBXTargetDependency */ = {
			isa = PBXTargetDependency;
			target = 4C4F174F1C772BEB003FE2A3 /* Demo4-SnapChatCameraMenu */;
			targetProxy = 4C4F17651C772BEB003FE2A3 /* PBXContainerItemProxy */;
		};
		4C4F17711C772BEB003FE2A3 /* PBXTargetDependency */ = {
			isa = PBXTargetDependency;
			target = 4C4F174F1C772BEB003FE2A3 /* Demo4-SnapChatCameraMenu */;
			targetProxy = 4C4F17701C772BEB003FE2A3 /* PBXContainerItemProxy */;
		};
/* End PBXTargetDependency section */

/* Begin PBXVariantGroup section */
		4C4F17571C772BEB003FE2A3 /* Main.storyboard */ = {
			isa = PBXVariantGroup;
			children = (
				4C4F17581C772BEB003FE2A3 /* Base */,
			);
			name = Main.storyboard;
			sourceTree = "<group>";
		};
		4C4F175C1C772BEB003FE2A3 /* LaunchScreen.storyboard */ = {
			isa = PBXVariantGroup;
			children = (
				4C4F175D1C772BEB003FE2A3 /* Base */,
			);
			name = LaunchScreen.storyboard;
			sourceTree = "<group>";
		};
/* End PBXVariantGroup section */

/* Begin XCBuildConfiguration section */
		4C4F17761C772BEB003FE2A3 /* Debug */ = {
			isa = XCBuildConfiguration;
			buildSettings = {
				ALWAYS_SEARCH_USER_PATHS = NO;
				CLANG_CXX_LANGUAGE_STANDARD = "gnu++0x";
				CLANG_CXX_LIBRARY = "libc++";
				CLANG_ENABLE_MODULES = YES;
				CLANG_ENABLE_OBJC_ARC = YES;
				CLANG_WARN_BOOL_CONVERSION = YES;
				CLANG_WARN_CONSTANT_CONVERSION = YES;
				CLANG_WARN_DIRECT_OBJC_ISA_USAGE = YES_ERROR;
				CLANG_WARN_EMPTY_BODY = YES;
				CLANG_WARN_ENUM_CONVERSION = YES;
				CLANG_WARN_INT_CONVERSION = YES;
				CLANG_WARN_OBJC_ROOT_CLASS = YES_ERROR;
				CLANG_WARN_UNREACHABLE_CODE = YES;
				CLANG_WARN__DUPLICATE_METHOD_MATCH = YES;
				"CODE_SIGN_IDENTITY[sdk=iphoneos*]" = "iPhone Developer";
				COPY_PHASE_STRIP = NO;
				DEBUG_INFORMATION_FORMAT = dwarf;
				ENABLE_STRICT_OBJC_MSGSEND = YES;
				ENABLE_TESTABILITY = YES;
				GCC_C_LANGUAGE_STANDARD = gnu99;
				GCC_DYNAMIC_NO_PIC = NO;
				GCC_NO_COMMON_BLOCKS = YES;
				GCC_OPTIMIZATION_LEVEL = 0;
				GCC_PREPROCESSOR_DEFINITIONS = (
					"DEBUG=1",
					"$(inherited)",
				);
				GCC_WARN_64_TO_32_BIT_CONVERSION = YES;
				GCC_WARN_ABOUT_RETURN_TYPE = YES_ERROR;
				GCC_WARN_UNDECLARED_SELECTOR = YES;
				GCC_WARN_UNINITIALIZED_AUTOS = YES_AGGRESSIVE;
				GCC_WARN_UNUSED_FUNCTION = YES;
				GCC_WARN_UNUSED_VARIABLE = YES;
				IPHONEOS_DEPLOYMENT_TARGET = 9.2;
				MTL_ENABLE_DEBUG_INFO = YES;
				ONLY_ACTIVE_ARCH = YES;
				SDKROOT = iphoneos;
				SWIFT_OPTIMIZATION_LEVEL = "-Onone";
			};
			name = Debug;
		};
		4C4F17771C772BEB003FE2A3 /* Release */ = {
			isa = XCBuildConfiguration;
			buildSettings = {
				ALWAYS_SEARCH_USER_PATHS = NO;
				CLANG_CXX_LANGUAGE_STANDARD = "gnu++0x";
				CLANG_CXX_LIBRARY = "libc++";
				CLANG_ENABLE_MODULES = YES;
				CLANG_ENABLE_OBJC_ARC = YES;
				CLANG_WARN_BOOL_CONVERSION = YES;
				CLANG_WARN_CONSTANT_CONVERSION = YES;
				CLANG_WARN_DIRECT_OBJC_ISA_USAGE = YES_ERROR;
				CLANG_WARN_EMPTY_BODY = YES;
				CLANG_WARN_ENUM_CONVERSION = YES;
				CLANG_WARN_INT_CONVERSION = YES;
				CLANG_WARN_OBJC_ROOT_CLASS = YES_ERROR;
				CLANG_WARN_UNREACHABLE_CODE = YES;
				CLANG_WARN__DUPLICATE_METHOD_MATCH = YES;
				"CODE_SIGN_IDENTITY[sdk=iphoneos*]" = "iPhone Developer";
				COPY_PHASE_STRIP = NO;
				DEBUG_INFORMATION_FORMAT = "dwarf-with-dsym";
				ENABLE_NS_ASSERTIONS = NO;
				ENABLE_STRICT_OBJC_MSGSEND = YES;
				GCC_C_LANGUAGE_STANDARD = gnu99;
				GCC_NO_COMMON_BLOCKS = YES;
				GCC_WARN_64_TO_32_BIT_CONVERSION = YES;
				GCC_WARN_ABOUT_RETURN_TYPE = YES_ERROR;
				GCC_WARN_UNDECLARED_SELECTOR = YES;
				GCC_WARN_UNINITIALIZED_AUTOS = YES_AGGRESSIVE;
				GCC_WARN_UNUSED_FUNCTION = YES;
				GCC_WARN_UNUSED_VARIABLE = YES;
				IPHONEOS_DEPLOYMENT_TARGET = 9.2;
				MTL_ENABLE_DEBUG_INFO = NO;
				SDKROOT = iphoneos;
				VALIDATE_PRODUCT = YES;
			};
			name = Release;
		};
		4C4F17791C772BEB003FE2A3 /* Debug */ = {
			isa = XCBuildConfiguration;
			buildSettings = {
				ASSETCATALOG_COMPILER_APPICON_NAME = AppIcon;
				INFOPLIST_FILE = "Demo4-SnapChatCameraMenu/Info.plist";
				IPHONEOS_DEPLOYMENT_TARGET = 9.0;
				LD_RUNPATH_SEARCH_PATHS = "$(inherited) @executable_path/Frameworks";
				PRODUCT_BUNDLE_IDENTIFIER = "com.zcill.Demo4-SnapChatCameraMenu";
				PRODUCT_NAME = "$(TARGET_NAME)";
			};
			name = Debug;
		};
		4C4F177A1C772BEB003FE2A3 /* Release */ = {
			isa = XCBuildConfiguration;
			buildSettings = {
				ASSETCATALOG_COMPILER_APPICON_NAME = AppIcon;
				INFOPLIST_FILE = "Demo4-SnapChatCameraMenu/Info.plist";
				IPHONEOS_DEPLOYMENT_TARGET = 9.0;
				LD_RUNPATH_SEARCH_PATHS = "$(inherited) @executable_path/Frameworks";
				PRODUCT_BUNDLE_IDENTIFIER = "com.zcill.Demo4-SnapChatCameraMenu";
				PRODUCT_NAME = "$(TARGET_NAME)";
			};
			name = Release;
		};
		4C4F177C1C772BEB003FE2A3 /* Debug */ = {
			isa = XCBuildConfiguration;
			buildSettings = {
				BUNDLE_LOADER = "$(TEST_HOST)";
				INFOPLIST_FILE = "Demo4-SnapChatCameraMenuTests/Info.plist";
				LD_RUNPATH_SEARCH_PATHS = "$(inherited) @executable_path/Frameworks @loader_path/Frameworks";
				PRODUCT_BUNDLE_IDENTIFIER = "com.zcill.Demo4-SnapChatCameraMenuTests";
				PRODUCT_NAME = "$(TARGET_NAME)";
				TEST_HOST = "$(BUILT_PRODUCTS_DIR)/Demo4-SnapChatCameraMenu.app/Demo4-SnapChatCameraMenu";
			};
			name = Debug;
		};
		4C4F177D1C772BEB003FE2A3 /* Release */ = {
			isa = XCBuildConfiguration;
			buildSettings = {
				BUNDLE_LOADER = "$(TEST_HOST)";
				INFOPLIST_FILE = "Demo4-SnapChatCameraMenuTests/Info.plist";
				LD_RUNPATH_SEARCH_PATHS = "$(inherited) @executable_path/Frameworks @loader_path/Frameworks";
				PRODUCT_BUNDLE_IDENTIFIER = "com.zcill.Demo4-SnapChatCameraMenuTests";
				PRODUCT_NAME = "$(TARGET_NAME)";
				TEST_HOST = "$(BUILT_PRODUCTS_DIR)/Demo4-SnapChatCameraMenu.app/Demo4-SnapChatCameraMenu";
			};
			name = Release;
		};
		4C4F177F1C772BEB003FE2A3 /* Debug */ = {
			isa = XCBuildConfiguration;
			buildSettings = {
				INFOPLIST_FILE = "Demo4-SnapChatCameraMenuUITests/Info.plist";
				LD_RUNPATH_SEARCH_PATHS = "$(inherited) @executable_path/Frameworks @loader_path/Frameworks";
				PRODUCT_BUNDLE_IDENTIFIER = "com.zcill.Demo4-SnapChatCameraMenuUITests";
				PRODUCT_NAME = "$(TARGET_NAME)";
				TEST_TARGET_NAME = "Demo4-SnapChatCameraMenu";
				USES_XCTRUNNER = YES;
			};
			name = Debug;
		};
		4C4F17801C772BEB003FE2A3 /* Release */ = {
			isa = XCBuildConfiguration;
			buildSettings = {
				INFOPLIST_FILE = "Demo4-SnapChatCameraMenuUITests/Info.plist";
				LD_RUNPATH_SEARCH_PATHS = "$(inherited) @executable_path/Frameworks @loader_path/Frameworks";
				PRODUCT_BUNDLE_IDENTIFIER = "com.zcill.Demo4-SnapChatCameraMenuUITests";
				PRODUCT_NAME = "$(TARGET_NAME)";
				TEST_TARGET_NAME = "Demo4-SnapChatCameraMenu";
				USES_XCTRUNNER = YES;
			};
			name = Release;
		};
/* End XCBuildConfiguration section */

/* Begin XCConfigurationList section */
		4C4F174B1C772BEB003FE2A3 /* Build configuration list for PBXProject "Demo4-SnapChatCameraMenu" */ = {
			isa = XCConfigurationList;
			buildConfigurations = (
				4C4F17761C772BEB003FE2A3 /* Debug */,
				4C4F17771C772BEB003FE2A3 /* Release */,
			);
			defaultConfigurationIsVisible = 0;
			defaultConfigurationName = Release;
		};
		4C4F17781C772BEB003FE2A3 /* Build configuration list for PBXNativeTarget "Demo4-SnapChatCameraMenu" */ = {
			isa = XCConfigurationList;
			buildConfigurations = (
				4C4F17791C772BEB003FE2A3 /* Debug */,
				4C4F177A1C772BEB003FE2A3 /* Release */,
			);
			defaultConfigurationIsVisible = 0;
		};
		4C4F177B1C772BEB003FE2A3 /* Build configuration list for PBXNativeTarget "Demo4-SnapChatCameraMenuTests" */ = {
			isa = XCConfigurationList;
			buildConfigurations = (
				4C4F177C1C772BEB003FE2A3 /* Debug */,
				4C4F177D1C772BEB003FE2A3 /* Release */,
			);
			defaultConfigurationIsVisible = 0;
		};
		4C4F177E1C772BEB003FE2A3 /* Build configuration list for PBXNativeTarget "Demo4-SnapChatCameraMenuUITests" */ = {
			isa = XCConfigurationList;
			buildConfigurations = (
				4C4F177F1C772BEB003FE2A3 /* Debug */,
				4C4F17801C772BEB003FE2A3 /* Release */,
			);
			defaultConfigurationIsVisible = 0;
		};
/* End XCConfigurationList section */
	};
	rootObject = 4C4F17481C772BEB003FE2A3 /* Project object */;
}
